{
  "version": 4,
  "terraform_version": "1.7.3",
  "serial": 902,
  "lineage": "283b7a2f-e459-fb21-1ec9-e7909a1effff",
  "outputs": {
    "revent_nginx_lb_hostname": {
      "value": "revent-nginx-lb-1046904583.eu-west-1.elb.amazonaws.com",
      "type": "string"
    },
    "security_group": {
      "value": "sg-0b1eeaa689e7c66d6",
      "type": "string"
    },
    "subnets": {
      "value": [
        "subnet-07ee619ec5db59f22",
        "subnet-00876ec08964480c2"
      ],
      "type": [
        "tuple",
        [
          "string",
          "string"
        ]
      ]
    }
  },
  "resources": [
    {
      "mode": "data",
      "type": "aws_iam_policy_document",
      "name": "bucket",
      "provider": "provider[\"registry.terraform.io/hashicorp/aws\"]",
      "instances": [
        {
          "schema_version": 0,
          "attributes": {
            "id": "3057783617",
            "json": "{\n  \"Version\": \"2012-10-17\",\n  \"Id\": \"bucket\",\n  \"Statement\": [\n    {\n      \"Sid\": \"S3IconsBucketPublicAccess\",\n      \"Effect\": \"Allow\",\n      \"Action\": \"s3:GetObject\",\n      \"Resource\": \"arn:aws:s3:::revent-storage/*\",\n      \"Principal\": \"*\"\n    }\n  ]\n}",
            "override_policy_documents": null,
            "policy_id": "bucket",
            "source_policy_documents": null,
            "statement": [
              {
                "actions": [
                  "s3:GetObject"
                ],
                "condition": [],
                "effect": "Allow",
                "not_actions": [],
                "not_principals": [],
                "not_resources": [],
                "principals": [
                  {
                    "identifiers": [
                      "*"
                    ],
                    "type": "*"
                  }
                ],
                "resources": [
                  "arn:aws:s3:::revent-storage/*"
                ],
                "sid": "S3IconsBucketPublicAccess"
              }
            ],
            "version": "2012-10-17"
          },
          "sensitive_attributes": []
        }
      ]
    },
    {
      "mode": "data",
      "type": "template_file",
      "name": "revent_api",
      "provider": "provider[\"registry.terraform.io/hashicorp/template\"]",
      "instances": [
        {
          "schema_version": 0,
          "attributes": {
            "filename": null,
            "id": "e0c3f74764ffe2c4ee560fb3e09b6c2adea7d2d06a553cb8100fb87f54b7433f",
            "rendered": "[\n  {\n    \"name\": \"revent-api\",\n    \"image\": \"550948748737.dkr.ecr.eu-west-1.amazonaws.com/revent-api:latest\",\n    \"essential\": true,\n    \"cpu\": 10,\n    \"memory\": 512,\n    \"portMappings\": [\n      {\n        \"name\": \"revent-api-service\",\n        \"containerPort\": 8000,\n        \"hostPort\": 8000,\n        \"protocol\": \"tcp\",\n        \"appProtocol\": \"http\"\n      }\n    ],\n    \"command\": [\n      \"uvicorn\",\n      \"config.asgi:application\",\n      \"--host\",\n      \"0.0.0.0\",\n      \"--port\",\n      \"8000\",\n      \"--timeout-keep-alive\",\n      \"300\",\n      \"--timeout-graceful-shutdown\",\n      \"300\"\n    ],\n    \"environment\": [\n      {\n        \"name\": \"POSTGRES_DATABASE\",\n        \"value\": \"postgres\"\n      },\n      {\n        \"name\": \"POSTGRES_SCHEMA\",\n        \"value\": \"public\"\n      },\n      {\n        \"name\": \"POSTGRES_USERNAME\",\n        \"value\": \"postgres\"\n      },\n      {\n        \"name\": \"POSTGRES_PASSWORD\",\n        \"value\": \"dummydummy\"\n      },\n      {\n        \"name\": \"POSTGRES_HOST\",\n        \"value\": \"development.cp8y0m8wgqbo.eu-west-1.rds.amazonaws.com\"\n      },\n      {\n        \"name\": \"POSTGRES_PORT\",\n        \"value\": \"5432\"\n      },\n      {\n        \"name\": \"ALLOWED_HOSTS\",\n        \"value\": \"revent-nginx-lb-1046904583.eu-west-1.elb.amazonaws.com\"\n      },\n      {\n        \"name\": \"ALLOWED_REDIRECT_URIS\",\n        \"value\": \"http://revent-nginx-lb-1046904583.eu-west-1.elb.amazonaws.com\"\n      },\n      {\n        \"name\": \"DEBUG\",\n        \"value\": \"True\"\n      },\n      {\n        \"name\": \"DJANGO_SECRET_KEY\",\n        \"value\": \"dummy\"\n      }\n    ],\n    \"mountPoints\": [\n      {\n        \"containerPath\": \"/efs/staticfiles/\",\n        \"sourceVolume\": \"efs-volume\",\n        \"readOnly\": false\n      }\n    ],\n    \"logConfiguration\": {\n      \"logDriver\": \"awslogs\",\n      \"options\": {\n        \"awslogs-group\": \"/ecs/revent-api\",\n        \"awslogs-region\": \"eu-west-1\",\n        \"awslogs-stream-prefix\": \"revent-api-log-stream\"\n      }\n    }\n  },\n  {\n    \"name\": \"revent-app\",\n    \"image\": \"550948748737.dkr.ecr.eu-west-1.amazonaws.com/revent-app:latest\",\n    \"essential\": true,\n    \"cpu\": 10,\n    \"memory\": 512,\n    \"portMappings\": [\n      {\n        \"name\": \"revent-app-service\",\n        \"containerPort\": 3000,\n        \"hostPort\": 3000,\n        \"protocol\": \"tcp\",\n        \"appProtocol\": \"http\"\n      }\n    ],\n    \"command\": [\"node\", \"server.js\"],\n    \"environment\": [\n      { \"name\": \"NEXT_PUBLIC_BACKEND_URL\", \"value\": \"localhost:8000\" }\n    ],\n    \"logConfiguration\": {\n      \"logDriver\": \"awslogs\",\n      \"options\": {\n        \"awslogs-group\": \"/ecs/revent-app\",\n        \"awslogs-region\": \"eu-west-1\",\n        \"awslogs-stream-prefix\": \"revent-app-log-stream\"\n      }\n    }\n  }\n]\n",
            "template": "[\n  {\n    \"name\": \"revent-api\",\n    \"image\": \"${docker_url_api}\",\n    \"essential\": true,\n    \"cpu\": 10,\n    \"memory\": 512,\n    \"portMappings\": [\n      {\n        \"name\": \"revent-api-service\",\n        \"containerPort\": 8000,\n        \"hostPort\": 8000,\n        \"protocol\": \"tcp\",\n        \"appProtocol\": \"http\"\n      }\n    ],\n    \"command\": [\n      \"uvicorn\",\n      \"config.asgi:application\",\n      \"--host\",\n      \"0.0.0.0\",\n      \"--port\",\n      \"8000\",\n      \"--timeout-keep-alive\",\n      \"300\",\n      \"--timeout-graceful-shutdown\",\n      \"300\"\n    ],\n    \"environment\": [\n      {\n        \"name\": \"POSTGRES_DATABASE\",\n        \"value\": \"${rds_db_name}\"\n      },\n      {\n        \"name\": \"POSTGRES_SCHEMA\",\n        \"value\": \"${rds_db_schema}\"\n      },\n      {\n        \"name\": \"POSTGRES_USERNAME\",\n        \"value\": \"${rds_username}\"\n      },\n      {\n        \"name\": \"POSTGRES_PASSWORD\",\n        \"value\": \"${rds_password}\"\n      },\n      {\n        \"name\": \"POSTGRES_HOST\",\n        \"value\": \"${rds_hostname}\"\n      },\n      {\n        \"name\": \"POSTGRES_PORT\",\n        \"value\": \"${rds_port}\"\n      },\n      {\n        \"name\": \"ALLOWED_HOSTS\",\n        \"value\": \"${allowed_hosts}\"\n      },\n      {\n        \"name\": \"ALLOWED_REDIRECT_URIS\",\n        \"value\": \"${allowed_redirect_uris}\"\n      },\n      {\n        \"name\": \"DEBUG\",\n        \"value\": \"${debug}\"\n      },\n      {\n        \"name\": \"DJANGO_SECRET_KEY\",\n        \"value\": \"${django_secret_key}\"\n      }\n    ],\n    \"mountPoints\": [\n      {\n        \"containerPath\": \"/efs/staticfiles/\",\n        \"sourceVolume\": \"efs-volume\",\n        \"readOnly\": false\n      }\n    ],\n    \"logConfiguration\": {\n      \"logDriver\": \"awslogs\",\n      \"options\": {\n        \"awslogs-group\": \"/ecs/revent-api\",\n        \"awslogs-region\": \"${region}\",\n        \"awslogs-stream-prefix\": \"revent-api-log-stream\"\n      }\n    }\n  },\n  {\n    \"name\": \"revent-app\",\n    \"image\": \"${docker_url_app}\",\n    \"essential\": true,\n    \"cpu\": 10,\n    \"memory\": 512,\n    \"portMappings\": [\n      {\n        \"name\": \"revent-app-service\",\n        \"containerPort\": 3000,\n        \"hostPort\": 3000,\n        \"protocol\": \"tcp\",\n        \"appProtocol\": \"http\"\n      }\n    ],\n    \"command\": [\"node\", \"server.js\"],\n    \"environment\": [\n      { \"name\": \"NEXT_PUBLIC_BACKEND_URL\", \"value\": \"${api_host}:${api_port}\" }\n    ],\n    \"logConfiguration\": {\n      \"logDriver\": \"awslogs\",\n      \"options\": {\n        \"awslogs-group\": \"/ecs/revent-app\",\n        \"awslogs-region\": \"${region}\",\n        \"awslogs-stream-prefix\": \"revent-app-log-stream\"\n      }\n    }\n  }\n]\n",
            "vars": {
              "allowed_hosts": "revent-nginx-lb-1046904583.eu-west-1.elb.amazonaws.com",
              "allowed_redirect_uris": "http://revent-nginx-lb-1046904583.eu-west-1.elb.amazonaws.com",
              "api_host": "localhost",
              "api_port": "8000",
              "debug": "True",
              "django_secret_key": "dummy",
              "docker_url_api": "550948748737.dkr.ecr.eu-west-1.amazonaws.com/revent-api:latest",
              "docker_url_app": "550948748737.dkr.ecr.eu-west-1.amazonaws.com/revent-app:latest",
              "rds_db_name": "postgres",
              "rds_db_schema": "public",
              "rds_hostname": "development.cp8y0m8wgqbo.eu-west-1.rds.amazonaws.com",
              "rds_password": "dummydummy",
              "rds_port": "5432",
              "rds_username": "postgres",
              "region": "eu-west-1"
            }
          },
          "sensitive_attributes": []
        }
      ]
    },
    {
      "mode": "data",
      "type": "template_file",
      "name": "revent_api_collectstatic",
      "provider": "provider[\"registry.terraform.io/hashicorp/template\"]",
      "instances": [
        {
          "schema_version": 0,
          "attributes": {
            "filename": null,
            "id": "71dbe4bad0fbfb474c05f20b5152df04a967f64b08b4a448590659d679c587c8",
            "rendered": "[\n  {\n    \"name\": \"revent-api-collect-static\",\n    \"image\": \"550948748737.dkr.ecr.eu-west-1.amazonaws.com/revent-api:latest\",\n    \"command\": [\n      \"python\",\n      \"manage.py\",\n      \"collectstatic\",\n      \"--no-input\",\n      \"-v\",\n      \"3\"\n    ],\n    \"linuxParameters\": {\n      \"user\": \"1000:1000\"\n    },\n    \"portMappings\": [\n      {\n        \"containerPort\": 8000\n      }\n    ],\n    \"mountPoints\": [\n      {\n        \"containerPath\": \"/efs/staticfiles/\",\n        \"sourceVolume\": \"efs-volume\",\n        \"readOnly\": false\n      }\n    ],\n    \"logConfiguration\": {\n      \"logDriver\": \"awslogs\",\n      \"options\": {\n        \"awslogs-group\": \"/ecs/revent-api\",\n        \"awslogs-region\": \"eu-west-1\",\n        \"awslogs-stream-prefix\": \"ecs\"\n      }\n    }\n  }\n]\n",
            "template": "[\n  {\n    \"name\": \"revent-api-collect-static\",\n    \"image\": \"${docker_url_api}\",\n    \"command\": [\n      \"python\",\n      \"manage.py\",\n      \"collectstatic\",\n      \"--no-input\",\n      \"-v\",\n      \"3\"\n    ],\n    \"linuxParameters\": {\n      \"user\": \"1000:1000\"\n    },\n    \"portMappings\": [\n      {\n        \"containerPort\": 8000\n      }\n    ],\n    \"mountPoints\": [\n      {\n        \"containerPath\": \"/efs/staticfiles/\",\n        \"sourceVolume\": \"efs-volume\",\n        \"readOnly\": false\n      }\n    ],\n    \"logConfiguration\": {\n      \"logDriver\": \"awslogs\",\n      \"options\": {\n        \"awslogs-group\": \"/ecs/revent-api\",\n        \"awslogs-region\": \"${region}\",\n        \"awslogs-stream-prefix\": \"ecs\"\n      }\n    }\n  }\n]\n",
            "vars": {
              "docker_url_api": "550948748737.dkr.ecr.eu-west-1.amazonaws.com/revent-api:latest",
              "region": "eu-west-1"
            }
          },
          "sensitive_attributes": []
        }
      ]
    },
    {
      "mode": "data",
      "type": "template_file",
      "name": "revent_api_create_superuser",
      "provider": "provider[\"registry.terraform.io/hashicorp/template\"]",
      "instances": [
        {
          "schema_version": 0,
          "attributes": {
            "filename": null,
            "id": "c489240a3ecf386aaccd01f84e995d06f4bae329069766926f134b92b90c163d",
            "rendered": "[\n  {\n    \"name\": \"revent-api-create-superuser\",\n    \"image\": \"550948748737.dkr.ecr.eu-west-1.amazonaws.com/revent-api:latest\",\n    \"portMappings\": [\n      {\n        \"containerPort\": 8000\n      }\n    ],\n    \"command\": [\"python\", \"manage.py\", \"createsuperuser\", \"--noinput\"],\n    \"environment\": [\n      {\n        \"name\": \"DJANGO_SUPERUSER_FIRST_NAME\",\n        \"value\": \"revent\"\n      },\n      {\n        \"name\": \"DJANGO_SUPERUSER_LAST_NAME\",\n        \"value\": \"admin\"\n      },\n      {\n        \"name\": \"DJANGO_SUPERUSER_EMAIL\",\n        \"value\": \"admin@email.com\"\n      },\n      {\n        \"name\": \"DJANGO_SUPERUSER_PASSWORD\",\n        \"value\": \"password\"\n      },\n      {\n        \"name\": \"POSTGRES_DATABASE\",\n        \"value\": \"postgres\"\n      },\n      {\n        \"name\": \"POSTGRES_SCHEMA\",\n        \"value\": \"public\"\n      },\n      {\n        \"name\": \"POSTGRES_USERNAME\",\n        \"value\": \"postgres\"\n      },\n      {\n        \"name\": \"POSTGRES_PASSWORD\",\n        \"value\": \"dummydummy\"\n      },\n      {\n        \"name\": \"POSTGRES_HOST\",\n        \"value\": \"development.cp8y0m8wgqbo.eu-west-1.rds.amazonaws.com\"\n      },\n      {\n        \"name\": \"POSTGRES_PORT\",\n        \"value\": \"5432\"\n      }\n    ],\n    \"logConfiguration\": {\n      \"logDriver\": \"awslogs\",\n      \"options\": {\n        \"awslogs-group\": \"/ecs/revent-api\",\n        \"awslogs-region\": \"eu-west-1\",\n        \"awslogs-stream-prefix\": \"ecs\"\n      }\n    }\n  }\n]\n",
            "template": "[\n  {\n    \"name\": \"revent-api-create-superuser\",\n    \"image\": \"${docker_url_api}\",\n    \"portMappings\": [\n      {\n        \"containerPort\": 8000\n      }\n    ],\n    \"command\": [\"python\", \"manage.py\", \"createsuperuser\", \"--noinput\"],\n    \"environment\": [\n      {\n        \"name\": \"DJANGO_SUPERUSER_FIRST_NAME\",\n        \"value\": \"${django_superuser_first_name}\"\n      },\n      {\n        \"name\": \"DJANGO_SUPERUSER_LAST_NAME\",\n        \"value\": \"${django_superuser_last_name}\"\n      },\n      {\n        \"name\": \"DJANGO_SUPERUSER_EMAIL\",\n        \"value\": \"${django_superuser_email}\"\n      },\n      {\n        \"name\": \"DJANGO_SUPERUSER_PASSWORD\",\n        \"value\": \"${django_superuser_password}\"\n      },\n      {\n        \"name\": \"POSTGRES_DATABASE\",\n        \"value\": \"${rds_db_name}\"\n      },\n      {\n        \"name\": \"POSTGRES_SCHEMA\",\n        \"value\": \"${rds_db_schema}\"\n      },\n      {\n        \"name\": \"POSTGRES_USERNAME\",\n        \"value\": \"${rds_username}\"\n      },\n      {\n        \"name\": \"POSTGRES_PASSWORD\",\n        \"value\": \"${rds_password}\"\n      },\n      {\n        \"name\": \"POSTGRES_HOST\",\n        \"value\": \"${rds_hostname}\"\n      },\n      {\n        \"name\": \"POSTGRES_PORT\",\n        \"value\": \"${rds_port}\"\n      }\n    ],\n    \"logConfiguration\": {\n      \"logDriver\": \"awslogs\",\n      \"options\": {\n        \"awslogs-group\": \"/ecs/revent-api\",\n        \"awslogs-region\": \"${region}\",\n        \"awslogs-stream-prefix\": \"ecs\"\n      }\n    }\n  }\n]\n",
            "vars": {
              "django_superuser_email": "admin@email.com",
              "django_superuser_first_name": "revent",
              "django_superuser_last_name": "admin",
              "django_superuser_password": "password",
              "docker_url_api": "550948748737.dkr.ecr.eu-west-1.amazonaws.com/revent-api:latest",
              "rds_db_name": "postgres",
              "rds_db_schema": "public",
              "rds_hostname": "development.cp8y0m8wgqbo.eu-west-1.rds.amazonaws.com",
              "rds_password": "dummydummy",
              "rds_port": "5432",
              "rds_username": "postgres",
              "region": "eu-west-1"
            }
          },
          "sensitive_attributes": []
        }
      ]
    },
    {
      "mode": "data",
      "type": "template_file",
      "name": "revent_api_migrate",
      "provider": "provider[\"registry.terraform.io/hashicorp/template\"]",
      "instances": [
        {
          "schema_version": 0,
          "attributes": {
            "filename": null,
            "id": "e07ea61067ae7104065dd18d94e89547992626562d8f314d40eb95ffbeaa8e8c",
            "rendered": "[\n  {\n    \"name\": \"revent-api-migrate\",\n    \"image\": \"550948748737.dkr.ecr.eu-west-1.amazonaws.com/revent-api:latest\",\n    \"portMappings\": [\n      {\n        \"containerPort\": 8000\n      }\n    ],\n    \"command\": [\"python\", \"manage.py\", \"migrate\"],\n    \"environment\": [\n      {\n        \"name\": \"POSTGRES_DATABASE\",\n        \"value\": \"postgres\"\n      },\n      {\n        \"name\": \"POSTGRES_SCHEMA\",\n        \"value\": \"public\"\n      },\n      {\n        \"name\": \"POSTGRES_USERNAME\",\n        \"value\": \"postgres\"\n      },\n      {\n        \"name\": \"POSTGRES_PASSWORD\",\n        \"value\": \"dummydummy\"\n      },\n      {\n        \"name\": \"POSTGRES_HOST\",\n        \"value\": \"development.cp8y0m8wgqbo.eu-west-1.rds.amazonaws.com\"\n      },\n      {\n        \"name\": \"POSTGRES_PORT\",\n        \"value\": \"5432\"\n      }\n    ],\n    \"logConfiguration\": {\n      \"logDriver\": \"awslogs\",\n      \"options\": {\n        \"awslogs-group\": \"/ecs/revent-api\",\n        \"awslogs-region\": \"eu-west-1\",\n        \"awslogs-stream-prefix\": \"ecs\"\n      }\n    }\n  }\n]\n",
            "template": "[\n  {\n    \"name\": \"revent-api-migrate\",\n    \"image\": \"${docker_url_api}\",\n    \"portMappings\": [\n      {\n        \"containerPort\": 8000\n      }\n    ],\n    \"command\": [\"python\", \"manage.py\", \"migrate\"],\n    \"environment\": [\n      {\n        \"name\": \"POSTGRES_DATABASE\",\n        \"value\": \"${rds_db_name}\"\n      },\n      {\n        \"name\": \"POSTGRES_SCHEMA\",\n        \"value\": \"${rds_db_schema}\"\n      },\n      {\n        \"name\": \"POSTGRES_USERNAME\",\n        \"value\": \"${rds_username}\"\n      },\n      {\n        \"name\": \"POSTGRES_PASSWORD\",\n        \"value\": \"${rds_password}\"\n      },\n      {\n        \"name\": \"POSTGRES_HOST\",\n        \"value\": \"${rds_hostname}\"\n      },\n      {\n        \"name\": \"POSTGRES_PORT\",\n        \"value\": \"${rds_port}\"\n      }\n    ],\n    \"logConfiguration\": {\n      \"logDriver\": \"awslogs\",\n      \"options\": {\n        \"awslogs-group\": \"/ecs/revent-api\",\n        \"awslogs-region\": \"${region}\",\n        \"awslogs-stream-prefix\": \"ecs\"\n      }\n    }\n  }\n]\n",
            "vars": {
              "docker_url_api": "550948748737.dkr.ecr.eu-west-1.amazonaws.com/revent-api:latest",
              "rds_db_name": "postgres",
              "rds_db_schema": "public",
              "rds_hostname": "development.cp8y0m8wgqbo.eu-west-1.rds.amazonaws.com",
              "rds_password": "dummydummy",
              "rds_port": "5432",
              "rds_username": "postgres",
              "region": "eu-west-1"
            }
          },
          "sensitive_attributes": []
        }
      ]
    },
    {
      "mode": "data",
      "type": "template_file",
      "name": "revent_nginx",
      "provider": "provider[\"registry.terraform.io/hashicorp/template\"]",
      "instances": [
        {
          "schema_version": 0,
          "attributes": {
            "filename": null,
            "id": "9f50fd2fd9483900cb038bd6c2d2a9846c0d2b9222e58f9bd0e7076cf86324b6",
            "rendered": "[\n  {\n    \"name\": \"revent-nginx\",\n    \"image\": \"550948748737.dkr.ecr.eu-west-1.amazonaws.com/revent-nginx:latest\",\n    \"essential\": true,\n    \"cpu\": 10,\n    \"memory\": 128,\n    \"portMappings\": [\n      {\n        \"containerPort\": 80,\n        \"protocol\": \"tcp\"\n      }\n    ],\n    \"environment\": [\n      {\n        \"name\": \"API_HOST\",\n        \"value\": \"revent-api-service-discovery.revent.local\"\n      },\n      {\n        \"name\": \"API_PORT\",\n        \"value\": \"8000\"\n      },\n      {\n        \"name\": \"APP_HOST\",\n        \"value\": \"revent-api-service-discovery.revent.local\"\n      },\n      {\n        \"name\": \"APP_PORT\",\n        \"value\": \"3000\"\n      }\n    ],\n    \"mountPoints\": [\n      {\n        \"containerPath\": \"/efs/staticfiles/\",\n        \"sourceVolume\": \"efs-volume\",\n        \"readOnly\": false\n      }\n    ],\n    \"logConfiguration\": {\n      \"logDriver\": \"awslogs\",\n      \"options\": {\n        \"awslogs-group\": \"/ecs/revent-nginx\",\n        \"awslogs-region\": \"eu-west-1\",\n        \"awslogs-stream-prefix\": \"revent-nginx-log-stream\"\n      }\n    }\n  }\n]\n",
            "template": "[\n  {\n    \"name\": \"revent-nginx\",\n    \"image\": \"${docker_url_nginx}\",\n    \"essential\": true,\n    \"cpu\": 10,\n    \"memory\": 128,\n    \"portMappings\": [\n      {\n        \"containerPort\": 80,\n        \"protocol\": \"tcp\"\n      }\n    ],\n    \"environment\": [\n      {\n        \"name\": \"API_HOST\",\n        \"value\": \"${api_host}\"\n      },\n      {\n        \"name\": \"API_PORT\",\n        \"value\": \"${api_port}\"\n      },\n      {\n        \"name\": \"APP_HOST\",\n        \"value\": \"${app_host}\"\n      },\n      {\n        \"name\": \"APP_PORT\",\n        \"value\": \"${app_port}\"\n      }\n    ],\n    \"mountPoints\": [\n      {\n        \"containerPath\": \"/efs/staticfiles/\",\n        \"sourceVolume\": \"efs-volume\",\n        \"readOnly\": false\n      }\n    ],\n    \"logConfiguration\": {\n      \"logDriver\": \"awslogs\",\n      \"options\": {\n        \"awslogs-group\": \"/ecs/revent-nginx\",\n        \"awslogs-region\": \"${region}\",\n        \"awslogs-stream-prefix\": \"revent-nginx-log-stream\"\n      }\n    }\n  }\n]\n",
            "vars": {
              "api_host": "revent-api-service-discovery.revent.local",
              "api_port": "8000",
              "app_host": "revent-api-service-discovery.revent.local",
              "app_port": "3000",
              "docker_url_nginx": "550948748737.dkr.ecr.eu-west-1.amazonaws.com/revent-nginx:latest",
              "region": "eu-west-1"
            }
          },
          "sensitive_attributes": []
        }
      ]
    },
    {
      "mode": "managed",
      "type": "aws_alb_listener",
      "name": "revent_api_alb_listener",
      "provider": "provider[\"registry.terraform.io/hashicorp/aws\"]",
      "instances": [
        {
          "schema_version": 0,
          "attributes": {
            "alpn_policy": null,
            "arn": "arn:aws:elasticloadbalancing:eu-west-1:550948748737:listener/app/revent-api-lb/72721c7351b0b06f/e1d7735483a232f9",
            "certificate_arn": null,
            "default_action": [
              {
                "authenticate_cognito": [],
                "authenticate_oidc": [],
                "fixed_response": [],
                "forward": [],
                "order": 1,
                "redirect": [],
                "target_group_arn": "arn:aws:elasticloadbalancing:eu-west-1:550948748737:targetgroup/revent-api-tg/ee90ff1f8482ffa6",
                "type": "forward"
              }
            ],
            "id": "arn:aws:elasticloadbalancing:eu-west-1:550948748737:listener/app/revent-api-lb/72721c7351b0b06f/e1d7735483a232f9",
            "load_balancer_arn": "arn:aws:elasticloadbalancing:eu-west-1:550948748737:loadbalancer/app/revent-api-lb/72721c7351b0b06f",
            "mutual_authentication": [],
            "port": 80,
            "protocol": "HTTP",
            "ssl_policy": "",
            "tags": {},
            "tags_all": {},
            "timeouts": null
          },
          "sensitive_attributes": [],
          "private": "eyJlMmJmYjczMC1lY2FhLTExZTYtOGY4OC0zNDM2M2JjN2M0YzAiOnsiY3JlYXRlIjozMDAwMDAwMDAwMDAsInVwZGF0ZSI6MzAwMDAwMDAwMDAwfX0=",
          "dependencies": [
            "aws_alb_target_group.revent_api_tg",
            "aws_lb.revent_api_lb",
            "aws_security_group.revent_load_balancer_sg",
            "aws_subnet.revent_private_subnet_1",
            "aws_subnet.revent_private_subnet_2",
            "aws_vpc.revent_development_vpc"
          ]
        }
      ]
    },
    {
      "mode": "managed",
      "type": "aws_alb_listener",
      "name": "revent_nginx_alb_listener",
      "provider": "provider[\"registry.terraform.io/hashicorp/aws\"]",
      "instances": [
        {
          "schema_version": 0,
          "attributes": {
            "alpn_policy": null,
            "arn": "arn:aws:elasticloadbalancing:eu-west-1:550948748737:listener/app/revent-nginx-lb/5495d790c76744ac/6fd570077df409f7",
            "certificate_arn": null,
            "default_action": [
              {
                "authenticate_cognito": [],
                "authenticate_oidc": [],
                "fixed_response": [],
                "forward": [],
                "order": 1,
                "redirect": [],
                "target_group_arn": "arn:aws:elasticloadbalancing:eu-west-1:550948748737:targetgroup/revent-nginx-tg/ef62cfcd1f6650f9",
                "type": "forward"
              }
            ],
            "id": "arn:aws:elasticloadbalancing:eu-west-1:550948748737:listener/app/revent-nginx-lb/5495d790c76744ac/6fd570077df409f7",
            "load_balancer_arn": "arn:aws:elasticloadbalancing:eu-west-1:550948748737:loadbalancer/app/revent-nginx-lb/5495d790c76744ac",
            "mutual_authentication": [],
            "port": 80,
            "protocol": "HTTP",
            "ssl_policy": "",
            "tags": {},
            "tags_all": {},
            "timeouts": null
          },
          "sensitive_attributes": [],
          "private": "eyJlMmJmYjczMC1lY2FhLTExZTYtOGY4OC0zNDM2M2JjN2M0YzAiOnsiY3JlYXRlIjozMDAwMDAwMDAwMDAsInVwZGF0ZSI6MzAwMDAwMDAwMDAwfX0=",
          "dependencies": [
            "aws_alb_target_group.revent_nginx_tg",
            "aws_lb.revent_nginx_lb",
            "aws_security_group.revent_load_balancer_sg",
            "aws_subnet.revent_public_subnet_1",
            "aws_subnet.revent_public_subnet_2",
            "aws_vpc.revent_development_vpc"
          ]
        }
      ]
    },
    {
      "mode": "managed",
      "type": "aws_alb_target_group",
      "name": "revent_api_tg",
      "provider": "provider[\"registry.terraform.io/hashicorp/aws\"]",
      "instances": [
        {
          "schema_version": 0,
          "attributes": {
            "arn": "arn:aws:elasticloadbalancing:eu-west-1:550948748737:targetgroup/revent-api-tg/ee90ff1f8482ffa6",
            "arn_suffix": "targetgroup/revent-api-tg/ee90ff1f8482ffa6",
            "connection_termination": null,
            "deregistration_delay": "300",
            "health_check": [
              {
                "enabled": true,
                "healthy_threshold": 3,
                "interval": 60,
                "matcher": "200",
                "path": "/ping/",
                "port": "traffic-port",
                "protocol": "HTTP",
                "timeout": 5,
                "unhealthy_threshold": 3
              }
            ],
            "id": "arn:aws:elasticloadbalancing:eu-west-1:550948748737:targetgroup/revent-api-tg/ee90ff1f8482ffa6",
            "ip_address_type": "ipv4",
            "lambda_multi_value_headers_enabled": false,
            "load_balancer_arns": [
              "arn:aws:elasticloadbalancing:eu-west-1:550948748737:loadbalancer/app/revent-api-lb/72721c7351b0b06f"
            ],
            "load_balancing_algorithm_type": "round_robin",
            "load_balancing_anomaly_mitigation": "off",
            "load_balancing_cross_zone_enabled": "use_load_balancer_configuration",
            "name": "revent-api-tg",
            "name_prefix": "",
            "port": 80,
            "preserve_client_ip": null,
            "protocol": "HTTP",
            "protocol_version": "HTTP1",
            "proxy_protocol_v2": false,
            "slow_start": 0,
            "stickiness": [
              {
                "cookie_duration": 86400,
                "cookie_name": "",
                "enabled": false,
                "type": "lb_cookie"
              }
            ],
            "tags": {},
            "tags_all": {},
            "target_failover": [
              {
                "on_deregistration": null,
                "on_unhealthy": null
              }
            ],
            "target_health_state": [
              {
                "enable_unhealthy_connection_termination": null
              }
            ],
            "target_type": "ip",
            "vpc_id": "vpc-0ce4f13b1c8dee003"
          },
          "sensitive_attributes": [],
          "private": "bnVsbA==",
          "dependencies": [
            "aws_vpc.revent_development_vpc"
          ]
        }
      ]
    },
    {
      "mode": "managed",
      "type": "aws_alb_target_group",
      "name": "revent_nginx_tg",
      "provider": "provider[\"registry.terraform.io/hashicorp/aws\"]",
      "instances": [
        {
          "schema_version": 0,
          "attributes": {
            "arn": "arn:aws:elasticloadbalancing:eu-west-1:550948748737:targetgroup/revent-nginx-tg/ef62cfcd1f6650f9",
            "arn_suffix": "targetgroup/revent-nginx-tg/ef62cfcd1f6650f9",
            "connection_termination": null,
            "deregistration_delay": "300",
            "health_check": [
              {
                "enabled": true,
                "healthy_threshold": 3,
                "interval": 60,
                "matcher": "200",
                "path": "/ping/",
                "port": "traffic-port",
                "protocol": "HTTP",
                "timeout": 5,
                "unhealthy_threshold": 3
              }
            ],
            "id": "arn:aws:elasticloadbalancing:eu-west-1:550948748737:targetgroup/revent-nginx-tg/ef62cfcd1f6650f9",
            "ip_address_type": "ipv4",
            "lambda_multi_value_headers_enabled": false,
            "load_balancer_arns": [
              "arn:aws:elasticloadbalancing:eu-west-1:550948748737:loadbalancer/app/revent-nginx-lb/5495d790c76744ac"
            ],
            "load_balancing_algorithm_type": "round_robin",
            "load_balancing_anomaly_mitigation": "off",
            "load_balancing_cross_zone_enabled": "use_load_balancer_configuration",
            "name": "revent-nginx-tg",
            "name_prefix": "",
            "port": 80,
            "preserve_client_ip": null,
            "protocol": "HTTP",
            "protocol_version": "HTTP1",
            "proxy_protocol_v2": false,
            "slow_start": 0,
            "stickiness": [
              {
                "cookie_duration": 86400,
                "cookie_name": "",
                "enabled": false,
                "type": "lb_cookie"
              }
            ],
            "tags": {},
            "tags_all": {},
            "target_failover": [
              {
                "on_deregistration": null,
                "on_unhealthy": null
              }
            ],
            "target_health_state": [
              {
                "enable_unhealthy_connection_termination": null
              }
            ],
            "target_type": "ip",
            "vpc_id": "vpc-0ce4f13b1c8dee003"
          },
          "sensitive_attributes": [],
          "private": "bnVsbA==",
          "dependencies": [
            "aws_vpc.revent_development_vpc"
          ]
        }
      ]
    },
    {
      "mode": "managed",
      "type": "aws_appautoscaling_policy",
      "name": "revent_api_policy",
      "provider": "provider[\"registry.terraform.io/hashicorp/aws\"]",
      "instances": [
        {
          "schema_version": 0,
          "attributes": {
            "alarm_arns": [
              "arn:aws:cloudwatch:eu-west-1:550948748737:alarm:TargetTracking-service/development-cluster/revent-api-service-AlarmHigh-e55c24e0-2308-4701-9abe-5aed7f6a115e",
              "arn:aws:cloudwatch:eu-west-1:550948748737:alarm:TargetTracking-service/development-cluster/revent-api-service-AlarmLow-dc82e186-cc9c-4c08-90ce-82493a75315b"
            ],
            "arn": "arn:aws:autoscaling:eu-west-1:550948748737:scalingPolicy:7b330aaa-008f-4145-b74e-095d7d8a1f11:resource/ecs/service/development-cluster/revent-api-service:policyName/revent-api-scaling-policy",
            "id": "revent-api-scaling-policy",
            "name": "revent-api-scaling-policy",
            "policy_type": "TargetTrackingScaling",
            "resource_id": "service/development-cluster/revent-api-service",
            "scalable_dimension": "ecs:service:DesiredCount",
            "service_namespace": "ecs",
            "step_scaling_policy_configuration": [],
            "target_tracking_scaling_policy_configuration": [
              {
                "customized_metric_specification": [],
                "disable_scale_in": false,
                "predefined_metric_specification": [
                  {
                    "predefined_metric_type": "ECSServiceAverageCPUUtilization",
                    "resource_label": ""
                  }
                ],
                "scale_in_cooldown": 300,
                "scale_out_cooldown": 300,
                "target_value": 75
              }
            ]
          },
          "sensitive_attributes": [],
          "private": "bnVsbA==",
          "dependencies": [
            "aws_alb_listener.revent_nginx_alb_listener",
            "aws_alb_target_group.revent_api_tg",
            "aws_alb_target_group.revent_nginx_tg",
            "aws_appautoscaling_target.revent_api_target",
            "aws_db_instance.revent_development",
            "aws_db_subnet_group.revent_development",
            "aws_ecs_cluster.revent_development",
            "aws_ecs_service.revent_api",
            "aws_ecs_task_definition.revent_api",
            "aws_efs_access_point.revent_app_access_point",
            "aws_efs_file_system.revent_efs",
            "aws_iam_role.revent_ecs_task_execution_role",
            "aws_lb.revent_nginx_lb",
            "aws_security_group.revent_load_balancer_sg",
            "aws_security_group.revent_rds_sg",
            "aws_security_group.revent_tasks_sg",
            "aws_service_discovery_private_dns_namespace.revent_ns",
            "aws_service_discovery_service.revent_api_sd",
            "aws_subnet.revent_private_subnet_1",
            "aws_subnet.revent_private_subnet_2",
            "aws_subnet.revent_public_subnet_1",
            "aws_subnet.revent_public_subnet_2",
            "aws_vpc.revent_development_vpc",
            "data.template_file.revent_api"
          ]
        }
      ]
    },
    {
      "mode": "managed",
      "type": "aws_appautoscaling_policy",
      "name": "revent_nginx_policy",
      "provider": "provider[\"registry.terraform.io/hashicorp/aws\"]",
      "instances": [
        {
          "schema_version": 0,
          "attributes": {
            "alarm_arns": [
              "arn:aws:cloudwatch:eu-west-1:550948748737:alarm:TargetTracking-service/development-cluster/revent-nginx-service-AlarmHigh-b89cc297-e1d7-4eba-8649-2ca52581e29c",
              "arn:aws:cloudwatch:eu-west-1:550948748737:alarm:TargetTracking-service/development-cluster/revent-nginx-service-AlarmLow-0d37e60e-3e6f-4c4f-aba8-20a1e1be7532"
            ],
            "arn": "arn:aws:autoscaling:eu-west-1:550948748737:scalingPolicy:f9a7e839-63ff-467c-8bde-981c88b48619:resource/ecs/service/development-cluster/revent-nginx-service:policyName/revent-nginx-scaling-policy",
            "id": "revent-nginx-scaling-policy",
            "name": "revent-nginx-scaling-policy",
            "policy_type": "TargetTrackingScaling",
            "resource_id": "service/development-cluster/revent-nginx-service",
            "scalable_dimension": "ecs:service:DesiredCount",
            "service_namespace": "ecs",
            "step_scaling_policy_configuration": [],
            "target_tracking_scaling_policy_configuration": [
              {
                "customized_metric_specification": [],
                "disable_scale_in": false,
                "predefined_metric_specification": [
                  {
                    "predefined_metric_type": "ECSServiceAverageCPUUtilization",
                    "resource_label": ""
                  }
                ],
                "scale_in_cooldown": 300,
                "scale_out_cooldown": 300,
                "target_value": 75
              }
            ]
          },
          "sensitive_attributes": [],
          "private": "bnVsbA==",
          "dependencies": [
            "aws_alb_listener.revent_nginx_alb_listener",
            "aws_alb_target_group.revent_api_tg",
            "aws_alb_target_group.revent_nginx_tg",
            "aws_appautoscaling_target.revent_nginx_target",
            "aws_db_instance.revent_development",
            "aws_db_subnet_group.revent_development",
            "aws_ecs_cluster.revent_development",
            "aws_ecs_service.revent_api",
            "aws_ecs_service.revent_nginx",
            "aws_ecs_task_definition.revent_api",
            "aws_ecs_task_definition.revent_nginx",
            "aws_efs_access_point.revent_app_access_point",
            "aws_efs_file_system.revent_efs",
            "aws_iam_role.revent_ecs_task_execution_role",
            "aws_lb.revent_nginx_lb",
            "aws_security_group.revent_load_balancer_sg",
            "aws_security_group.revent_rds_sg",
            "aws_security_group.revent_tasks_sg",
            "aws_service_discovery_private_dns_namespace.revent_ns",
            "aws_service_discovery_service.revent_api_sd",
            "aws_subnet.revent_private_subnet_1",
            "aws_subnet.revent_private_subnet_2",
            "aws_subnet.revent_public_subnet_1",
            "aws_subnet.revent_public_subnet_2",
            "aws_vpc.revent_development_vpc",
            "data.template_file.revent_api",
            "data.template_file.revent_nginx"
          ]
        }
      ]
    },
    {
      "mode": "managed",
      "type": "aws_appautoscaling_target",
      "name": "revent_api_target",
      "provider": "provider[\"registry.terraform.io/hashicorp/aws\"]",
      "instances": [
        {
          "schema_version": 0,
          "attributes": {
            "arn": "arn:aws:application-autoscaling:eu-west-1:550948748737:scalable-target/0ec57b330aaa008f4145b74e095d7d8a1f11",
            "id": "service/development-cluster/revent-api-service",
            "max_capacity": 1,
            "min_capacity": 0,
            "resource_id": "service/development-cluster/revent-api-service",
            "role_arn": "arn:aws:iam::550948748737:role/aws-service-role/ecs.application-autoscaling.amazonaws.com/AWSServiceRoleForApplicationAutoScaling_ECSService",
            "scalable_dimension": "ecs:service:DesiredCount",
            "service_namespace": "ecs",
            "tags": {},
            "tags_all": {}
          },
          "sensitive_attributes": [],
          "private": "bnVsbA==",
          "dependencies": [
            "aws_alb_listener.revent_nginx_alb_listener",
            "aws_alb_target_group.revent_api_tg",
            "aws_alb_target_group.revent_nginx_tg",
            "aws_db_instance.revent_development",
            "aws_db_subnet_group.revent_development",
            "aws_ecs_cluster.revent_development",
            "aws_ecs_service.revent_api",
            "aws_ecs_task_definition.revent_api",
            "aws_efs_access_point.revent_app_access_point",
            "aws_efs_file_system.revent_efs",
            "aws_iam_role.revent_ecs_task_execution_role",
            "aws_lb.revent_nginx_lb",
            "aws_security_group.revent_load_balancer_sg",
            "aws_security_group.revent_rds_sg",
            "aws_security_group.revent_tasks_sg",
            "aws_service_discovery_private_dns_namespace.revent_ns",
            "aws_service_discovery_service.revent_api_sd",
            "aws_subnet.revent_private_subnet_1",
            "aws_subnet.revent_private_subnet_2",
            "aws_subnet.revent_public_subnet_1",
            "aws_subnet.revent_public_subnet_2",
            "aws_vpc.revent_development_vpc",
            "data.template_file.revent_api"
          ]
        }
      ]
    },
    {
      "mode": "managed",
      "type": "aws_appautoscaling_target",
      "name": "revent_nginx_target",
      "provider": "provider[\"registry.terraform.io/hashicorp/aws\"]",
      "instances": [
        {
          "schema_version": 0,
          "attributes": {
            "arn": "arn:aws:application-autoscaling:eu-west-1:550948748737:scalable-target/0ec5f9a7e83963ff467c8bde981c88b48619",
            "id": "service/development-cluster/revent-nginx-service",
            "max_capacity": 1,
            "min_capacity": 0,
            "resource_id": "service/development-cluster/revent-nginx-service",
            "role_arn": "arn:aws:iam::550948748737:role/aws-service-role/ecs.application-autoscaling.amazonaws.com/AWSServiceRoleForApplicationAutoScaling_ECSService",
            "scalable_dimension": "ecs:service:DesiredCount",
            "service_namespace": "ecs",
            "tags": {},
            "tags_all": {}
          },
          "sensitive_attributes": [],
          "private": "bnVsbA==",
          "dependencies": [
            "aws_alb_listener.revent_nginx_alb_listener",
            "aws_alb_target_group.revent_api_tg",
            "aws_alb_target_group.revent_nginx_tg",
            "aws_db_instance.revent_development",
            "aws_db_subnet_group.revent_development",
            "aws_ecs_cluster.revent_development",
            "aws_ecs_service.revent_api",
            "aws_ecs_service.revent_nginx",
            "aws_ecs_task_definition.revent_api",
            "aws_ecs_task_definition.revent_nginx",
            "aws_efs_access_point.revent_app_access_point",
            "aws_efs_file_system.revent_efs",
            "aws_iam_role.revent_ecs_task_execution_role",
            "aws_lb.revent_nginx_lb",
            "aws_security_group.revent_load_balancer_sg",
            "aws_security_group.revent_rds_sg",
            "aws_security_group.revent_tasks_sg",
            "aws_service_discovery_private_dns_namespace.revent_ns",
            "aws_service_discovery_service.revent_api_sd",
            "aws_subnet.revent_private_subnet_1",
            "aws_subnet.revent_private_subnet_2",
            "aws_subnet.revent_public_subnet_1",
            "aws_subnet.revent_public_subnet_2",
            "aws_vpc.revent_development_vpc",
            "data.template_file.revent_api",
            "data.template_file.revent_nginx"
          ]
        }
      ]
    },
    {
      "mode": "managed",
      "type": "aws_cloudwatch_log_group",
      "name": "revent_api_log_group",
      "provider": "provider[\"registry.terraform.io/hashicorp/aws\"]",
      "instances": [
        {
          "schema_version": 0,
          "attributes": {
            "arn": "arn:aws:logs:eu-west-1:550948748737:log-group:/ecs/revent-api",
            "id": "/ecs/revent-api",
            "kms_key_id": "",
            "log_group_class": "STANDARD",
            "name": "/ecs/revent-api",
            "name_prefix": "",
            "retention_in_days": 7,
            "skip_destroy": false,
            "tags": {},
            "tags_all": {}
          },
          "sensitive_attributes": [],
          "private": "bnVsbA=="
        }
      ]
    },
    {
      "mode": "managed",
      "type": "aws_cloudwatch_log_group",
      "name": "revent_app_log_group",
      "provider": "provider[\"registry.terraform.io/hashicorp/aws\"]",
      "instances": [
        {
          "schema_version": 0,
          "attributes": {
            "arn": "arn:aws:logs:eu-west-1:550948748737:log-group:/ecs/revent-app",
            "id": "/ecs/revent-app",
            "kms_key_id": "",
            "log_group_class": "STANDARD",
            "name": "/ecs/revent-app",
            "name_prefix": "",
            "retention_in_days": 7,
            "skip_destroy": false,
            "tags": {},
            "tags_all": {}
          },
          "sensitive_attributes": [],
          "private": "bnVsbA=="
        }
      ]
    },
    {
      "mode": "managed",
      "type": "aws_cloudwatch_log_group",
      "name": "revent_nginx_log_group",
      "provider": "provider[\"registry.terraform.io/hashicorp/aws\"]",
      "instances": [
        {
          "schema_version": 0,
          "attributes": {
            "arn": "arn:aws:logs:eu-west-1:550948748737:log-group:/ecs/revent-nginx",
            "id": "/ecs/revent-nginx",
            "kms_key_id": "",
            "log_group_class": "STANDARD",
            "name": "/ecs/revent-nginx",
            "name_prefix": "",
            "retention_in_days": 7,
            "skip_destroy": false,
            "tags": {},
            "tags_all": {}
          },
          "sensitive_attributes": [],
          "private": "bnVsbA=="
        }
      ]
    },
    {
      "mode": "managed",
      "type": "aws_cloudwatch_log_stream",
      "name": "revent_nginx_log_stream",
      "provider": "provider[\"registry.terraform.io/hashicorp/aws\"]",
      "instances": [
        {
          "schema_version": 0,
          "attributes": {
            "arn": "arn:aws:logs:eu-west-1:550948748737:log-group:/ecs/revent-nginx:log-stream:revent-nginx-log-stream",
            "id": "revent-nginx-log-stream",
            "log_group_name": "/ecs/revent-nginx",
            "name": "revent-nginx-log-stream"
          },
          "sensitive_attributes": [],
          "private": "bnVsbA==",
          "dependencies": [
            "aws_cloudwatch_log_group.revent_nginx_log_group"
          ]
        }
      ]
    },
    {
      "mode": "managed",
      "type": "aws_db_instance",
      "name": "revent_development",
      "provider": "provider[\"registry.terraform.io/hashicorp/aws\"]",
      "instances": [
        {
          "schema_version": 2,
          "attributes": {
            "address": "development.cp8y0m8wgqbo.eu-west-1.rds.amazonaws.com",
            "allocated_storage": 20,
            "allow_major_version_upgrade": null,
            "apply_immediately": false,
            "arn": "arn:aws:rds:eu-west-1:550948748737:db:development",
            "auto_minor_version_upgrade": true,
            "availability_zone": "eu-west-1b",
            "backup_retention_period": 7,
            "backup_target": "region",
            "backup_window": "22:06-22:36",
            "blue_green_update": [],
            "ca_cert_identifier": "rds-ca-rsa2048-g1",
            "character_set_name": "",
            "copy_tags_to_snapshot": false,
            "custom_iam_instance_profile": "",
            "customer_owned_ip_enabled": false,
            "db_name": "postgres",
            "db_subnet_group_name": "main",
            "delete_automated_backups": true,
            "deletion_protection": false,
            "domain": "",
            "domain_auth_secret_arn": "",
            "domain_dns_ips": [],
            "domain_fqdn": "",
            "domain_iam_role_name": "",
            "domain_ou": "",
            "enabled_cloudwatch_logs_exports": [],
            "endpoint": "development.cp8y0m8wgqbo.eu-west-1.rds.amazonaws.com:5432",
            "engine": "postgres",
            "engine_version": "15.4",
            "engine_version_actual": "15.4",
            "final_snapshot_identifier": null,
            "hosted_zone_id": "Z29XKXDKYMONMX",
            "iam_database_authentication_enabled": false,
            "id": "db-QC6UKKNJ547UNDZQ4S7L3GSVWA",
            "identifier": "development",
            "identifier_prefix": "",
            "instance_class": "db.t3.micro",
            "iops": 0,
            "kms_key_id": "",
            "latest_restorable_time": "2024-03-01T18:39:30Z",
            "license_model": "postgresql-license",
            "listener_endpoint": [],
            "maintenance_window": "sun:00:28-sun:00:58",
            "manage_master_user_password": null,
            "master_user_secret": [],
            "master_user_secret_kms_key_id": null,
            "max_allocated_storage": 0,
            "monitoring_interval": 0,
            "monitoring_role_arn": "",
            "multi_az": false,
            "nchar_character_set_name": "",
            "network_type": "IPV4",
            "option_group_name": "default:postgres-15",
            "parameter_group_name": "default.postgres15",
            "password": "dummydummy",
            "performance_insights_enabled": false,
            "performance_insights_kms_key_id": "",
            "performance_insights_retention_period": 0,
            "port": 5432,
            "publicly_accessible": false,
            "replica_mode": "",
            "replicas": [],
            "replicate_source_db": "",
            "resource_id": "db-QC6UKKNJ547UNDZQ4S7L3GSVWA",
            "restore_to_point_in_time": [],
            "s3_import": [],
            "skip_final_snapshot": true,
            "snapshot_identifier": null,
            "status": "available",
            "storage_encrypted": false,
            "storage_throughput": 0,
            "storage_type": "gp2",
            "tags": {},
            "tags_all": {},
            "timeouts": null,
            "timezone": "",
            "username": "postgres",
            "vpc_security_group_ids": [
              "sg-0f472a9cc2aa1f831"
            ]
          },
          "sensitive_attributes": [],
          "private": "eyJlMmJmYjczMC1lY2FhLTExZTYtOGY4OC0zNDM2M2JjN2M0YzAiOnsiY3JlYXRlIjoyNDAwMDAwMDAwMDAwLCJkZWxldGUiOjM2MDAwMDAwMDAwMDAsInVwZGF0ZSI6NDgwMDAwMDAwMDAwMH0sInNjaGVtYV92ZXJzaW9uIjoiMiJ9",
          "dependencies": [
            "aws_db_subnet_group.revent_development",
            "aws_security_group.revent_load_balancer_sg",
            "aws_security_group.revent_rds_sg",
            "aws_security_group.revent_tasks_sg",
            "aws_subnet.revent_private_subnet_1",
            "aws_subnet.revent_private_subnet_2",
            "aws_vpc.revent_development_vpc"
          ]
        }
      ]
    },
    {
      "mode": "managed",
      "type": "aws_db_subnet_group",
      "name": "revent_development",
      "provider": "provider[\"registry.terraform.io/hashicorp/aws\"]",
      "instances": [
        {
          "schema_version": 0,
          "attributes": {
            "arn": "arn:aws:rds:eu-west-1:550948748737:subgrp:main",
            "description": "Managed by Terraform",
            "id": "main",
            "name": "main",
            "name_prefix": "",
            "subnet_ids": [
              "subnet-016b1a5dbf0ead8ea",
              "subnet-029c434972ee965da"
            ],
            "supported_network_types": [
              "IPV4"
            ],
            "tags": {},
            "tags_all": {},
            "vpc_id": "vpc-0ce4f13b1c8dee003"
          },
          "sensitive_attributes": [],
          "private": "bnVsbA==",
          "dependencies": [
            "aws_subnet.revent_private_subnet_1",
            "aws_subnet.revent_private_subnet_2",
            "aws_vpc.revent_development_vpc"
          ]
        }
      ]
    },
    {
      "mode": "managed",
      "type": "aws_ecs_cluster",
      "name": "revent_development",
      "provider": "provider[\"registry.terraform.io/hashicorp/aws\"]",
      "instances": [
        {
          "schema_version": 0,
          "attributes": {
            "arn": "arn:aws:ecs:eu-west-1:550948748737:cluster/development-cluster",
            "configuration": [],
            "id": "arn:aws:ecs:eu-west-1:550948748737:cluster/development-cluster",
            "name": "development-cluster",
            "service_connect_defaults": [],
            "setting": [
              {
                "name": "containerInsights",
                "value": "disabled"
              }
            ],
            "tags": {},
            "tags_all": {}
          },
          "sensitive_attributes": [],
          "private": "bnVsbA=="
        }
      ]
    },
    {
      "mode": "managed",
      "type": "aws_ecs_service",
      "name": "revent_api",
      "provider": "provider[\"registry.terraform.io/hashicorp/aws\"]",
      "instances": [
        {
          "schema_version": 0,
          "attributes": {
            "alarms": [],
            "capacity_provider_strategy": [],
            "cluster": "arn:aws:ecs:eu-west-1:550948748737:cluster/development-cluster",
            "deployment_circuit_breaker": [
              {
                "enable": false,
                "rollback": false
              }
            ],
            "deployment_controller": [
              {
                "type": "ECS"
              }
            ],
            "deployment_maximum_percent": 200,
            "deployment_minimum_healthy_percent": 100,
            "desired_count": 1,
            "enable_ecs_managed_tags": false,
            "enable_execute_command": false,
            "force_new_deployment": null,
            "health_check_grace_period_seconds": 0,
            "iam_role": "/aws-service-role/ecs.amazonaws.com/AWSServiceRoleForECS",
            "id": "arn:aws:ecs:eu-west-1:550948748737:service/development-cluster/revent-api-service",
            "launch_type": "FARGATE",
            "load_balancer": [
              {
                "container_name": "revent-api",
                "container_port": 8000,
                "elb_name": "",
                "target_group_arn": "arn:aws:elasticloadbalancing:eu-west-1:550948748737:targetgroup/revent-api-tg/ee90ff1f8482ffa6"
              }
            ],
            "name": "revent-api-service",
            "network_configuration": [
              {
                "assign_public_ip": true,
                "security_groups": [
                  "sg-0b1eeaa689e7c66d6"
                ],
                "subnets": [
                  "subnet-00876ec08964480c2",
                  "subnet-07ee619ec5db59f22"
                ]
              }
            ],
            "ordered_placement_strategy": [],
            "placement_constraints": [],
            "platform_version": "LATEST",
            "propagate_tags": "NONE",
            "scheduling_strategy": "REPLICA",
            "service_connect_configuration": [],
            "service_registries": [
              {
                "container_name": "",
                "container_port": 0,
                "port": 0,
                "registry_arn": "arn:aws:servicediscovery:eu-west-1:550948748737:service/srv-fzcfwj7rkcuqe5sr"
              }
            ],
            "tags": {},
            "tags_all": {},
            "task_definition": "arn:aws:ecs:eu-west-1:550948748737:task-definition/revent-api:64",
            "timeouts": null,
            "triggers": {},
            "wait_for_steady_state": false
          },
          "sensitive_attributes": [],
          "private": "eyJlMmJmYjczMC1lY2FhLTExZTYtOGY4OC0zNDM2M2JjN2M0YzAiOnsiY3JlYXRlIjoxMjAwMDAwMDAwMDAwLCJkZWxldGUiOjEyMDAwMDAwMDAwMDAsInVwZGF0ZSI6MTIwMDAwMDAwMDAwMH19",
          "dependencies": [
            "aws_alb_listener.revent_nginx_alb_listener",
            "aws_alb_target_group.revent_api_tg",
            "aws_alb_target_group.revent_nginx_tg",
            "aws_db_instance.revent_development",
            "aws_db_subnet_group.revent_development",
            "aws_ecs_cluster.revent_development",
            "aws_ecs_task_definition.revent_api",
            "aws_efs_access_point.revent_app_access_point",
            "aws_efs_file_system.revent_efs",
            "aws_iam_role.revent_ecs_task_execution_role",
            "aws_lb.revent_nginx_lb",
            "aws_security_group.revent_load_balancer_sg",
            "aws_security_group.revent_rds_sg",
            "aws_security_group.revent_tasks_sg",
            "aws_service_discovery_private_dns_namespace.revent_ns",
            "aws_service_discovery_service.revent_api_sd",
            "aws_subnet.revent_private_subnet_1",
            "aws_subnet.revent_private_subnet_2",
            "aws_subnet.revent_public_subnet_1",
            "aws_subnet.revent_public_subnet_2",
            "aws_vpc.revent_development_vpc",
            "data.template_file.revent_api"
          ]
        }
      ]
    },
    {
      "mode": "managed",
      "type": "aws_ecs_service",
      "name": "revent_nginx",
      "provider": "provider[\"registry.terraform.io/hashicorp/aws\"]",
      "instances": [
        {
          "schema_version": 0,
          "attributes": {
            "alarms": [],
            "capacity_provider_strategy": [],
            "cluster": "arn:aws:ecs:eu-west-1:550948748737:cluster/development-cluster",
            "deployment_circuit_breaker": [
              {
                "enable": false,
                "rollback": false
              }
            ],
            "deployment_controller": [
              {
                "type": "ECS"
              }
            ],
            "deployment_maximum_percent": 200,
            "deployment_minimum_healthy_percent": 100,
            "desired_count": 1,
            "enable_ecs_managed_tags": false,
            "enable_execute_command": false,
            "force_new_deployment": null,
            "health_check_grace_period_seconds": 30,
            "iam_role": "/aws-service-role/ecs.amazonaws.com/AWSServiceRoleForECS",
            "id": "arn:aws:ecs:eu-west-1:550948748737:service/development-cluster/revent-nginx-service",
            "launch_type": "FARGATE",
            "load_balancer": [
              {
                "container_name": "revent-nginx",
                "container_port": 80,
                "elb_name": "",
                "target_group_arn": "arn:aws:elasticloadbalancing:eu-west-1:550948748737:targetgroup/revent-nginx-tg/ef62cfcd1f6650f9"
              }
            ],
            "name": "revent-nginx-service",
            "network_configuration": [
              {
                "assign_public_ip": true,
                "security_groups": [
                  "sg-0b1eeaa689e7c66d6"
                ],
                "subnets": [
                  "subnet-00876ec08964480c2",
                  "subnet-07ee619ec5db59f22"
                ]
              }
            ],
            "ordered_placement_strategy": [],
            "placement_constraints": [],
            "platform_version": "LATEST",
            "propagate_tags": "NONE",
            "scheduling_strategy": "REPLICA",
            "service_connect_configuration": [],
            "service_registries": [],
            "tags": {},
            "tags_all": {},
            "task_definition": "arn:aws:ecs:eu-west-1:550948748737:task-definition/revent-nginx:116",
            "timeouts": null,
            "triggers": {},
            "wait_for_steady_state": false
          },
          "sensitive_attributes": [],
          "private": "eyJlMmJmYjczMC1lY2FhLTExZTYtOGY4OC0zNDM2M2JjN2M0YzAiOnsiY3JlYXRlIjoxMjAwMDAwMDAwMDAwLCJkZWxldGUiOjEyMDAwMDAwMDAwMDAsInVwZGF0ZSI6MTIwMDAwMDAwMDAwMH19",
          "dependencies": [
            "aws_alb_listener.revent_nginx_alb_listener",
            "aws_alb_target_group.revent_api_tg",
            "aws_alb_target_group.revent_nginx_tg",
            "aws_db_instance.revent_development",
            "aws_db_subnet_group.revent_development",
            "aws_ecs_cluster.revent_development",
            "aws_ecs_service.revent_api",
            "aws_ecs_task_definition.revent_api",
            "aws_ecs_task_definition.revent_nginx",
            "aws_efs_access_point.revent_app_access_point",
            "aws_efs_file_system.revent_efs",
            "aws_iam_role.revent_ecs_task_execution_role",
            "aws_lb.revent_nginx_lb",
            "aws_security_group.revent_load_balancer_sg",
            "aws_security_group.revent_rds_sg",
            "aws_security_group.revent_tasks_sg",
            "aws_service_discovery_private_dns_namespace.revent_ns",
            "aws_service_discovery_service.revent_api_sd",
            "aws_subnet.revent_private_subnet_1",
            "aws_subnet.revent_private_subnet_2",
            "aws_subnet.revent_public_subnet_1",
            "aws_subnet.revent_public_subnet_2",
            "aws_vpc.revent_development_vpc",
            "data.template_file.revent_api",
            "data.template_file.revent_nginx"
          ]
        }
      ]
    },
    {
      "mode": "managed",
      "type": "aws_ecs_task_definition",
      "name": "revent_api",
      "provider": "provider[\"registry.terraform.io/hashicorp/aws\"]",
      "instances": [
        {
          "schema_version": 1,
          "attributes": {
            "arn": "arn:aws:ecs:eu-west-1:550948748737:task-definition/revent-api:64",
            "arn_without_revision": "arn:aws:ecs:eu-west-1:550948748737:task-definition/revent-api",
            "container_definitions": "[{\"command\":[\"uvicorn\",\"config.asgi:application\",\"--host\",\"0.0.0.0\",\"--port\",\"8000\",\"--timeout-keep-alive\",\"300\",\"--timeout-graceful-shutdown\",\"300\"],\"cpu\":10,\"environment\":[{\"name\":\"ALLOWED_HOSTS\",\"value\":\"revent-nginx-lb-1046904583.eu-west-1.elb.amazonaws.com\"},{\"name\":\"ALLOWED_REDIRECT_URIS\",\"value\":\"http://revent-nginx-lb-1046904583.eu-west-1.elb.amazonaws.com\"},{\"name\":\"DEBUG\",\"value\":\"True\"},{\"name\":\"DJANGO_SECRET_KEY\",\"value\":\"dummy\"},{\"name\":\"POSTGRES_DATABASE\",\"value\":\"postgres\"},{\"name\":\"POSTGRES_HOST\",\"value\":\"development.cp8y0m8wgqbo.eu-west-1.rds.amazonaws.com\"},{\"name\":\"POSTGRES_PASSWORD\",\"value\":\"dummydummy\"},{\"name\":\"POSTGRES_PORT\",\"value\":\"5432\"},{\"name\":\"POSTGRES_SCHEMA\",\"value\":\"public\"},{\"name\":\"POSTGRES_USERNAME\",\"value\":\"postgres\"}],\"essential\":true,\"image\":\"550948748737.dkr.ecr.eu-west-1.amazonaws.com/revent-api:latest\",\"logConfiguration\":{\"logDriver\":\"awslogs\",\"options\":{\"awslogs-group\":\"/ecs/revent-api\",\"awslogs-region\":\"eu-west-1\",\"awslogs-stream-prefix\":\"revent-api-log-stream\"}},\"memory\":512,\"mountPoints\":[{\"containerPath\":\"/efs/staticfiles/\",\"readOnly\":false,\"sourceVolume\":\"efs-volume\"}],\"name\":\"revent-api\",\"portMappings\":[{\"appProtocol\":\"http\",\"containerPort\":8000,\"hostPort\":8000,\"name\":\"revent-api-service\",\"protocol\":\"tcp\"}],\"systemControls\":[],\"volumesFrom\":[]},{\"command\":[\"node\",\"server.js\"],\"cpu\":10,\"environment\":[{\"name\":\"NEXT_PUBLIC_BACKEND_URL\",\"value\":\"localhost:8000\"}],\"essential\":true,\"image\":\"550948748737.dkr.ecr.eu-west-1.amazonaws.com/revent-app:latest\",\"logConfiguration\":{\"logDriver\":\"awslogs\",\"options\":{\"awslogs-group\":\"/ecs/revent-app\",\"awslogs-region\":\"eu-west-1\",\"awslogs-stream-prefix\":\"revent-app-log-stream\"}},\"memory\":512,\"mountPoints\":[],\"name\":\"revent-app\",\"portMappings\":[{\"appProtocol\":\"http\",\"containerPort\":3000,\"hostPort\":3000,\"name\":\"revent-app-service\",\"protocol\":\"tcp\"}],\"systemControls\":[],\"volumesFrom\":[]}]",
            "cpu": "256",
            "ephemeral_storage": [],
            "execution_role_arn": "arn:aws:iam::550948748737:role/ecs-task-execution-role",
            "family": "revent-api",
            "id": "revent-api",
            "inference_accelerator": [],
            "ipc_mode": "",
            "memory": "512",
            "network_mode": "awsvpc",
            "pid_mode": "",
            "placement_constraints": [],
            "proxy_configuration": [],
            "requires_compatibilities": [
              "FARGATE"
            ],
            "revision": 64,
            "runtime_platform": [],
            "skip_destroy": false,
            "tags": {},
            "tags_all": {},
            "task_role_arn": "arn:aws:iam::550948748737:role/ecs-task-execution-role",
            "track_latest": false,
            "volume": [
              {
                "docker_volume_configuration": [],
                "efs_volume_configuration": [
                  {
                    "authorization_config": [
                      {
                        "access_point_id": "fsap-048823d75fd48f131",
                        "iam": "ENABLED"
                      }
                    ],
                    "file_system_id": "fs-0ebac0bac6c486a50",
                    "root_directory": "/",
                    "transit_encryption": "ENABLED",
                    "transit_encryption_port": 2049
                  }
                ],
                "fsx_windows_file_server_volume_configuration": [],
                "host_path": "",
                "name": "efs-volume"
              }
            ]
          },
          "sensitive_attributes": [],
          "private": "eyJzY2hlbWFfdmVyc2lvbiI6IjEifQ==",
          "dependencies": [
            "aws_alb_listener.revent_nginx_alb_listener",
            "aws_alb_target_group.revent_nginx_tg",
            "aws_db_instance.revent_development",
            "aws_db_subnet_group.revent_development",
            "aws_efs_access_point.revent_app_access_point",
            "aws_efs_file_system.revent_efs",
            "aws_iam_role.revent_ecs_task_execution_role",
            "aws_lb.revent_nginx_lb",
            "aws_security_group.revent_load_balancer_sg",
            "aws_security_group.revent_rds_sg",
            "aws_security_group.revent_tasks_sg",
            "aws_subnet.revent_private_subnet_1",
            "aws_subnet.revent_private_subnet_2",
            "aws_subnet.revent_public_subnet_1",
            "aws_subnet.revent_public_subnet_2",
            "aws_vpc.revent_development_vpc",
            "data.template_file.revent_api"
          ]
        }
      ]
    },
    {
      "mode": "managed",
      "type": "aws_ecs_task_definition",
      "name": "revent_api_collectstatic",
      "provider": "provider[\"registry.terraform.io/hashicorp/aws\"]",
      "instances": [
        {
          "schema_version": 1,
          "attributes": {
            "arn": "arn:aws:ecs:eu-west-1:550948748737:task-definition/revent-api-collectstatic-task:35",
            "arn_without_revision": "arn:aws:ecs:eu-west-1:550948748737:task-definition/revent-api-collectstatic-task",
            "container_definitions": "[{\"command\":[\"python\",\"manage.py\",\"collectstatic\",\"--no-input\",\"-v\",\"3\"],\"cpu\":0,\"environment\":[],\"essential\":true,\"image\":\"550948748737.dkr.ecr.eu-west-1.amazonaws.com/revent-api:latest\",\"linuxParameters\":{},\"logConfiguration\":{\"logDriver\":\"awslogs\",\"options\":{\"awslogs-group\":\"/ecs/revent-api\",\"awslogs-region\":\"eu-west-1\",\"awslogs-stream-prefix\":\"ecs\"}},\"mountPoints\":[{\"containerPath\":\"/efs/staticfiles/\",\"readOnly\":false,\"sourceVolume\":\"efs-volume\"}],\"name\":\"revent-api-collect-static\",\"portMappings\":[{\"containerPort\":8000,\"hostPort\":8000,\"protocol\":\"tcp\"}],\"systemControls\":[],\"volumesFrom\":[]}]",
            "cpu": "256",
            "ephemeral_storage": [],
            "execution_role_arn": "arn:aws:iam::550948748737:role/ecs-task-execution-role",
            "family": "revent-api-collectstatic-task",
            "id": "revent-api-collectstatic-task",
            "inference_accelerator": [],
            "ipc_mode": "",
            "memory": "512",
            "network_mode": "awsvpc",
            "pid_mode": "",
            "placement_constraints": [],
            "proxy_configuration": [],
            "requires_compatibilities": [
              "FARGATE"
            ],
            "revision": 35,
            "runtime_platform": [],
            "skip_destroy": false,
            "tags": {},
            "tags_all": {},
            "task_role_arn": "arn:aws:iam::550948748737:role/ecs-task-execution-role",
            "track_latest": false,
            "volume": [
              {
                "docker_volume_configuration": [],
                "efs_volume_configuration": [
                  {
                    "authorization_config": [
                      {
                        "access_point_id": "fsap-048823d75fd48f131",
                        "iam": "ENABLED"
                      }
                    ],
                    "file_system_id": "fs-0ebac0bac6c486a50",
                    "root_directory": "/",
                    "transit_encryption": "ENABLED",
                    "transit_encryption_port": 2049
                  }
                ],
                "fsx_windows_file_server_volume_configuration": [],
                "host_path": "",
                "name": "efs-volume"
              }
            ]
          },
          "sensitive_attributes": [],
          "private": "eyJzY2hlbWFfdmVyc2lvbiI6IjEifQ==",
          "dependencies": [
            "aws_efs_access_point.revent_app_access_point",
            "aws_efs_file_system.revent_efs",
            "aws_iam_role.revent_ecs_task_execution_role",
            "data.template_file.revent_api_collectstatic"
          ]
        }
      ]
    },
    {
      "mode": "managed",
      "type": "aws_ecs_task_definition",
      "name": "revent_api_create_superuser",
      "provider": "provider[\"registry.terraform.io/hashicorp/aws\"]",
      "instances": [
        {
          "schema_version": 1,
          "attributes": {
            "arn": "arn:aws:ecs:eu-west-1:550948748737:task-definition/revent-api-create-superuser-task:19",
            "arn_without_revision": "arn:aws:ecs:eu-west-1:550948748737:task-definition/revent-api-create-superuser-task",
            "container_definitions": "[{\"command\":[\"python\",\"manage.py\",\"createsuperuser\",\"--noinput\"],\"cpu\":0,\"environment\":[{\"name\":\"DJANGO_SUPERUSER_EMAIL\",\"value\":\"admin@email.com\"},{\"name\":\"DJANGO_SUPERUSER_FIRST_NAME\",\"value\":\"revent\"},{\"name\":\"DJANGO_SUPERUSER_LAST_NAME\",\"value\":\"admin\"},{\"name\":\"DJANGO_SUPERUSER_PASSWORD\",\"value\":\"password\"},{\"name\":\"POSTGRES_DATABASE\",\"value\":\"postgres\"},{\"name\":\"POSTGRES_HOST\",\"value\":\"development.cp8y0m8wgqbo.eu-west-1.rds.amazonaws.com\"},{\"name\":\"POSTGRES_PASSWORD\",\"value\":\"dummydummy\"},{\"name\":\"POSTGRES_PORT\",\"value\":\"5432\"},{\"name\":\"POSTGRES_SCHEMA\",\"value\":\"public\"},{\"name\":\"POSTGRES_USERNAME\",\"value\":\"postgres\"}],\"essential\":true,\"image\":\"550948748737.dkr.ecr.eu-west-1.amazonaws.com/revent-api:latest\",\"logConfiguration\":{\"logDriver\":\"awslogs\",\"options\":{\"awslogs-group\":\"/ecs/revent-api\",\"awslogs-region\":\"eu-west-1\",\"awslogs-stream-prefix\":\"ecs\"}},\"mountPoints\":[],\"name\":\"revent-api-create-superuser\",\"portMappings\":[{\"containerPort\":8000,\"hostPort\":8000,\"protocol\":\"tcp\"}],\"systemControls\":[],\"volumesFrom\":[]}]",
            "cpu": "256",
            "ephemeral_storage": [],
            "execution_role_arn": "arn:aws:iam::550948748737:role/ecs-task-execution-role",
            "family": "revent-api-create-superuser-task",
            "id": "revent-api-create-superuser-task",
            "inference_accelerator": [],
            "ipc_mode": "",
            "memory": "512",
            "network_mode": "awsvpc",
            "pid_mode": "",
            "placement_constraints": [],
            "proxy_configuration": [],
            "requires_compatibilities": [
              "FARGATE"
            ],
            "revision": 19,
            "runtime_platform": [],
            "skip_destroy": false,
            "tags": {},
            "tags_all": {},
            "task_role_arn": "arn:aws:iam::550948748737:role/ecs-task-execution-role",
            "track_latest": false,
            "volume": []
          },
          "sensitive_attributes": [],
          "private": "eyJzY2hlbWFfdmVyc2lvbiI6IjEifQ==",
          "dependencies": [
            "aws_db_instance.revent_development",
            "aws_db_subnet_group.revent_development",
            "aws_iam_role.revent_ecs_task_execution_role",
            "aws_security_group.revent_load_balancer_sg",
            "aws_security_group.revent_rds_sg",
            "aws_security_group.revent_tasks_sg",
            "aws_subnet.revent_private_subnet_1",
            "aws_subnet.revent_private_subnet_2",
            "aws_vpc.revent_development_vpc",
            "data.template_file.revent_api_create_superuser"
          ]
        }
      ]
    },
    {
      "mode": "managed",
      "type": "aws_ecs_task_definition",
      "name": "revent_api_migrate",
      "provider": "provider[\"registry.terraform.io/hashicorp/aws\"]",
      "instances": [
        {
          "schema_version": 1,
          "attributes": {
            "arn": "arn:aws:ecs:eu-west-1:550948748737:task-definition/revent-api-migrate-task:35",
            "arn_without_revision": "arn:aws:ecs:eu-west-1:550948748737:task-definition/revent-api-migrate-task",
            "container_definitions": "[{\"command\":[\"python\",\"manage.py\",\"migrate\"],\"cpu\":0,\"environment\":[{\"name\":\"POSTGRES_DATABASE\",\"value\":\"postgres\"},{\"name\":\"POSTGRES_HOST\",\"value\":\"development.cp8y0m8wgqbo.eu-west-1.rds.amazonaws.com\"},{\"name\":\"POSTGRES_PASSWORD\",\"value\":\"dummydummy\"},{\"name\":\"POSTGRES_PORT\",\"value\":\"5432\"},{\"name\":\"POSTGRES_SCHEMA\",\"value\":\"public\"},{\"name\":\"POSTGRES_USERNAME\",\"value\":\"postgres\"}],\"essential\":true,\"image\":\"550948748737.dkr.ecr.eu-west-1.amazonaws.com/revent-api:latest\",\"logConfiguration\":{\"logDriver\":\"awslogs\",\"options\":{\"awslogs-group\":\"/ecs/revent-api\",\"awslogs-region\":\"eu-west-1\",\"awslogs-stream-prefix\":\"ecs\"}},\"mountPoints\":[],\"name\":\"revent-api-migrate\",\"portMappings\":[{\"containerPort\":8000,\"hostPort\":8000,\"protocol\":\"tcp\"}],\"systemControls\":[],\"volumesFrom\":[]}]",
            "cpu": "256",
            "ephemeral_storage": [],
            "execution_role_arn": "arn:aws:iam::550948748737:role/ecs-task-execution-role",
            "family": "revent-api-migrate-task",
            "id": "revent-api-migrate-task",
            "inference_accelerator": [],
            "ipc_mode": "",
            "memory": "512",
            "network_mode": "awsvpc",
            "pid_mode": "",
            "placement_constraints": [],
            "proxy_configuration": [],
            "requires_compatibilities": [
              "FARGATE"
            ],
            "revision": 35,
            "runtime_platform": [],
            "skip_destroy": false,
            "tags": {},
            "tags_all": {},
            "task_role_arn": "arn:aws:iam::550948748737:role/ecs-task-execution-role",
            "track_latest": false,
            "volume": []
          },
          "sensitive_attributes": [],
          "private": "eyJzY2hlbWFfdmVyc2lvbiI6IjEifQ==",
          "dependencies": [
            "aws_db_instance.revent_development",
            "aws_db_subnet_group.revent_development",
            "aws_iam_role.revent_ecs_task_execution_role",
            "aws_security_group.revent_load_balancer_sg",
            "aws_security_group.revent_rds_sg",
            "aws_security_group.revent_tasks_sg",
            "aws_subnet.revent_private_subnet_1",
            "aws_subnet.revent_private_subnet_2",
            "aws_vpc.revent_development_vpc",
            "data.template_file.revent_api_migrate"
          ]
        }
      ]
    },
    {
      "mode": "managed",
      "type": "aws_ecs_task_definition",
      "name": "revent_nginx",
      "provider": "provider[\"registry.terraform.io/hashicorp/aws\"]",
      "instances": [
        {
          "schema_version": 1,
          "attributes": {
            "arn": "arn:aws:ecs:eu-west-1:550948748737:task-definition/revent-nginx:116",
            "arn_without_revision": "arn:aws:ecs:eu-west-1:550948748737:task-definition/revent-nginx",
            "container_definitions": "[{\"cpu\":10,\"environment\":[{\"name\":\"API_HOST\",\"value\":\"revent-api-service-discovery.revent.local\"},{\"name\":\"API_PORT\",\"value\":\"8000\"},{\"name\":\"APP_HOST\",\"value\":\"revent-api-service-discovery.revent.local\"},{\"name\":\"APP_PORT\",\"value\":\"3000\"}],\"essential\":true,\"image\":\"550948748737.dkr.ecr.eu-west-1.amazonaws.com/revent-nginx:latest\",\"logConfiguration\":{\"logDriver\":\"awslogs\",\"options\":{\"awslogs-group\":\"/ecs/revent-nginx\",\"awslogs-region\":\"eu-west-1\",\"awslogs-stream-prefix\":\"revent-nginx-log-stream\"}},\"memory\":128,\"mountPoints\":[{\"containerPath\":\"/efs/staticfiles/\",\"readOnly\":false,\"sourceVolume\":\"efs-volume\"}],\"name\":\"revent-nginx\",\"portMappings\":[{\"containerPort\":80,\"hostPort\":80,\"protocol\":\"tcp\"}],\"systemControls\":[],\"volumesFrom\":[]}]",
            "cpu": "256",
            "ephemeral_storage": [],
            "execution_role_arn": "arn:aws:iam::550948748737:role/ecs-task-execution-role",
            "family": "revent-nginx",
            "id": "revent-nginx",
            "inference_accelerator": [],
            "ipc_mode": "",
            "memory": "512",
            "network_mode": "awsvpc",
            "pid_mode": "",
            "placement_constraints": [],
            "proxy_configuration": [],
            "requires_compatibilities": [
              "FARGATE"
            ],
            "revision": 116,
            "runtime_platform": [],
            "skip_destroy": false,
            "tags": {},
            "tags_all": {},
            "task_role_arn": "arn:aws:iam::550948748737:role/ecs-task-execution-role",
            "track_latest": false,
            "volume": [
              {
                "docker_volume_configuration": [],
                "efs_volume_configuration": [
                  {
                    "authorization_config": [
                      {
                        "access_point_id": "fsap-048823d75fd48f131",
                        "iam": "ENABLED"
                      }
                    ],
                    "file_system_id": "fs-0ebac0bac6c486a50",
                    "root_directory": "/",
                    "transit_encryption": "ENABLED",
                    "transit_encryption_port": 2049
                  }
                ],
                "fsx_windows_file_server_volume_configuration": [],
                "host_path": "",
                "name": "efs-volume"
              }
            ]
          },
          "sensitive_attributes": [],
          "private": "eyJzY2hlbWFfdmVyc2lvbiI6IjEifQ==",
          "dependencies": [
            "aws_alb_listener.revent_nginx_alb_listener",
            "aws_alb_target_group.revent_nginx_tg",
            "aws_db_instance.revent_development",
            "aws_db_subnet_group.revent_development",
            "aws_ecs_task_definition.revent_api",
            "aws_efs_access_point.revent_app_access_point",
            "aws_efs_file_system.revent_efs",
            "aws_iam_role.revent_ecs_task_execution_role",
            "aws_lb.revent_nginx_lb",
            "aws_security_group.revent_load_balancer_sg",
            "aws_security_group.revent_rds_sg",
            "aws_security_group.revent_tasks_sg",
            "aws_service_discovery_private_dns_namespace.revent_ns",
            "aws_service_discovery_service.revent_api_sd",
            "aws_subnet.revent_private_subnet_1",
            "aws_subnet.revent_private_subnet_2",
            "aws_subnet.revent_public_subnet_1",
            "aws_subnet.revent_public_subnet_2",
            "aws_vpc.revent_development_vpc",
            "data.template_file.revent_api",
            "data.template_file.revent_nginx"
          ]
        }
      ]
    },
    {
      "mode": "managed",
      "type": "aws_efs_access_point",
      "name": "revent_app_access_point",
      "provider": "provider[\"registry.terraform.io/hashicorp/aws\"]",
      "instances": [
        {
          "schema_version": 0,
          "attributes": {
            "arn": "arn:aws:elasticfilesystem:eu-west-1:550948748737:access-point/fsap-048823d75fd48f131",
            "file_system_arn": "arn:aws:elasticfilesystem:eu-west-1:550948748737:file-system/fs-0ebac0bac6c486a50",
            "file_system_id": "fs-0ebac0bac6c486a50",
            "id": "fsap-048823d75fd48f131",
            "owner_id": "550948748737",
            "posix_user": [
              {
                "gid": 1000,
                "secondary_gids": [],
                "uid": 1000
              }
            ],
            "root_directory": [
              {
                "creation_info": [
                  {
                    "owner_gid": 1000,
                    "owner_uid": 1000,
                    "permissions": "755"
                  }
                ],
                "path": "/efs"
              }
            ],
            "tags": {},
            "tags_all": {}
          },
          "sensitive_attributes": [],
          "private": "bnVsbA==",
          "dependencies": [
            "aws_efs_file_system.revent_efs"
          ]
        }
      ]
    },
    {
      "mode": "managed",
      "type": "aws_efs_file_system",
      "name": "revent_efs",
      "provider": "provider[\"registry.terraform.io/hashicorp/aws\"]",
      "instances": [
        {
          "schema_version": 0,
          "attributes": {
            "arn": "arn:aws:elasticfilesystem:eu-west-1:550948748737:file-system/fs-0ebac0bac6c486a50",
            "availability_zone_id": "",
            "availability_zone_name": "",
            "creation_token": "terraform-20240229194140756300000001",
            "dns_name": "fs-0ebac0bac6c486a50.efs.eu-west-1.amazonaws.com",
            "encrypted": false,
            "id": "fs-0ebac0bac6c486a50",
            "kms_key_id": "",
            "lifecycle_policy": [
              {
                "transition_to_archive": "",
                "transition_to_ia": "AFTER_30_DAYS",
                "transition_to_primary_storage_class": ""
              }
            ],
            "name": "",
            "number_of_mount_targets": 2,
            "owner_id": "550948748737",
            "performance_mode": "generalPurpose",
            "protection": [
              {
                "replication_overwrite": "ENABLED"
              }
            ],
            "provisioned_throughput_in_mibps": 0,
            "size_in_bytes": [
              {
                "value": 4337664,
                "value_in_ia": 0,
                "value_in_standard": 4337664
              }
            ],
            "tags": {},
            "tags_all": {},
            "throughput_mode": "bursting"
          },
          "sensitive_attributes": [],
          "private": "bnVsbA=="
        }
      ]
    },
    {
      "mode": "managed",
      "type": "aws_efs_mount_target",
      "name": "revent_efs_mount",
      "provider": "provider[\"registry.terraform.io/hashicorp/aws\"]",
      "instances": [
        {
          "index_key": 0,
          "schema_version": 0,
          "attributes": {
            "availability_zone_id": "euw1-az3",
            "availability_zone_name": "eu-west-1a",
            "dns_name": "fs-0ebac0bac6c486a50.efs.eu-west-1.amazonaws.com",
            "file_system_arn": "arn:aws:elasticfilesystem:eu-west-1:550948748737:file-system/fs-0ebac0bac6c486a50",
            "file_system_id": "fs-0ebac0bac6c486a50",
            "id": "fsmt-0b8767ca22dcc7315",
            "ip_address": "10.0.1.194",
            "mount_target_dns_name": "eu-west-1a.fs-0ebac0bac6c486a50.efs.eu-west-1.amazonaws.com",
            "network_interface_id": "eni-0e796a168b38ebfad",
            "owner_id": "550948748737",
            "security_groups": [
              "sg-01d1cd378a9cd63e4"
            ],
            "subnet_id": "subnet-07ee619ec5db59f22",
            "timeouts": null
          },
          "sensitive_attributes": [],
          "private": "eyJlMmJmYjczMC1lY2FhLTExZTYtOGY4OC0zNDM2M2JjN2M0YzAiOnsiY3JlYXRlIjoxODAwMDAwMDAwMDAwLCJkZWxldGUiOjYwMDAwMDAwMDAwMH19",
          "dependencies": [
            "aws_efs_file_system.revent_efs",
            "aws_security_group.revent_efs_sg",
            "aws_subnet.revent_public_subnet_1",
            "aws_subnet.revent_public_subnet_2",
            "aws_vpc.revent_development_vpc"
          ]
        },
        {
          "index_key": 1,
          "schema_version": 0,
          "attributes": {
            "availability_zone_id": "euw1-az1",
            "availability_zone_name": "eu-west-1b",
            "dns_name": "fs-0ebac0bac6c486a50.efs.eu-west-1.amazonaws.com",
            "file_system_arn": "arn:aws:elasticfilesystem:eu-west-1:550948748737:file-system/fs-0ebac0bac6c486a50",
            "file_system_id": "fs-0ebac0bac6c486a50",
            "id": "fsmt-01b2074b98186004f",
            "ip_address": "10.0.2.219",
            "mount_target_dns_name": "eu-west-1b.fs-0ebac0bac6c486a50.efs.eu-west-1.amazonaws.com",
            "network_interface_id": "eni-089496391d8626878",
            "owner_id": "550948748737",
            "security_groups": [
              "sg-01d1cd378a9cd63e4"
            ],
            "subnet_id": "subnet-00876ec08964480c2",
            "timeouts": null
          },
          "sensitive_attributes": [],
          "private": "eyJlMmJmYjczMC1lY2FhLTExZTYtOGY4OC0zNDM2M2JjN2M0YzAiOnsiY3JlYXRlIjoxODAwMDAwMDAwMDAwLCJkZWxldGUiOjYwMDAwMDAwMDAwMH19",
          "dependencies": [
            "aws_efs_file_system.revent_efs",
            "aws_security_group.revent_efs_sg",
            "aws_subnet.revent_public_subnet_1",
            "aws_subnet.revent_public_subnet_2",
            "aws_vpc.revent_development_vpc"
          ]
        }
      ]
    },
    {
      "mode": "managed",
      "type": "aws_eip",
      "name": "revent_eip_nat_gw",
      "provider": "provider[\"registry.terraform.io/hashicorp/aws\"]",
      "instances": [
        {
          "schema_version": 0,
          "attributes": {
            "address": null,
            "allocation_id": "eipalloc-0fca401358a28515f",
            "associate_with_private_ip": "10.0.0.5",
            "association_id": "eipassoc-006779dfa0971a2ee",
            "carrier_ip": "",
            "customer_owned_ip": "",
            "customer_owned_ipv4_pool": "",
            "domain": "vpc",
            "id": "eipalloc-0fca401358a28515f",
            "instance": "",
            "network_border_group": "eu-west-1",
            "network_interface": "eni-0c579b94e87629e0c",
            "private_dns": "ip-10-0-1-140.eu-west-1.compute.internal",
            "private_ip": "10.0.1.140",
            "public_dns": "ec2-54-195-211-29.eu-west-1.compute.amazonaws.com",
            "public_ip": "54.195.211.29",
            "public_ipv4_pool": "amazon",
            "tags": {},
            "tags_all": {},
            "timeouts": null,
            "vpc": true
          },
          "sensitive_attributes": [],
          "private": "eyJlMmJmYjczMC1lY2FhLTExZTYtOGY4OC0zNDM2M2JjN2M0YzAiOnsiZGVsZXRlIjoxODAwMDAwMDAwMDAsInJlYWQiOjkwMDAwMDAwMDAwMCwidXBkYXRlIjozMDAwMDAwMDAwMDB9fQ==",
          "dependencies": [
            "aws_internet_gateway.revent_development_igw",
            "aws_vpc.revent_development_vpc"
          ]
        }
      ]
    },
    {
      "mode": "managed",
      "type": "aws_iam_role",
      "name": "revent_ecs_service_role",
      "provider": "provider[\"registry.terraform.io/hashicorp/aws\"]",
      "instances": [
        {
          "schema_version": 0,
          "attributes": {
            "arn": "arn:aws:iam::550948748737:role/ecs-service-role",
            "assume_role_policy": "{\"Statement\":[{\"Action\":\"sts:AssumeRole\",\"Effect\":\"Allow\",\"Principal\":{\"Service\":[\"ecs-tasks.amazonaws.com\"]}}],\"Version\":\"2008-10-17\"}",
            "create_date": "2024-02-29T19:41:41Z",
            "description": "",
            "force_detach_policies": false,
            "id": "ecs-service-role",
            "inline_policy": [
              {
                "name": "ecs-service-role-policy",
                "policy": "{\"Version\":\"2012-10-17\",\"Statement\":[{\"Action\":[\"elasticloadbalancing:Describe*\",\"elasticloadbalancing:DeregisterInstancesFromLoadBalancer\",\"elasticloadbalancing:RegisterInstancesWithLoadBalancer\",\"ec2:Describe*\",\"ec2:AuthorizeSecurityGroupIngress\",\"elasticloadbalancing:RegisterTargets\",\"elasticloadbalancing:DeregisterTargets\",\"elasticfilesystem:ClientMount\",\"elasticfilesystem:ClientWrite\",\"elasticfilesystem:ClientRootAccess\",\"elasticfilesystem:DescribeFileSystems\"],\"Effect\":\"Allow\",\"Resource\":[\"*\"]}]}"
              }
            ],
            "managed_policy_arns": [],
            "max_session_duration": 3600,
            "name": "ecs-service-role",
            "name_prefix": "",
            "path": "/",
            "permissions_boundary": "",
            "tags": {},
            "tags_all": {},
            "unique_id": "AROAYARY2XXASTZFT7PKP"
          },
          "sensitive_attributes": [],
          "private": "bnVsbA=="
        }
      ]
    },
    {
      "mode": "managed",
      "type": "aws_iam_role",
      "name": "revent_ecs_task_execution_role",
      "provider": "provider[\"registry.terraform.io/hashicorp/aws\"]",
      "instances": [
        {
          "schema_version": 0,
          "attributes": {
            "arn": "arn:aws:iam::550948748737:role/ecs-task-execution-role",
            "assume_role_policy": "{\"Statement\":[{\"Action\":\"sts:AssumeRole\",\"Effect\":\"Allow\",\"Principal\":{\"Service\":[\"ecs-tasks.amazonaws.com\"]}}],\"Version\":\"2008-10-17\"}",
            "create_date": "2024-02-29T19:41:41Z",
            "description": "",
            "force_detach_policies": false,
            "id": "ecs-task-execution-role",
            "inline_policy": [
              {
                "name": "ecs-task-execution-role-policy",
                "policy": "{\"Version\":\"2012-10-17\",\"Statement\":[{\"Action\":[\"ecs:StartTask\",\"ecs:StopTask\",\"ecs:DescribeTasks\",\"ecr:GetAuthorizationToken\",\"ecr:BatchCheckLayerAvailability\",\"ecr:GetDownloadUrlForLayer\",\"ecr:BatchGetImage\",\"logs:CreateLogStream\",\"logs:PutLogEvents\",\"elasticfilesystem:ClientMount\",\"elasticfilesystem:ClientWrite\",\"elasticfilesystem:ClientRootAccess\",\"elasticfilesystem:DescribeFileSystems\"],\"Effect\":\"Allow\",\"Resource\":\"*\"}]}"
              }
            ],
            "managed_policy_arns": [],
            "max_session_duration": 3600,
            "name": "ecs-task-execution-role",
            "name_prefix": "",
            "path": "/",
            "permissions_boundary": "",
            "tags": {},
            "tags_all": {},
            "unique_id": "AROAYARY2XXAQI2MWQYEC"
          },
          "sensitive_attributes": [],
          "private": "bnVsbA=="
        }
      ]
    },
    {
      "mode": "managed",
      "type": "aws_iam_role_policy",
      "name": "revent_ecs_service_role_policy",
      "provider": "provider[\"registry.terraform.io/hashicorp/aws\"]",
      "instances": [
        {
          "schema_version": 0,
          "attributes": {
            "id": "ecs-service-role:ecs-service-role-policy",
            "name": "ecs-service-role-policy",
            "name_prefix": "",
            "policy": "{\"Version\":\"2012-10-17\",\"Statement\":[{\"Action\":[\"elasticloadbalancing:Describe*\",\"elasticloadbalancing:DeregisterInstancesFromLoadBalancer\",\"elasticloadbalancing:RegisterInstancesWithLoadBalancer\",\"ec2:Describe*\",\"ec2:AuthorizeSecurityGroupIngress\",\"elasticloadbalancing:RegisterTargets\",\"elasticloadbalancing:DeregisterTargets\",\"elasticfilesystem:ClientMount\",\"elasticfilesystem:ClientWrite\",\"elasticfilesystem:ClientRootAccess\",\"elasticfilesystem:DescribeFileSystems\"],\"Effect\":\"Allow\",\"Resource\":[\"*\"]}]}",
            "role": "ecs-service-role"
          },
          "sensitive_attributes": [],
          "private": "bnVsbA==",
          "dependencies": [
            "aws_iam_role.revent_ecs_service_role"
          ]
        }
      ]
    },
    {
      "mode": "managed",
      "type": "aws_iam_role_policy",
      "name": "revent_ecs_task_execution_role_policy",
      "provider": "provider[\"registry.terraform.io/hashicorp/aws\"]",
      "instances": [
        {
          "schema_version": 0,
          "attributes": {
            "id": "ecs-task-execution-role:ecs-task-execution-role-policy",
            "name": "ecs-task-execution-role-policy",
            "name_prefix": "",
            "policy": "{\"Version\":\"2012-10-17\",\"Statement\":[{\"Action\":[\"ecs:StartTask\",\"ecs:StopTask\",\"ecs:DescribeTasks\",\"ecr:GetAuthorizationToken\",\"ecr:BatchCheckLayerAvailability\",\"ecr:GetDownloadUrlForLayer\",\"ecr:BatchGetImage\",\"logs:CreateLogStream\",\"logs:PutLogEvents\",\"elasticfilesystem:ClientMount\",\"elasticfilesystem:ClientWrite\",\"elasticfilesystem:ClientRootAccess\",\"elasticfilesystem:DescribeFileSystems\"],\"Effect\":\"Allow\",\"Resource\":\"*\"}]}",
            "role": "ecs-task-execution-role"
          },
          "sensitive_attributes": [],
          "private": "bnVsbA==",
          "dependencies": [
            "aws_iam_role.revent_ecs_task_execution_role"
          ]
        }
      ]
    },
    {
      "mode": "managed",
      "type": "aws_internet_gateway",
      "name": "revent_development_igw",
      "provider": "provider[\"registry.terraform.io/hashicorp/aws\"]",
      "instances": [
        {
          "schema_version": 0,
          "attributes": {
            "arn": "arn:aws:ec2:eu-west-1:550948748737:internet-gateway/igw-007e63b07bbaa6d1d",
            "id": "igw-007e63b07bbaa6d1d",
            "owner_id": "550948748737",
            "tags": {},
            "tags_all": {},
            "timeouts": null,
            "vpc_id": "vpc-0ce4f13b1c8dee003"
          },
          "sensitive_attributes": [],
          "private": "eyJlMmJmYjczMC1lY2FhLTExZTYtOGY4OC0zNDM2M2JjN2M0YzAiOnsiY3JlYXRlIjoxMjAwMDAwMDAwMDAwLCJkZWxldGUiOjEyMDAwMDAwMDAwMDAsInVwZGF0ZSI6MTIwMDAwMDAwMDAwMH19",
          "dependencies": [
            "aws_vpc.revent_development_vpc"
          ]
        }
      ]
    },
    {
      "mode": "managed",
      "type": "aws_lb",
      "name": "revent_api_lb",
      "provider": "provider[\"registry.terraform.io/hashicorp/aws\"]",
      "instances": [
        {
          "schema_version": 0,
          "attributes": {
            "access_logs": [
              {
                "bucket": "",
                "enabled": false,
                "prefix": ""
              }
            ],
            "arn": "arn:aws:elasticloadbalancing:eu-west-1:550948748737:loadbalancer/app/revent-api-lb/72721c7351b0b06f",
            "arn_suffix": "app/revent-api-lb/72721c7351b0b06f",
            "connection_logs": [
              {
                "bucket": "",
                "enabled": false,
                "prefix": ""
              }
            ],
            "customer_owned_ipv4_pool": "",
            "desync_mitigation_mode": "defensive",
            "dns_name": "internal-revent-api-lb-1709389097.eu-west-1.elb.amazonaws.com",
            "dns_record_client_routing_policy": null,
            "drop_invalid_header_fields": false,
            "enable_cross_zone_load_balancing": true,
            "enable_deletion_protection": false,
            "enable_http2": true,
            "enable_tls_version_and_cipher_suite_headers": false,
            "enable_waf_fail_open": false,
            "enable_xff_client_port": false,
            "enforce_security_group_inbound_rules_on_private_link_traffic": "",
            "id": "arn:aws:elasticloadbalancing:eu-west-1:550948748737:loadbalancer/app/revent-api-lb/72721c7351b0b06f",
            "idle_timeout": 60,
            "internal": true,
            "ip_address_type": "ipv4",
            "load_balancer_type": "application",
            "name": "revent-api-lb",
            "name_prefix": "",
            "preserve_host_header": false,
            "security_groups": [
              "sg-0067a8c9b8d1a0e12"
            ],
            "subnet_mapping": [
              {
                "allocation_id": "",
                "ipv6_address": "",
                "outpost_id": "",
                "private_ipv4_address": "",
                "subnet_id": "subnet-016b1a5dbf0ead8ea"
              },
              {
                "allocation_id": "",
                "ipv6_address": "",
                "outpost_id": "",
                "private_ipv4_address": "",
                "subnet_id": "subnet-029c434972ee965da"
              }
            ],
            "subnets": [
              "subnet-016b1a5dbf0ead8ea",
              "subnet-029c434972ee965da"
            ],
            "tags": {},
            "tags_all": {},
            "timeouts": null,
            "vpc_id": "vpc-0ce4f13b1c8dee003",
            "xff_header_processing_mode": "append",
            "zone_id": "Z32O12XQLNTSW2"
          },
          "sensitive_attributes": [],
          "private": "eyJlMmJmYjczMC1lY2FhLTExZTYtOGY4OC0zNDM2M2JjN2M0YzAiOnsiY3JlYXRlIjo2MDAwMDAwMDAwMDAsImRlbGV0ZSI6NjAwMDAwMDAwMDAwLCJ1cGRhdGUiOjYwMDAwMDAwMDAwMH19",
          "dependencies": [
            "aws_security_group.revent_load_balancer_sg",
            "aws_subnet.revent_private_subnet_1",
            "aws_subnet.revent_private_subnet_2",
            "aws_vpc.revent_development_vpc"
          ]
        }
      ]
    },
    {
      "mode": "managed",
      "type": "aws_lb",
      "name": "revent_nginx_lb",
      "provider": "provider[\"registry.terraform.io/hashicorp/aws\"]",
      "instances": [
        {
          "schema_version": 0,
          "attributes": {
            "access_logs": [
              {
                "bucket": "",
                "enabled": false,
                "prefix": ""
              }
            ],
            "arn": "arn:aws:elasticloadbalancing:eu-west-1:550948748737:loadbalancer/app/revent-nginx-lb/5495d790c76744ac",
            "arn_suffix": "app/revent-nginx-lb/5495d790c76744ac",
            "connection_logs": [
              {
                "bucket": "",
                "enabled": false,
                "prefix": ""
              }
            ],
            "customer_owned_ipv4_pool": "",
            "desync_mitigation_mode": "defensive",
            "dns_name": "revent-nginx-lb-1046904583.eu-west-1.elb.amazonaws.com",
            "dns_record_client_routing_policy": null,
            "drop_invalid_header_fields": false,
            "enable_cross_zone_load_balancing": true,
            "enable_deletion_protection": false,
            "enable_http2": true,
            "enable_tls_version_and_cipher_suite_headers": false,
            "enable_waf_fail_open": false,
            "enable_xff_client_port": false,
            "enforce_security_group_inbound_rules_on_private_link_traffic": "",
            "id": "arn:aws:elasticloadbalancing:eu-west-1:550948748737:loadbalancer/app/revent-nginx-lb/5495d790c76744ac",
            "idle_timeout": 60,
            "internal": false,
            "ip_address_type": "ipv4",
            "load_balancer_type": "application",
            "name": "revent-nginx-lb",
            "name_prefix": "",
            "preserve_host_header": false,
            "security_groups": [
              "sg-0067a8c9b8d1a0e12"
            ],
            "subnet_mapping": [
              {
                "allocation_id": "",
                "ipv6_address": "",
                "outpost_id": "",
                "private_ipv4_address": "",
                "subnet_id": "subnet-00876ec08964480c2"
              },
              {
                "allocation_id": "",
                "ipv6_address": "",
                "outpost_id": "",
                "private_ipv4_address": "",
                "subnet_id": "subnet-07ee619ec5db59f22"
              }
            ],
            "subnets": [
              "subnet-00876ec08964480c2",
              "subnet-07ee619ec5db59f22"
            ],
            "tags": {},
            "tags_all": {},
            "timeouts": null,
            "vpc_id": "vpc-0ce4f13b1c8dee003",
            "xff_header_processing_mode": "append",
            "zone_id": "Z32O12XQLNTSW2"
          },
          "sensitive_attributes": [],
          "private": "eyJlMmJmYjczMC1lY2FhLTExZTYtOGY4OC0zNDM2M2JjN2M0YzAiOnsiY3JlYXRlIjo2MDAwMDAwMDAwMDAsImRlbGV0ZSI6NjAwMDAwMDAwMDAwLCJ1cGRhdGUiOjYwMDAwMDAwMDAwMH19",
          "dependencies": [
            "aws_security_group.revent_load_balancer_sg",
            "aws_subnet.revent_public_subnet_1",
            "aws_subnet.revent_public_subnet_2",
            "aws_vpc.revent_development_vpc"
          ]
        }
      ]
    },
    {
      "mode": "managed",
      "type": "aws_nat_gateway",
      "name": "revent_nat_gw",
      "provider": "provider[\"registry.terraform.io/hashicorp/aws\"]",
      "instances": [
        {
          "schema_version": 0,
          "attributes": {
            "allocation_id": "eipalloc-0fca401358a28515f",
            "association_id": "eipassoc-006779dfa0971a2ee",
            "connectivity_type": "public",
            "id": "nat-0e591db14c739ffae",
            "network_interface_id": "eni-0c579b94e87629e0c",
            "private_ip": "10.0.1.140",
            "public_ip": "54.195.211.29",
            "secondary_allocation_ids": [],
            "secondary_private_ip_address_count": 0,
            "secondary_private_ip_addresses": [],
            "subnet_id": "subnet-07ee619ec5db59f22",
            "tags": {},
            "tags_all": {},
            "timeouts": null
          },
          "sensitive_attributes": [],
          "private": "eyJlMmJmYjczMC1lY2FhLTExZTYtOGY4OC0zNDM2M2JjN2M0YzAiOnsiY3JlYXRlIjo2MDAwMDAwMDAwMDAsImRlbGV0ZSI6MTgwMDAwMDAwMDAwMCwidXBkYXRlIjo2MDAwMDAwMDAwMDB9fQ==",
          "dependencies": [
            "aws_eip.revent_eip_nat_gw",
            "aws_internet_gateway.revent_development_igw",
            "aws_subnet.revent_public_subnet_1",
            "aws_vpc.revent_development_vpc"
          ]
        }
      ]
    },
    {
      "mode": "managed",
      "type": "aws_route",
      "name": "revent_public_internet_igw_route",
      "provider": "provider[\"registry.terraform.io/hashicorp/aws\"]",
      "instances": [
        {
          "schema_version": 0,
          "attributes": {
            "carrier_gateway_id": "",
            "core_network_arn": "",
            "destination_cidr_block": "0.0.0.0/0",
            "destination_ipv6_cidr_block": "",
            "destination_prefix_list_id": "",
            "egress_only_gateway_id": "",
            "gateway_id": "igw-007e63b07bbaa6d1d",
            "id": "r-rtb-04884f8c8a92c1d881080289494",
            "instance_id": "",
            "instance_owner_id": "",
            "local_gateway_id": "",
            "nat_gateway_id": "",
            "network_interface_id": "",
            "origin": "CreateRoute",
            "route_table_id": "rtb-04884f8c8a92c1d88",
            "state": "active",
            "timeouts": null,
            "transit_gateway_id": "",
            "vpc_endpoint_id": "",
            "vpc_peering_connection_id": ""
          },
          "sensitive_attributes": [],
          "private": "eyJlMmJmYjczMC1lY2FhLTExZTYtOGY4OC0zNDM2M2JjN2M0YzAiOnsiY3JlYXRlIjozMDAwMDAwMDAwMDAsImRlbGV0ZSI6MzAwMDAwMDAwMDAwLCJ1cGRhdGUiOjEyMDAwMDAwMDAwMH19",
          "dependencies": [
            "aws_internet_gateway.revent_development_igw",
            "aws_route_table.revent_public_route_table",
            "aws_vpc.revent_development_vpc"
          ]
        }
      ]
    },
    {
      "mode": "managed",
      "type": "aws_route",
      "name": "revent_route_nat_gw",
      "provider": "provider[\"registry.terraform.io/hashicorp/aws\"]",
      "instances": [
        {
          "schema_version": 0,
          "attributes": {
            "carrier_gateway_id": "",
            "core_network_arn": "",
            "destination_cidr_block": "0.0.0.0/0",
            "destination_ipv6_cidr_block": "",
            "destination_prefix_list_id": "",
            "egress_only_gateway_id": "",
            "gateway_id": "",
            "id": "r-rtb-0793f4bdd7cb8eaf21080289494",
            "instance_id": "",
            "instance_owner_id": "",
            "local_gateway_id": "",
            "nat_gateway_id": "nat-0e591db14c739ffae",
            "network_interface_id": "",
            "origin": "CreateRoute",
            "route_table_id": "rtb-0793f4bdd7cb8eaf2",
            "state": "active",
            "timeouts": null,
            "transit_gateway_id": "",
            "vpc_endpoint_id": "",
            "vpc_peering_connection_id": ""
          },
          "sensitive_attributes": [],
          "private": "eyJlMmJmYjczMC1lY2FhLTExZTYtOGY4OC0zNDM2M2JjN2M0YzAiOnsiY3JlYXRlIjozMDAwMDAwMDAwMDAsImRlbGV0ZSI6MzAwMDAwMDAwMDAwLCJ1cGRhdGUiOjEyMDAwMDAwMDAwMH19",
          "dependencies": [
            "aws_eip.revent_eip_nat_gw",
            "aws_internet_gateway.revent_development_igw",
            "aws_nat_gateway.revent_nat_gw",
            "aws_route_table.revent_private_route_table",
            "aws_subnet.revent_public_subnet_1",
            "aws_vpc.revent_development_vpc"
          ]
        }
      ]
    },
    {
      "mode": "managed",
      "type": "aws_route_table",
      "name": "revent_private_route_table",
      "provider": "provider[\"registry.terraform.io/hashicorp/aws\"]",
      "instances": [
        {
          "schema_version": 0,
          "attributes": {
            "arn": "arn:aws:ec2:eu-west-1:550948748737:route-table/rtb-0793f4bdd7cb8eaf2",
            "id": "rtb-0793f4bdd7cb8eaf2",
            "owner_id": "550948748737",
            "propagating_vgws": [],
            "route": [
              {
                "carrier_gateway_id": "",
                "cidr_block": "0.0.0.0/0",
                "core_network_arn": "",
                "destination_prefix_list_id": "",
                "egress_only_gateway_id": "",
                "gateway_id": "",
                "ipv6_cidr_block": "",
                "local_gateway_id": "",
                "nat_gateway_id": "nat-0e591db14c739ffae",
                "network_interface_id": "",
                "transit_gateway_id": "",
                "vpc_endpoint_id": "",
                "vpc_peering_connection_id": ""
              }
            ],
            "tags": {},
            "tags_all": {},
            "timeouts": null,
            "vpc_id": "vpc-0ce4f13b1c8dee003"
          },
          "sensitive_attributes": [],
          "private": "eyJlMmJmYjczMC1lY2FhLTExZTYtOGY4OC0zNDM2M2JjN2M0YzAiOnsiY3JlYXRlIjozMDAwMDAwMDAwMDAsImRlbGV0ZSI6MzAwMDAwMDAwMDAwLCJ1cGRhdGUiOjEyMDAwMDAwMDAwMH19",
          "dependencies": [
            "aws_vpc.revent_development_vpc"
          ]
        }
      ]
    },
    {
      "mode": "managed",
      "type": "aws_route_table",
      "name": "revent_public_route_table",
      "provider": "provider[\"registry.terraform.io/hashicorp/aws\"]",
      "instances": [
        {
          "schema_version": 0,
          "attributes": {
            "arn": "arn:aws:ec2:eu-west-1:550948748737:route-table/rtb-04884f8c8a92c1d88",
            "id": "rtb-04884f8c8a92c1d88",
            "owner_id": "550948748737",
            "propagating_vgws": [],
            "route": [
              {
                "carrier_gateway_id": "",
                "cidr_block": "0.0.0.0/0",
                "core_network_arn": "",
                "destination_prefix_list_id": "",
                "egress_only_gateway_id": "",
                "gateway_id": "igw-007e63b07bbaa6d1d",
                "ipv6_cidr_block": "",
                "local_gateway_id": "",
                "nat_gateway_id": "",
                "network_interface_id": "",
                "transit_gateway_id": "",
                "vpc_endpoint_id": "",
                "vpc_peering_connection_id": ""
              }
            ],
            "tags": {},
            "tags_all": {},
            "timeouts": null,
            "vpc_id": "vpc-0ce4f13b1c8dee003"
          },
          "sensitive_attributes": [],
          "private": "eyJlMmJmYjczMC1lY2FhLTExZTYtOGY4OC0zNDM2M2JjN2M0YzAiOnsiY3JlYXRlIjozMDAwMDAwMDAwMDAsImRlbGV0ZSI6MzAwMDAwMDAwMDAwLCJ1cGRhdGUiOjEyMDAwMDAwMDAwMH19",
          "dependencies": [
            "aws_vpc.revent_development_vpc"
          ]
        }
      ]
    },
    {
      "mode": "managed",
      "type": "aws_route_table_association",
      "name": "revent_private_route_1_association",
      "provider": "provider[\"registry.terraform.io/hashicorp/aws\"]",
      "instances": [
        {
          "schema_version": 0,
          "attributes": {
            "gateway_id": "",
            "id": "rtbassoc-062d0bf10cf1f791d",
            "route_table_id": "rtb-0793f4bdd7cb8eaf2",
            "subnet_id": "subnet-016b1a5dbf0ead8ea",
            "timeouts": null
          },
          "sensitive_attributes": [],
          "private": "eyJlMmJmYjczMC1lY2FhLTExZTYtOGY4OC0zNDM2M2JjN2M0YzAiOnsiY3JlYXRlIjozMDAwMDAwMDAwMDAsImRlbGV0ZSI6MzAwMDAwMDAwMDAwLCJ1cGRhdGUiOjEyMDAwMDAwMDAwMH19",
          "dependencies": [
            "aws_route_table.revent_private_route_table",
            "aws_subnet.revent_private_subnet_1",
            "aws_vpc.revent_development_vpc"
          ]
        }
      ]
    },
    {
      "mode": "managed",
      "type": "aws_route_table_association",
      "name": "revent_private_route_2_association",
      "provider": "provider[\"registry.terraform.io/hashicorp/aws\"]",
      "instances": [
        {
          "schema_version": 0,
          "attributes": {
            "gateway_id": "",
            "id": "rtbassoc-0e688b0a4a6ab02d8",
            "route_table_id": "rtb-0793f4bdd7cb8eaf2",
            "subnet_id": "subnet-029c434972ee965da",
            "timeouts": null
          },
          "sensitive_attributes": [],
          "private": "eyJlMmJmYjczMC1lY2FhLTExZTYtOGY4OC0zNDM2M2JjN2M0YzAiOnsiY3JlYXRlIjozMDAwMDAwMDAwMDAsImRlbGV0ZSI6MzAwMDAwMDAwMDAwLCJ1cGRhdGUiOjEyMDAwMDAwMDAwMH19",
          "dependencies": [
            "aws_route_table.revent_private_route_table",
            "aws_subnet.revent_private_subnet_2",
            "aws_vpc.revent_development_vpc"
          ]
        }
      ]
    },
    {
      "mode": "managed",
      "type": "aws_route_table_association",
      "name": "revent_public_route_1_association",
      "provider": "provider[\"registry.terraform.io/hashicorp/aws\"]",
      "instances": [
        {
          "schema_version": 0,
          "attributes": {
            "gateway_id": "",
            "id": "rtbassoc-04d9e61fb721df04f",
            "route_table_id": "rtb-04884f8c8a92c1d88",
            "subnet_id": "subnet-07ee619ec5db59f22",
            "timeouts": null
          },
          "sensitive_attributes": [],
          "private": "eyJlMmJmYjczMC1lY2FhLTExZTYtOGY4OC0zNDM2M2JjN2M0YzAiOnsiY3JlYXRlIjozMDAwMDAwMDAwMDAsImRlbGV0ZSI6MzAwMDAwMDAwMDAwLCJ1cGRhdGUiOjEyMDAwMDAwMDAwMH19",
          "dependencies": [
            "aws_route_table.revent_public_route_table",
            "aws_subnet.revent_public_subnet_1",
            "aws_vpc.revent_development_vpc"
          ]
        }
      ]
    },
    {
      "mode": "managed",
      "type": "aws_route_table_association",
      "name": "revent_public_route_2_association",
      "provider": "provider[\"registry.terraform.io/hashicorp/aws\"]",
      "instances": [
        {
          "schema_version": 0,
          "attributes": {
            "gateway_id": "",
            "id": "rtbassoc-0ea61f9365b2eb28a",
            "route_table_id": "rtb-04884f8c8a92c1d88",
            "subnet_id": "subnet-00876ec08964480c2",
            "timeouts": null
          },
          "sensitive_attributes": [],
          "private": "eyJlMmJmYjczMC1lY2FhLTExZTYtOGY4OC0zNDM2M2JjN2M0YzAiOnsiY3JlYXRlIjozMDAwMDAwMDAwMDAsImRlbGV0ZSI6MzAwMDAwMDAwMDAwLCJ1cGRhdGUiOjEyMDAwMDAwMDAwMH19",
          "dependencies": [
            "aws_route_table.revent_public_route_table",
            "aws_subnet.revent_public_subnet_2",
            "aws_vpc.revent_development_vpc"
          ]
        }
      ]
    },
    {
      "mode": "managed",
      "type": "aws_s3_bucket",
      "name": "bucket",
      "provider": "provider[\"registry.terraform.io/hashicorp/aws\"]",
      "instances": [
        {
          "schema_version": 0,
          "attributes": {
            "acceleration_status": "",
            "acl": null,
            "arn": "arn:aws:s3:::revent-storage",
            "bucket": "revent-storage",
            "bucket_domain_name": "revent-storage.s3.amazonaws.com",
            "bucket_prefix": "",
            "bucket_regional_domain_name": "revent-storage.s3.eu-west-1.amazonaws.com",
            "cors_rule": [],
            "force_destroy": false,
            "grant": [
              {
                "id": "",
                "permissions": [
                  "READ"
                ],
                "type": "Group",
                "uri": "http://acs.amazonaws.com/groups/global/AllUsers"
              },
              {
                "id": "c94bbe0e2ca595db0b2282841375172b8e295204689aca7557a7f09d45a20f84",
                "permissions": [
                  "FULL_CONTROL"
                ],
                "type": "CanonicalUser",
                "uri": ""
              }
            ],
            "hosted_zone_id": "Z1BKCTXD74EZPE",
            "id": "revent-storage",
            "lifecycle_rule": [],
            "logging": [],
            "object_lock_configuration": [],
            "object_lock_enabled": false,
            "policy": "{\"Id\":\"bucket\",\"Statement\":[{\"Action\":\"s3:GetObject\",\"Effect\":\"Allow\",\"Principal\":\"*\",\"Resource\":\"arn:aws:s3:::revent-storage/*\",\"Sid\":\"S3IconsBucketPublicAccess\"}],\"Version\":\"2012-10-17\"}",
            "region": "eu-west-1",
            "replication_configuration": [],
            "request_payer": "BucketOwner",
            "server_side_encryption_configuration": [
              {
                "rule": [
                  {
                    "apply_server_side_encryption_by_default": [
                      {
                        "kms_master_key_id": "",
                        "sse_algorithm": "AES256"
                      }
                    ],
                    "bucket_key_enabled": false
                  }
                ]
              }
            ],
            "tags": {},
            "tags_all": {},
            "timeouts": null,
            "versioning": [
              {
                "enabled": false,
                "mfa_delete": false
              }
            ],
            "website": [],
            "website_domain": null,
            "website_endpoint": null
          },
          "sensitive_attributes": [],
          "private": "eyJlMmJmYjczMC1lY2FhLTExZTYtOGY4OC0zNDM2M2JjN2M0YzAiOnsiY3JlYXRlIjoxMjAwMDAwMDAwMDAwLCJkZWxldGUiOjM2MDAwMDAwMDAwMDAsInJlYWQiOjEyMDAwMDAwMDAwMDAsInVwZGF0ZSI6MTIwMDAwMDAwMDAwMH19"
        }
      ]
    },
    {
      "mode": "managed",
      "type": "aws_s3_bucket_acl",
      "name": "bucket",
      "provider": "provider[\"registry.terraform.io/hashicorp/aws\"]",
      "instances": [
        {
          "schema_version": 0,
          "attributes": {
            "access_control_policy": [
              {
                "grant": [
                  {
                    "grantee": [
                      {
                        "display_name": "",
                        "email_address": "",
                        "id": "",
                        "type": "Group",
                        "uri": "http://acs.amazonaws.com/groups/global/AllUsers"
                      }
                    ],
                    "permission": "READ"
                  },
                  {
                    "grantee": [
                      {
                        "display_name": "c.vasconcelos",
                        "email_address": "",
                        "id": "c94bbe0e2ca595db0b2282841375172b8e295204689aca7557a7f09d45a20f84",
                        "type": "CanonicalUser",
                        "uri": ""
                      }
                    ],
                    "permission": "FULL_CONTROL"
                  }
                ],
                "owner": [
                  {
                    "display_name": "c.vasconcelos",
                    "id": "c94bbe0e2ca595db0b2282841375172b8e295204689aca7557a7f09d45a20f84"
                  }
                ]
              }
            ],
            "acl": "public-read",
            "bucket": "revent-storage",
            "expected_bucket_owner": "",
            "id": "revent-storage,public-read"
          },
          "sensitive_attributes": [],
          "private": "bnVsbA==",
          "dependencies": [
            "aws_s3_bucket.bucket",
            "aws_s3_bucket_ownership_controls.bucket",
            "aws_s3_bucket_public_access_block.bucket"
          ]
        }
      ]
    },
    {
      "mode": "managed",
      "type": "aws_s3_bucket_ownership_controls",
      "name": "bucket",
      "provider": "provider[\"registry.terraform.io/hashicorp/aws\"]",
      "instances": [
        {
          "schema_version": 0,
          "attributes": {
            "bucket": "revent-storage",
            "id": "revent-storage",
            "rule": [
              {
                "object_ownership": "BucketOwnerPreferred"
              }
            ]
          },
          "sensitive_attributes": [],
          "private": "bnVsbA==",
          "dependencies": [
            "aws_s3_bucket.bucket"
          ]
        }
      ]
    },
    {
      "mode": "managed",
      "type": "aws_s3_bucket_policy",
      "name": "bucket",
      "provider": "provider[\"registry.terraform.io/hashicorp/aws\"]",
      "instances": [
        {
          "schema_version": 0,
          "attributes": {
            "bucket": "revent-storage",
            "id": "revent-storage",
            "policy": "{\"Id\":\"bucket\",\"Statement\":[{\"Action\":\"s3:GetObject\",\"Effect\":\"Allow\",\"Principal\":\"*\",\"Resource\":\"arn:aws:s3:::revent-storage/*\",\"Sid\":\"S3IconsBucketPublicAccess\"}],\"Version\":\"2012-10-17\"}"
          },
          "sensitive_attributes": [],
          "private": "bnVsbA==",
          "dependencies": [
            "aws_s3_bucket.bucket",
            "data.aws_iam_policy_document.bucket"
          ]
        }
      ]
    },
    {
      "mode": "managed",
      "type": "aws_s3_bucket_public_access_block",
      "name": "bucket",
      "provider": "provider[\"registry.terraform.io/hashicorp/aws\"]",
      "instances": [
        {
          "schema_version": 0,
          "attributes": {
            "block_public_acls": false,
            "block_public_policy": false,
            "bucket": "revent-storage",
            "id": "revent-storage",
            "ignore_public_acls": false,
            "restrict_public_buckets": false
          },
          "sensitive_attributes": [],
          "private": "bnVsbA==",
          "dependencies": [
            "aws_s3_bucket.bucket"
          ]
        }
      ]
    },
    {
      "mode": "managed",
      "type": "aws_security_group",
      "name": "revent_efs_sg",
      "provider": "provider[\"registry.terraform.io/hashicorp/aws\"]",
      "instances": [
        {
          "schema_version": 1,
          "attributes": {
            "arn": "arn:aws:ec2:eu-west-1:550948748737:security-group/sg-01d1cd378a9cd63e4",
            "description": "Allow ECS to EFS communication",
            "egress": [],
            "id": "sg-01d1cd378a9cd63e4",
            "ingress": [
              {
                "cidr_blocks": [
                  "0.0.0.0/0"
                ],
                "description": "",
                "from_port": 2049,
                "ipv6_cidr_blocks": [],
                "prefix_list_ids": [],
                "protocol": "tcp",
                "security_groups": [],
                "self": false,
                "to_port": 2049
              }
            ],
            "name": "EFS Security Group",
            "name_prefix": "",
            "owner_id": "550948748737",
            "revoke_rules_on_delete": false,
            "tags": {},
            "tags_all": {},
            "timeouts": null,
            "vpc_id": "vpc-0ce4f13b1c8dee003"
          },
          "sensitive_attributes": [],
          "private": "eyJlMmJmYjczMC1lY2FhLTExZTYtOGY4OC0zNDM2M2JjN2M0YzAiOnsiY3JlYXRlIjo2MDAwMDAwMDAwMDAsImRlbGV0ZSI6OTAwMDAwMDAwMDAwfSwic2NoZW1hX3ZlcnNpb24iOiIxIn0=",
          "dependencies": [
            "aws_vpc.revent_development_vpc"
          ]
        }
      ]
    },
    {
      "mode": "managed",
      "type": "aws_security_group",
      "name": "revent_load_balancer_sg",
      "provider": "provider[\"registry.terraform.io/hashicorp/aws\"]",
      "instances": [
        {
          "schema_version": 1,
          "attributes": {
            "arn": "arn:aws:ec2:eu-west-1:550948748737:security-group/sg-0067a8c9b8d1a0e12",
            "description": "Security group for external load balancer serving Nginx",
            "egress": [
              {
                "cidr_blocks": [
                  "0.0.0.0/0"
                ],
                "description": "",
                "from_port": 0,
                "ipv6_cidr_blocks": [],
                "prefix_list_ids": [],
                "protocol": "-1",
                "security_groups": [],
                "self": false,
                "to_port": 0
              }
            ],
            "id": "sg-0067a8c9b8d1a0e12",
            "ingress": [
              {
                "cidr_blocks": [
                  "0.0.0.0/0"
                ],
                "description": "",
                "from_port": 443,
                "ipv6_cidr_blocks": [],
                "prefix_list_ids": [],
                "protocol": "tcp",
                "security_groups": [],
                "self": false,
                "to_port": 443
              },
              {
                "cidr_blocks": [
                  "0.0.0.0/0"
                ],
                "description": "",
                "from_port": 80,
                "ipv6_cidr_blocks": [],
                "prefix_list_ids": [],
                "protocol": "tcp",
                "security_groups": [],
                "self": false,
                "to_port": 80
              }
            ],
            "name": "load_balancer_security_group",
            "name_prefix": "",
            "owner_id": "550948748737",
            "revoke_rules_on_delete": false,
            "tags": {},
            "tags_all": {},
            "timeouts": null,
            "vpc_id": "vpc-0ce4f13b1c8dee003"
          },
          "sensitive_attributes": [],
          "private": "eyJlMmJmYjczMC1lY2FhLTExZTYtOGY4OC0zNDM2M2JjN2M0YzAiOnsiY3JlYXRlIjo2MDAwMDAwMDAwMDAsImRlbGV0ZSI6OTAwMDAwMDAwMDAwfSwic2NoZW1hX3ZlcnNpb24iOiIxIn0=",
          "dependencies": [
            "aws_vpc.revent_development_vpc"
          ]
        }
      ]
    },
    {
      "mode": "managed",
      "type": "aws_security_group",
      "name": "revent_rds_sg",
      "provider": "provider[\"registry.terraform.io/hashicorp/aws\"]",
      "instances": [
        {
          "schema_version": 1,
          "attributes": {
            "arn": "arn:aws:ec2:eu-west-1:550948748737:security-group/sg-0f472a9cc2aa1f831",
            "description": "Allows inbound access from Fargate only",
            "egress": [
              {
                "cidr_blocks": [
                  "0.0.0.0/0"
                ],
                "description": "",
                "from_port": 0,
                "ipv6_cidr_blocks": [],
                "prefix_list_ids": [],
                "protocol": "-1",
                "security_groups": [],
                "self": false,
                "to_port": 0
              }
            ],
            "id": "sg-0f472a9cc2aa1f831",
            "ingress": [
              {
                "cidr_blocks": [],
                "description": "",
                "from_port": 5432,
                "ipv6_cidr_blocks": [],
                "prefix_list_ids": [],
                "protocol": "tcp",
                "security_groups": [
                  "sg-0b1eeaa689e7c66d6"
                ],
                "self": false,
                "to_port": 5432
              }
            ],
            "name": "rds-security-group",
            "name_prefix": "",
            "owner_id": "550948748737",
            "revoke_rules_on_delete": false,
            "tags": {},
            "tags_all": {},
            "timeouts": null,
            "vpc_id": "vpc-0ce4f13b1c8dee003"
          },
          "sensitive_attributes": [],
          "private": "eyJlMmJmYjczMC1lY2FhLTExZTYtOGY4OC0zNDM2M2JjN2M0YzAiOnsiY3JlYXRlIjo2MDAwMDAwMDAwMDAsImRlbGV0ZSI6OTAwMDAwMDAwMDAwfSwic2NoZW1hX3ZlcnNpb24iOiIxIn0=",
          "dependencies": [
            "aws_security_group.revent_load_balancer_sg",
            "aws_security_group.revent_tasks_sg",
            "aws_vpc.revent_development_vpc"
          ]
        }
      ]
    },
    {
      "mode": "managed",
      "type": "aws_security_group",
      "name": "revent_tasks_sg",
      "provider": "provider[\"registry.terraform.io/hashicorp/aws\"]",
      "instances": [
        {
          "schema_version": 1,
          "attributes": {
            "arn": "arn:aws:ec2:eu-west-1:550948748737:security-group/sg-0b1eeaa689e7c66d6",
            "description": "Allows inbound access from the ALB and allows communication among tasks within the security group",
            "egress": [
              {
                "cidr_blocks": [
                  "0.0.0.0/0"
                ],
                "description": "",
                "from_port": 0,
                "ipv6_cidr_blocks": [],
                "prefix_list_ids": [],
                "protocol": "-1",
                "security_groups": [],
                "self": false,
                "to_port": 0
              }
            ],
            "id": "sg-0b1eeaa689e7c66d6",
            "ingress": [
              {
                "cidr_blocks": [],
                "description": "",
                "from_port": 0,
                "ipv6_cidr_blocks": [],
                "prefix_list_ids": [],
                "protocol": "-1",
                "security_groups": [
                  "sg-0067a8c9b8d1a0e12"
                ],
                "self": true,
                "to_port": 0
              }
            ],
            "name": "ecs_fargate_security_group",
            "name_prefix": "",
            "owner_id": "550948748737",
            "revoke_rules_on_delete": false,
            "tags": {},
            "tags_all": {},
            "timeouts": null,
            "vpc_id": "vpc-0ce4f13b1c8dee003"
          },
          "sensitive_attributes": [],
          "private": "eyJlMmJmYjczMC1lY2FhLTExZTYtOGY4OC0zNDM2M2JjN2M0YzAiOnsiY3JlYXRlIjo2MDAwMDAwMDAwMDAsImRlbGV0ZSI6OTAwMDAwMDAwMDAwfSwic2NoZW1hX3ZlcnNpb24iOiIxIn0=",
          "dependencies": [
            "aws_security_group.revent_load_balancer_sg",
            "aws_vpc.revent_development_vpc"
          ]
        }
      ]
    },
    {
      "mode": "managed",
      "type": "aws_service_discovery_private_dns_namespace",
      "name": "revent_ns",
      "provider": "provider[\"registry.terraform.io/hashicorp/aws\"]",
      "instances": [
        {
          "schema_version": 0,
          "attributes": {
            "arn": "arn:aws:servicediscovery:eu-west-1:550948748737:namespace/ns-chf6y3fxjqzdbgcb",
            "description": "Service Discovery Private DNS Namespace for API",
            "hosted_zone": "Z04703901PHG76WSRHNDQ",
            "id": "ns-chf6y3fxjqzdbgcb",
            "name": "revent.local",
            "tags": {},
            "tags_all": {},
            "vpc": "vpc-0ce4f13b1c8dee003"
          },
          "sensitive_attributes": [],
          "private": "bnVsbA==",
          "dependencies": [
            "aws_vpc.revent_development_vpc"
          ]
        }
      ]
    },
    {
      "mode": "managed",
      "type": "aws_service_discovery_service",
      "name": "revent_api_sd",
      "provider": "provider[\"registry.terraform.io/hashicorp/aws\"]",
      "instances": [
        {
          "schema_version": 0,
          "attributes": {
            "arn": "arn:aws:servicediscovery:eu-west-1:550948748737:service/srv-fzcfwj7rkcuqe5sr",
            "description": "Service Discovery Service for API",
            "dns_config": [
              {
                "dns_records": [
                  {
                    "ttl": 300,
                    "type": "A"
                  }
                ],
                "namespace_id": "ns-chf6y3fxjqzdbgcb",
                "routing_policy": "MULTIVALUE"
              }
            ],
            "force_destroy": false,
            "health_check_config": [],
            "health_check_custom_config": [
              {
                "failure_threshold": 1
              }
            ],
            "id": "srv-fzcfwj7rkcuqe5sr",
            "name": "revent-api-service-discovery",
            "namespace_id": "ns-chf6y3fxjqzdbgcb",
            "tags": {},
            "tags_all": {},
            "type": "DNS_HTTP"
          },
          "sensitive_attributes": [],
          "private": "bnVsbA==",
          "dependencies": [
            "aws_service_discovery_private_dns_namespace.revent_ns",
            "aws_vpc.revent_development_vpc"
          ]
        }
      ]
    },
    {
      "mode": "managed",
      "type": "aws_service_discovery_service",
      "name": "revent_nginx_sd",
      "provider": "provider[\"registry.terraform.io/hashicorp/aws\"]",
      "instances": [
        {
          "schema_version": 0,
          "attributes": {
            "arn": "arn:aws:servicediscovery:eu-west-1:550948748737:service/srv-rrddst2fuu6ca3va",
            "description": "Service Discovery Service for NGINX",
            "dns_config": [
              {
                "dns_records": [
                  {
                    "ttl": 300,
                    "type": "A"
                  }
                ],
                "namespace_id": "ns-chf6y3fxjqzdbgcb",
                "routing_policy": "MULTIVALUE"
              }
            ],
            "force_destroy": false,
            "health_check_config": [],
            "health_check_custom_config": [
              {
                "failure_threshold": 1
              }
            ],
            "id": "srv-rrddst2fuu6ca3va",
            "name": "revent-nginx-service-discovery",
            "namespace_id": "ns-chf6y3fxjqzdbgcb",
            "tags": {},
            "tags_all": {},
            "type": "DNS_HTTP"
          },
          "sensitive_attributes": [],
          "private": "bnVsbA==",
          "dependencies": [
            "aws_service_discovery_private_dns_namespace.revent_ns",
            "aws_vpc.revent_development_vpc"
          ]
        }
      ]
    },
    {
      "mode": "managed",
      "type": "aws_subnet",
      "name": "revent_private_subnet_1",
      "provider": "provider[\"registry.terraform.io/hashicorp/aws\"]",
      "instances": [
        {
          "schema_version": 1,
          "attributes": {
            "arn": "arn:aws:ec2:eu-west-1:550948748737:subnet/subnet-016b1a5dbf0ead8ea",
            "assign_ipv6_address_on_creation": false,
            "availability_zone": "eu-west-1a",
            "availability_zone_id": "euw1-az3",
            "cidr_block": "10.0.3.0/24",
            "customer_owned_ipv4_pool": "",
            "enable_dns64": false,
            "enable_lni_at_device_index": 0,
            "enable_resource_name_dns_a_record_on_launch": false,
            "enable_resource_name_dns_aaaa_record_on_launch": false,
            "id": "subnet-016b1a5dbf0ead8ea",
            "ipv6_cidr_block": "",
            "ipv6_cidr_block_association_id": "",
            "ipv6_native": false,
            "map_customer_owned_ip_on_launch": false,
            "map_public_ip_on_launch": false,
            "outpost_arn": "",
            "owner_id": "550948748737",
            "private_dns_hostname_type_on_launch": "ip-name",
            "tags": {},
            "tags_all": {},
            "timeouts": null,
            "vpc_id": "vpc-0ce4f13b1c8dee003"
          },
          "sensitive_attributes": [],
          "private": "eyJlMmJmYjczMC1lY2FhLTExZTYtOGY4OC0zNDM2M2JjN2M0YzAiOnsiY3JlYXRlIjo2MDAwMDAwMDAwMDAsImRlbGV0ZSI6MTIwMDAwMDAwMDAwMH0sInNjaGVtYV92ZXJzaW9uIjoiMSJ9",
          "dependencies": [
            "aws_vpc.revent_development_vpc"
          ]
        }
      ]
    },
    {
      "mode": "managed",
      "type": "aws_subnet",
      "name": "revent_private_subnet_2",
      "provider": "provider[\"registry.terraform.io/hashicorp/aws\"]",
      "instances": [
        {
          "schema_version": 1,
          "attributes": {
            "arn": "arn:aws:ec2:eu-west-1:550948748737:subnet/subnet-029c434972ee965da",
            "assign_ipv6_address_on_creation": false,
            "availability_zone": "eu-west-1b",
            "availability_zone_id": "euw1-az1",
            "cidr_block": "10.0.4.0/24",
            "customer_owned_ipv4_pool": "",
            "enable_dns64": false,
            "enable_lni_at_device_index": 0,
            "enable_resource_name_dns_a_record_on_launch": false,
            "enable_resource_name_dns_aaaa_record_on_launch": false,
            "id": "subnet-029c434972ee965da",
            "ipv6_cidr_block": "",
            "ipv6_cidr_block_association_id": "",
            "ipv6_native": false,
            "map_customer_owned_ip_on_launch": false,
            "map_public_ip_on_launch": false,
            "outpost_arn": "",
            "owner_id": "550948748737",
            "private_dns_hostname_type_on_launch": "ip-name",
            "tags": {},
            "tags_all": {},
            "timeouts": null,
            "vpc_id": "vpc-0ce4f13b1c8dee003"
          },
          "sensitive_attributes": [],
          "private": "eyJlMmJmYjczMC1lY2FhLTExZTYtOGY4OC0zNDM2M2JjN2M0YzAiOnsiY3JlYXRlIjo2MDAwMDAwMDAwMDAsImRlbGV0ZSI6MTIwMDAwMDAwMDAwMH0sInNjaGVtYV92ZXJzaW9uIjoiMSJ9",
          "dependencies": [
            "aws_vpc.revent_development_vpc"
          ]
        }
      ]
    },
    {
      "mode": "managed",
      "type": "aws_subnet",
      "name": "revent_public_subnet_1",
      "provider": "provider[\"registry.terraform.io/hashicorp/aws\"]",
      "instances": [
        {
          "schema_version": 1,
          "attributes": {
            "arn": "arn:aws:ec2:eu-west-1:550948748737:subnet/subnet-07ee619ec5db59f22",
            "assign_ipv6_address_on_creation": false,
            "availability_zone": "eu-west-1a",
            "availability_zone_id": "euw1-az3",
            "cidr_block": "10.0.1.0/24",
            "customer_owned_ipv4_pool": "",
            "enable_dns64": false,
            "enable_lni_at_device_index": 0,
            "enable_resource_name_dns_a_record_on_launch": false,
            "enable_resource_name_dns_aaaa_record_on_launch": false,
            "id": "subnet-07ee619ec5db59f22",
            "ipv6_cidr_block": "",
            "ipv6_cidr_block_association_id": "",
            "ipv6_native": false,
            "map_customer_owned_ip_on_launch": false,
            "map_public_ip_on_launch": false,
            "outpost_arn": "",
            "owner_id": "550948748737",
            "private_dns_hostname_type_on_launch": "ip-name",
            "tags": {},
            "tags_all": {},
            "timeouts": null,
            "vpc_id": "vpc-0ce4f13b1c8dee003"
          },
          "sensitive_attributes": [],
          "private": "eyJlMmJmYjczMC1lY2FhLTExZTYtOGY4OC0zNDM2M2JjN2M0YzAiOnsiY3JlYXRlIjo2MDAwMDAwMDAwMDAsImRlbGV0ZSI6MTIwMDAwMDAwMDAwMH0sInNjaGVtYV92ZXJzaW9uIjoiMSJ9",
          "dependencies": [
            "aws_vpc.revent_development_vpc"
          ]
        }
      ]
    },
    {
      "mode": "managed",
      "type": "aws_subnet",
      "name": "revent_public_subnet_2",
      "provider": "provider[\"registry.terraform.io/hashicorp/aws\"]",
      "instances": [
        {
          "schema_version": 1,
          "attributes": {
            "arn": "arn:aws:ec2:eu-west-1:550948748737:subnet/subnet-00876ec08964480c2",
            "assign_ipv6_address_on_creation": false,
            "availability_zone": "eu-west-1b",
            "availability_zone_id": "euw1-az1",
            "cidr_block": "10.0.2.0/24",
            "customer_owned_ipv4_pool": "",
            "enable_dns64": false,
            "enable_lni_at_device_index": 0,
            "enable_resource_name_dns_a_record_on_launch": false,
            "enable_resource_name_dns_aaaa_record_on_launch": false,
            "id": "subnet-00876ec08964480c2",
            "ipv6_cidr_block": "",
            "ipv6_cidr_block_association_id": "",
            "ipv6_native": false,
            "map_customer_owned_ip_on_launch": false,
            "map_public_ip_on_launch": false,
            "outpost_arn": "",
            "owner_id": "550948748737",
            "private_dns_hostname_type_on_launch": "ip-name",
            "tags": {},
            "tags_all": {},
            "timeouts": null,
            "vpc_id": "vpc-0ce4f13b1c8dee003"
          },
          "sensitive_attributes": [],
          "private": "eyJlMmJmYjczMC1lY2FhLTExZTYtOGY4OC0zNDM2M2JjN2M0YzAiOnsiY3JlYXRlIjo2MDAwMDAwMDAwMDAsImRlbGV0ZSI6MTIwMDAwMDAwMDAwMH0sInNjaGVtYV92ZXJzaW9uIjoiMSJ9",
          "dependencies": [
            "aws_vpc.revent_development_vpc"
          ]
        }
      ]
    },
    {
      "mode": "managed",
      "type": "aws_vpc",
      "name": "revent_development_vpc",
      "provider": "provider[\"registry.terraform.io/hashicorp/aws\"]",
      "instances": [
        {
          "schema_version": 1,
          "attributes": {
            "arn": "arn:aws:ec2:eu-west-1:550948748737:vpc/vpc-0ce4f13b1c8dee003",
            "assign_generated_ipv6_cidr_block": false,
            "cidr_block": "10.0.0.0/16",
            "default_network_acl_id": "acl-01faf3f470941b36f",
            "default_route_table_id": "rtb-09ed5f5a3f620c852",
            "default_security_group_id": "sg-0d9b892dfbff40f1c",
            "dhcp_options_id": "dopt-06e3974aab6fa75e2",
            "enable_dns_hostnames": true,
            "enable_dns_support": true,
            "enable_network_address_usage_metrics": false,
            "id": "vpc-0ce4f13b1c8dee003",
            "instance_tenancy": "default",
            "ipv4_ipam_pool_id": null,
            "ipv4_netmask_length": null,
            "ipv6_association_id": "",
            "ipv6_cidr_block": "",
            "ipv6_cidr_block_network_border_group": "",
            "ipv6_ipam_pool_id": "",
            "ipv6_netmask_length": 0,
            "main_route_table_id": "rtb-09ed5f5a3f620c852",
            "owner_id": "550948748737",
            "tags": {},
            "tags_all": {}
          },
          "sensitive_attributes": [],
          "private": "eyJzY2hlbWFfdmVyc2lvbiI6IjEifQ=="
        }
      ]
    },
    {
      "mode": "managed",
      "type": "null_resource",
      "name": "revent_aws_availability_zones",
      "provider": "provider[\"registry.terraform.io/hashicorp/null\"]",
      "instances": [
        {
          "index_key": "eu-west-1a",
          "schema_version": 0,
          "attributes": {
            "id": "2608311333299765339",
            "triggers": {
              "name": "eu-west-1a"
            }
          },
          "sensitive_attributes": []
        },
        {
          "index_key": "eu-west-1b",
          "schema_version": 0,
          "attributes": {
            "id": "6882025095550007206",
            "triggers": {
              "name": "eu-west-1b"
            }
          },
          "sensitive_attributes": []
        }
      ]
    }
  ],
  "check_results": null
}
