{
  "version": 4,
  "terraform_version": "1.7.5",
  "serial": 1168,
  "lineage": "283b7a2f-e459-fb21-1ec9-e7909a1effff",
  "outputs": {
    "revent_nginx_lb_hostname": {
      "value": "revent-1986920932.eu-west-1.elb.amazonaws.com",
      "type": "string"
    },
    "security_group": {
      "value": "sg-0fb4ebd718be3c9ba",
      "type": "string"
    },
    "subnets": {
      "value": [
        "subnet-069e8d1d0df01e1e6",
        "subnet-006453c924d4ad2d0",
        "subnet-0390d4a936abecfab"
      ],
      "type": [
        "tuple",
        [
          "string",
          "string",
          "string"
        ]
      ]
    }
  },
  "resources": [
    {
      "mode": "data",
      "type": "aws_availability_zones",
      "name": "available_zones",
      "provider": "provider[\"registry.terraform.io/hashicorp/aws\"]",
      "instances": [
        {
          "schema_version": 0,
          "attributes": {
            "all_availability_zones": null,
            "exclude_names": null,
            "exclude_zone_ids": null,
            "filter": null,
            "group_names": [
              "eu-west-1"
            ],
            "id": "eu-west-1",
            "names": [
              "eu-west-1a",
              "eu-west-1b",
              "eu-west-1c"
            ],
            "state": null,
            "timeouts": null,
            "zone_ids": [
              "euw1-az3",
              "euw1-az1",
              "euw1-az2"
            ]
          },
          "sensitive_attributes": []
        }
      ]
    },
    {
      "mode": "data",
      "type": "aws_iam_policy_document",
      "name": "revent_storage_bucket",
      "provider": "provider[\"registry.terraform.io/hashicorp/aws\"]",
      "instances": [
        {
          "schema_version": 0,
          "attributes": {
            "id": "174450958",
            "json": "{\n  \"Version\": \"2012-10-17\",\n  \"Id\": \"revent-storage-bucket\",\n  \"Statement\": [\n    {\n      \"Sid\": \"S3IconsBucketPublicAccess\",\n      \"Effect\": \"Allow\",\n      \"Action\": \"s3:GetObject\",\n      \"Resource\": \"arn:aws:s3:::revent-storage/*\",\n      \"Principal\": \"*\"\n    }\n  ]\n}",
            "minified_json": "{\"Version\":\"2012-10-17\",\"Id\":\"revent-storage-bucket\",\"Statement\":[{\"Sid\":\"S3IconsBucketPublicAccess\",\"Effect\":\"Allow\",\"Action\":\"s3:GetObject\",\"Resource\":\"arn:aws:s3:::revent-storage/*\",\"Principal\":\"*\"}]}",
            "override_json": null,
            "override_policy_documents": null,
            "policy_id": "revent-storage-bucket",
            "source_json": null,
            "source_policy_documents": null,
            "statement": [
              {
                "actions": [
                  "s3:GetObject"
                ],
                "condition": [],
                "effect": "Allow",
                "not_actions": [],
                "not_principals": [],
                "not_resources": [],
                "principals": [
                  {
                    "identifiers": [
                      "*"
                    ],
                    "type": "*"
                  }
                ],
                "resources": [
                  "arn:aws:s3:::revent-storage/*"
                ],
                "sid": "S3IconsBucketPublicAccess"
              }
            ],
            "version": "2012-10-17"
          },
          "sensitive_attributes": []
        }
      ]
    },
    {
      "mode": "data",
      "type": "template_file",
      "name": "revent_api",
      "provider": "provider[\"registry.terraform.io/hashicorp/template\"]",
      "instances": [
        {
          "schema_version": 0,
          "attributes": {
            "filename": null,
            "id": "f2e6c5146eee1f0e736b73a24ca7c8bce2e73b9a91f52713f1c52fdf5bf5f51a",
            "rendered": "[\n  {\n    \"name\": \"revent-api\",\n    \"image\": \"550948748737.dkr.ecr.eu-west-1.amazonaws.com/revent-api:latest\",\n    \"essential\": true,\n    \"cpu\": 10,\n    \"memory\": 512,\n    \"portMappings\": [\n      {\n        \"name\": \"revent-api-service\",\n        \"containerPort\": 8000,\n        \"hostPort\": 8000,\n        \"protocol\": \"tcp\",\n        \"appProtocol\": \"http\"\n      }\n    ],\n    \"command\": [\n      \"uvicorn\",\n      \"config.asgi:application\",\n      \"--host\",\n      \"0.0.0.0\",\n      \"--port\",\n      \"8000\",\n      \"--timeout-keep-alive\",\n      \"300\",\n      \"--timeout-graceful-shutdown\",\n      \"300\"\n    ],\n    \"environmentFiles\": [\n      {\n        \"value\": \"arn:aws:s3:::revent-env/.env/api.env\",\n        \"type\": \"s3\"\n      }\n    ],\n    \"environment\": [\n      {\n        \"name\": \"POSTGRES_HOST\",\n        \"value\": \"development.cp8y0m8wgqbo.eu-west-1.rds.amazonaws.com\"\n      },\n      {\n        \"name\": \"ALLOWED_HOSTS\",\n        \"value\": \"revent-1986920932.eu-west-1.elb.amazonaws.com\"\n      },\n      {\n        \"name\": \"ALLOWED_REDIRECT_URIS\",\n        \"value\": \"http://revent-1986920932.eu-west-1.elb.amazonaws.com\"\n      },\n      {\n        \"name\": \"AWS_S3_ENDPOINT_URL\",\n        \"value\": \"http://revent-storage.s3.eu-west-1.amazonaws.com\"\n      }\n    ],\n    \"mountPoints\": [\n      {\n        \"containerPath\": \"/efs/staticfiles/\",\n        \"sourceVolume\": \"efs-volume\",\n        \"readOnly\": false\n      }\n    ],\n    \"logConfiguration\": {\n      \"logDriver\": \"awslogs\",\n      \"options\": {\n        \"awslogs-group\": \"/ecs/revent-api\",\n        \"awslogs-region\": \"eu-west-1\",\n        \"awslogs-stream-prefix\": \"revent-api-log-stream\"\n      }\n    }\n  },\n  {\n    \"name\": \"revent-app\",\n    \"image\": \"550948748737.dkr.ecr.eu-west-1.amazonaws.com/revent-app:latest\",\n    \"essential\": true,\n    \"cpu\": 10,\n    \"memory\": 512,\n    \"portMappings\": [\n      {\n        \"name\": \"revent-app-service\",\n        \"containerPort\": 3000,\n        \"hostPort\": 3000,\n        \"protocol\": \"tcp\",\n        \"appProtocol\": \"http\"\n      }\n    ],\n    \"command\": [\n      \"sh\",\n      \"-c\",\n      \"export HOSTNAME=0.0.0.0 \u0026\u0026 node server.js\"\n    ],\n    \"environmentFiles\": [\n      {\n        \"value\": \"arn:aws:s3:::revent-env/.env/app.env\",\n        \"type\": \"s3\"\n      }\n    ],\n    \"environment\": [\n      {\n        \"name\": \"NEXT_PUBLIC_AWS_S3_ENDPOINT_URL\",\n        \"value\": \"http://revent-storage.s3.eu-west-1.amazonaws.com/revent-media/\"\n      },\n      {\n        \"name\": \"NEXT_PUBLIC_AWS_S3_BUCKET\",\n        \"value\": \"\\\"revent-media/\\\"\"\n      }\n    ],\n    \"logConfiguration\": {\n      \"logDriver\": \"awslogs\",\n      \"options\": {\n        \"awslogs-group\": \"/ecs/revent-app\",\n        \"awslogs-region\": \"eu-west-1\",\n        \"awslogs-stream-prefix\": \"revent-app-log-stream\"\n      }\n    }\n  },\n  {\n    \"name\": \"revent-nginx\",\n    \"image\": \"550948748737.dkr.ecr.eu-west-1.amazonaws.com/revent-nginx:latest\",\n    \"essential\": true,\n    \"cpu\": 10,\n    \"memory\": 128,\n    \"portMappings\": [\n      {\n        \"containerPort\": 80,\n        \"protocol\": \"tcp\"\n      }\n    ],\n    \"environmentFiles\": [\n      {\n        \"value\": \"arn:aws:s3:::revent-env/.env/nginx.env\",\n        \"type\": \"s3\"\n      }\n    ],\n    \"mountPoints\": [\n      {\n        \"containerPath\": \"/efs/staticfiles/\",\n        \"sourceVolume\": \"efs-volume\",\n        \"readOnly\": false\n      }\n    ],\n    \"logConfiguration\": {\n      \"logDriver\": \"awslogs\",\n      \"options\": {\n        \"awslogs-group\": \"/ecs/revent-nginx\",\n        \"awslogs-region\": \"eu-west-1\",\n        \"awslogs-stream-prefix\": \"revent-nginx-log-stream\"\n      }\n    }\n  }\n]",
            "template": "[\n  {\n    \"name\": \"revent-api\",\n    \"image\": \"${docker_url_api}\",\n    \"essential\": true,\n    \"cpu\": 10,\n    \"memory\": 512,\n    \"portMappings\": [\n      {\n        \"name\": \"revent-api-service\",\n        \"containerPort\": 8000,\n        \"hostPort\": 8000,\n        \"protocol\": \"tcp\",\n        \"appProtocol\": \"http\"\n      }\n    ],\n    \"command\": [\n      \"uvicorn\",\n      \"config.asgi:application\",\n      \"--host\",\n      \"0.0.0.0\",\n      \"--port\",\n      \"8000\",\n      \"--timeout-keep-alive\",\n      \"300\",\n      \"--timeout-graceful-shutdown\",\n      \"300\"\n    ],\n    \"environmentFiles\": [\n      {\n        \"value\": \"${api_env_file}\",\n        \"type\": \"s3\"\n      }\n    ],\n    \"environment\": [\n      {\n        \"name\": \"POSTGRES_HOST\",\n        \"value\": \"${rds_hostname}\"\n      },\n      {\n        \"name\": \"ALLOWED_HOSTS\",\n        \"value\": \"${allowed_hosts}\"\n      },\n      {\n        \"name\": \"ALLOWED_REDIRECT_URIS\",\n        \"value\": \"${allowed_redirect_uris}\"\n      },\n      {\n        \"name\": \"AWS_S3_ENDPOINT_URL\",\n        \"value\": \"${s3_endpoint_url}\"\n      }\n    ],\n    \"mountPoints\": [\n      {\n        \"containerPath\": \"/efs/staticfiles/\",\n        \"sourceVolume\": \"efs-volume\",\n        \"readOnly\": false\n      }\n    ],\n    \"logConfiguration\": {\n      \"logDriver\": \"awslogs\",\n      \"options\": {\n        \"awslogs-group\": \"/ecs/revent-api\",\n        \"awslogs-region\": \"${region}\",\n        \"awslogs-stream-prefix\": \"revent-api-log-stream\"\n      }\n    }\n  },\n  {\n    \"name\": \"revent-app\",\n    \"image\": \"${docker_url_app}\",\n    \"essential\": true,\n    \"cpu\": 10,\n    \"memory\": 512,\n    \"portMappings\": [\n      {\n        \"name\": \"revent-app-service\",\n        \"containerPort\": 3000,\n        \"hostPort\": 3000,\n        \"protocol\": \"tcp\",\n        \"appProtocol\": \"http\"\n      }\n    ],\n    \"command\": [\n      \"sh\",\n      \"-c\",\n      \"export HOSTNAME=0.0.0.0 \u0026\u0026 node server.js\"\n    ],\n    \"environmentFiles\": [\n      {\n        \"value\": \"${app_env_file}\",\n        \"type\": \"s3\"\n      }\n    ],\n    \"environment\": [\n      {\n        \"name\": \"NEXT_PUBLIC_AWS_S3_ENDPOINT_URL\",\n        \"value\": \"${s3_endpoint_url}/${revent_media_dir}\"\n      },\n      {\n        \"name\": \"NEXT_PUBLIC_AWS_S3_BUCKET\",\n        \"value\": \"\\\"${revent_media_dir}\\\"\"\n      }\n    ],\n    \"logConfiguration\": {\n      \"logDriver\": \"awslogs\",\n      \"options\": {\n        \"awslogs-group\": \"/ecs/revent-app\",\n        \"awslogs-region\": \"${region}\",\n        \"awslogs-stream-prefix\": \"revent-app-log-stream\"\n      }\n    }\n  },\n  {\n    \"name\": \"revent-nginx\",\n    \"image\": \"${docker_url_nginx}\",\n    \"essential\": true,\n    \"cpu\": 10,\n    \"memory\": 128,\n    \"portMappings\": [\n      {\n        \"containerPort\": 80,\n        \"protocol\": \"tcp\"\n      }\n    ],\n    \"environmentFiles\": [\n      {\n        \"value\": \"${nginx_env_file}\",\n        \"type\": \"s3\"\n      }\n    ],\n    \"mountPoints\": [\n      {\n        \"containerPath\": \"/efs/staticfiles/\",\n        \"sourceVolume\": \"efs-volume\",\n        \"readOnly\": false\n      }\n    ],\n    \"logConfiguration\": {\n      \"logDriver\": \"awslogs\",\n      \"options\": {\n        \"awslogs-group\": \"/ecs/revent-nginx\",\n        \"awslogs-region\": \"${region}\",\n        \"awslogs-stream-prefix\": \"revent-nginx-log-stream\"\n      }\n    }\n  }\n]",
            "vars": {
              "allowed_hosts": "revent-1986920932.eu-west-1.elb.amazonaws.com",
              "allowed_redirect_uris": "http://revent-1986920932.eu-west-1.elb.amazonaws.com",
              "api_env_file": "arn:aws:s3:::revent-env/.env/api.env",
              "app_env_file": "arn:aws:s3:::revent-env/.env/app.env",
              "docker_url_api": "550948748737.dkr.ecr.eu-west-1.amazonaws.com/revent-api:latest",
              "docker_url_app": "550948748737.dkr.ecr.eu-west-1.amazonaws.com/revent-app:latest",
              "docker_url_nginx": "550948748737.dkr.ecr.eu-west-1.amazonaws.com/revent-nginx:latest",
              "nginx_env_file": "arn:aws:s3:::revent-env/.env/nginx.env",
              "rds_hostname": "development.cp8y0m8wgqbo.eu-west-1.rds.amazonaws.com",
              "region": "eu-west-1",
              "revent_media_dir": "revent-media/",
              "s3_endpoint_url": "http://revent-storage.s3.eu-west-1.amazonaws.com"
            }
          },
          "sensitive_attributes": []
        }
      ]
    },
    {
      "mode": "data",
      "type": "template_file",
      "name": "revent_api_collectstatic",
      "provider": "provider[\"registry.terraform.io/hashicorp/template\"]",
      "instances": [
        {
          "schema_version": 0,
          "attributes": {
            "filename": null,
            "id": "f32117503f968370cf89744733bd9bd21bd4d2c88775d498ee425b934ec6a09a",
            "rendered": "[\n  {\n    \"name\": \"revent-api-collect-static\",\n    \"image\": \"550948748737.dkr.ecr.eu-west-1.amazonaws.com/revent-api:latest\",\n    \"command\": [\n      \"python\",\n      \"manage.py\",\n      \"collectstatic\",\n      \"--no-input\",\n      \"-v\",\n      \"3\"\n    ],\n    \"linuxParameters\": {\n      \"user\": \"1000:1000\"\n    },\n    \"portMappings\": [\n      {\n        \"containerPort\": 8000\n      }\n    ],\n    \"mountPoints\": [\n      {\n        \"containerPath\": \"/efs/staticfiles/\",\n        \"sourceVolume\": \"efs-volume\",\n        \"readOnly\": false\n      }\n    ],\n    \"logConfiguration\": {\n      \"logDriver\": \"awslogs\",\n      \"options\": {\n        \"awslogs-group\": \"/ecs/revent-api\",\n        \"awslogs-region\": \"eu-west-1\",\n        \"awslogs-stream-prefix\": \"ecs\"\n      }\n    }\n  }\n]",
            "template": "[\n  {\n    \"name\": \"revent-api-collect-static\",\n    \"image\": \"${docker_url_api}\",\n    \"command\": [\n      \"python\",\n      \"manage.py\",\n      \"collectstatic\",\n      \"--no-input\",\n      \"-v\",\n      \"3\"\n    ],\n    \"linuxParameters\": {\n      \"user\": \"1000:1000\"\n    },\n    \"portMappings\": [\n      {\n        \"containerPort\": 8000\n      }\n    ],\n    \"mountPoints\": [\n      {\n        \"containerPath\": \"/efs/staticfiles/\",\n        \"sourceVolume\": \"efs-volume\",\n        \"readOnly\": false\n      }\n    ],\n    \"logConfiguration\": {\n      \"logDriver\": \"awslogs\",\n      \"options\": {\n        \"awslogs-group\": \"/ecs/revent-api\",\n        \"awslogs-region\": \"${region}\",\n        \"awslogs-stream-prefix\": \"ecs\"\n      }\n    }\n  }\n]",
            "vars": {
              "api_env_file": "arn:aws:s3:::revent-env/.env/api.env",
              "docker_url_api": "550948748737.dkr.ecr.eu-west-1.amazonaws.com/revent-api:latest",
              "region": "eu-west-1"
            }
          },
          "sensitive_attributes": []
        }
      ]
    },
    {
      "mode": "data",
      "type": "template_file",
      "name": "revent_api_create_superuser",
      "provider": "provider[\"registry.terraform.io/hashicorp/template\"]",
      "instances": [
        {
          "schema_version": 0,
          "attributes": {
            "filename": null,
            "id": "6eef786cb0eba41596c2ad363e085af7f70d81e17388b38907d33667445216ff",
            "rendered": "[\n  {\n    \"name\": \"revent-api-create-superuser\",\n    \"image\": \"550948748737.dkr.ecr.eu-west-1.amazonaws.com/revent-api:latest\",\n    \"portMappings\": [\n      {\n        \"containerPort\": 8000\n      }\n    ],\n    \"command\": [\n      \"python\",\n      \"manage.py\",\n      \"createsuperuser\",\n      \"--noinput\"\n    ],\n    \"environment\": [\n      {\n        \"name\": \"DJANGO_SUPERUSER_FIRST_NAME\",\n        \"value\": \"\"\n      },\n      {\n        \"name\": \"DJANGO_SUPERUSER_LAST_NAME\",\n        \"value\": \"\"\n      },\n      {\n        \"name\": \"DJANGO_SUPERUSER_EMAIL\",\n        \"value\": \"\"\n      },\n      {\n        \"name\": \"DJANGO_SUPERUSER_PASSWORD\",\n        \"value\": \"\"\n      },\n      {\n        \"name\": \"POSTGRES_HOST\",\n        \"value\": \"development.cp8y0m8wgqbo.eu-west-1.rds.amazonaws.com\"\n      }\n    ],\n    \"logConfiguration\": {\n      \"logDriver\": \"awslogs\",\n      \"options\": {\n        \"awslogs-group\": \"/ecs/revent-api\",\n        \"awslogs-region\": \"eu-west-1\",\n        \"awslogs-stream-prefix\": \"ecs\"\n      }\n    }\n  }\n]",
            "template": "[\n  {\n    \"name\": \"revent-api-create-superuser\",\n    \"image\": \"${docker_url_api}\",\n    \"portMappings\": [\n      {\n        \"containerPort\": 8000\n      }\n    ],\n    \"command\": [\n      \"python\",\n      \"manage.py\",\n      \"createsuperuser\",\n      \"--noinput\"\n    ],\n    \"environment\": [\n      {\n        \"name\": \"DJANGO_SUPERUSER_FIRST_NAME\",\n        \"value\": \"\"\n      },\n      {\n        \"name\": \"DJANGO_SUPERUSER_LAST_NAME\",\n        \"value\": \"\"\n      },\n      {\n        \"name\": \"DJANGO_SUPERUSER_EMAIL\",\n        \"value\": \"\"\n      },\n      {\n        \"name\": \"DJANGO_SUPERUSER_PASSWORD\",\n        \"value\": \"\"\n      },\n      {\n        \"name\": \"POSTGRES_HOST\",\n        \"value\": \"${rds_hostname}\"\n      }\n    ],\n    \"logConfiguration\": {\n      \"logDriver\": \"awslogs\",\n      \"options\": {\n        \"awslogs-group\": \"/ecs/revent-api\",\n        \"awslogs-region\": \"${region}\",\n        \"awslogs-stream-prefix\": \"ecs\"\n      }\n    }\n  }\n]",
            "vars": {
              "api_env_file": "arn:aws:s3:::revent-env/.env/api.env",
              "docker_url_api": "550948748737.dkr.ecr.eu-west-1.amazonaws.com/revent-api:latest",
              "rds_hostname": "development.cp8y0m8wgqbo.eu-west-1.rds.amazonaws.com",
              "region": "eu-west-1"
            }
          },
          "sensitive_attributes": []
        }
      ]
    },
    {
      "mode": "data",
      "type": "template_file",
      "name": "revent_api_migrate",
      "provider": "provider[\"registry.terraform.io/hashicorp/template\"]",
      "instances": [
        {
          "schema_version": 0,
          "attributes": {
            "filename": null,
            "id": "2a763e7d91469494b0d2182ed06e184a832dfa5bde3800df40a4c137a5149c50",
            "rendered": "[\n  {\n    \"name\": \"revent-api-migrate\",\n    \"image\": \"550948748737.dkr.ecr.eu-west-1.amazonaws.com/revent-api:latest\",\n    \"portMappings\": [\n      {\n        \"containerPort\": 8000\n      }\n    ],\n    \"command\": [\n      \"python\",\n      \"manage.py\",\n      \"migrate\"\n    ],\n    \"environment\": [\n      {\n        \"name\": \"POSTGRES_HOST\",\n        \"value\": \"development.cp8y0m8wgqbo.eu-west-1.rds.amazonaws.com\"\n      }\n    ],\n    \"logConfiguration\": {\n      \"logDriver\": \"awslogs\",\n      \"options\": {\n        \"awslogs-group\": \"/ecs/revent-api\",\n        \"awslogs-region\": \"eu-west-1\",\n        \"awslogs-stream-prefix\": \"ecs\"\n      }\n    }\n  }\n]",
            "template": "[\n  {\n    \"name\": \"revent-api-migrate\",\n    \"image\": \"${docker_url_api}\",\n    \"portMappings\": [\n      {\n        \"containerPort\": 8000\n      }\n    ],\n    \"command\": [\n      \"python\",\n      \"manage.py\",\n      \"migrate\"\n    ],\n    \"environment\": [\n      {\n        \"name\": \"POSTGRES_HOST\",\n        \"value\": \"${rds_hostname}\"\n      }\n    ],\n    \"logConfiguration\": {\n      \"logDriver\": \"awslogs\",\n      \"options\": {\n        \"awslogs-group\": \"/ecs/revent-api\",\n        \"awslogs-region\": \"${region}\",\n        \"awslogs-stream-prefix\": \"ecs\"\n      }\n    }\n  }\n]",
            "vars": {
              "api_env_file": "arn:aws:s3:::revent-env/.env/api.env",
              "docker_url_api": "550948748737.dkr.ecr.eu-west-1.amazonaws.com/revent-api:latest",
              "rds_hostname": "development.cp8y0m8wgqbo.eu-west-1.rds.amazonaws.com",
              "region": "eu-west-1"
            }
          },
          "sensitive_attributes": []
        }
      ]
    },
    {
      "mode": "managed",
      "type": "aws_alb_listener",
      "name": "revent_alb_listener",
      "provider": "provider[\"registry.terraform.io/hashicorp/aws\"]",
      "instances": [
        {
          "schema_version": 0,
          "attributes": {
            "alpn_policy": null,
            "arn": "arn:aws:elasticloadbalancing:eu-west-1:550948748737:listener/app/revent/f9143b3615dadd45/9b7eb16ffc471637",
            "certificate_arn": null,
            "default_action": [
              {
                "authenticate_cognito": [],
                "authenticate_oidc": [],
                "fixed_response": [],
                "forward": [],
                "order": 1,
                "redirect": [],
                "target_group_arn": "arn:aws:elasticloadbalancing:eu-west-1:550948748737:targetgroup/revent-tg/2edaf2b5367a7e7c",
                "type": "forward"
              }
            ],
            "id": "arn:aws:elasticloadbalancing:eu-west-1:550948748737:listener/app/revent/f9143b3615dadd45/9b7eb16ffc471637",
            "load_balancer_arn": "arn:aws:elasticloadbalancing:eu-west-1:550948748737:loadbalancer/app/revent/f9143b3615dadd45",
            "mutual_authentication": [],
            "port": 80,
            "protocol": "HTTP",
            "ssl_policy": "",
            "tags": {},
            "tags_all": {},
            "timeouts": null
          },
          "sensitive_attributes": [],
          "private": "eyJlMmJmYjczMC1lY2FhLTExZTYtOGY4OC0zNDM2M2JjN2M0YzAiOnsiY3JlYXRlIjozMDAwMDAwMDAwMDAsInVwZGF0ZSI6MzAwMDAwMDAwMDAwfX0=",
          "dependencies": [
            "aws_alb_target_group.revent_tg",
            "aws_default_subnet.default_subnets",
            "aws_default_vpc.default_vpc",
            "aws_lb.revent_lb",
            "aws_security_group.lb_sg",
            "data.aws_availability_zones.available_zones"
          ]
        }
      ]
    },
    {
      "mode": "managed",
      "type": "aws_alb_target_group",
      "name": "revent_tg",
      "provider": "provider[\"registry.terraform.io/hashicorp/aws\"]",
      "instances": [
        {
          "schema_version": 0,
          "attributes": {
            "arn": "arn:aws:elasticloadbalancing:eu-west-1:550948748737:targetgroup/revent-tg/2edaf2b5367a7e7c",
            "arn_suffix": "targetgroup/revent-tg/2edaf2b5367a7e7c",
            "connection_termination": null,
            "deregistration_delay": "300",
            "health_check": [
              {
                "enabled": true,
                "healthy_threshold": 3,
                "interval": 60,
                "matcher": "200",
                "path": "/ping/",
                "port": "traffic-port",
                "protocol": "HTTP",
                "timeout": 5,
                "unhealthy_threshold": 3
              }
            ],
            "id": "arn:aws:elasticloadbalancing:eu-west-1:550948748737:targetgroup/revent-tg/2edaf2b5367a7e7c",
            "ip_address_type": "ipv4",
            "lambda_multi_value_headers_enabled": false,
            "load_balancer_arns": [
              "arn:aws:elasticloadbalancing:eu-west-1:550948748737:loadbalancer/app/revent/f9143b3615dadd45"
            ],
            "load_balancing_algorithm_type": "round_robin",
            "load_balancing_anomaly_mitigation": "off",
            "load_balancing_cross_zone_enabled": "use_load_balancer_configuration",
            "name": "revent-tg",
            "name_prefix": "",
            "port": 80,
            "preserve_client_ip": null,
            "protocol": "HTTP",
            "protocol_version": "HTTP1",
            "proxy_protocol_v2": false,
            "slow_start": 0,
            "stickiness": [
              {
                "cookie_duration": 86400,
                "cookie_name": "",
                "enabled": false,
                "type": "lb_cookie"
              }
            ],
            "tags": {},
            "tags_all": {},
            "target_failover": [
              {
                "on_deregistration": null,
                "on_unhealthy": null
              }
            ],
            "target_health_state": [
              {
                "enable_unhealthy_connection_termination": null
              }
            ],
            "target_type": "ip",
            "vpc_id": "vpc-0e07c27ef6e6caff7"
          },
          "sensitive_attributes": [],
          "private": "bnVsbA==",
          "dependencies": [
            "aws_default_vpc.default_vpc"
          ]
        }
      ]
    },
    {
      "mode": "managed",
      "type": "aws_cloudwatch_log_group",
      "name": "revent_api_log_group",
      "provider": "provider[\"registry.terraform.io/hashicorp/aws\"]",
      "instances": [
        {
          "schema_version": 0,
          "attributes": {
            "arn": "arn:aws:logs:eu-west-1:550948748737:log-group:/ecs/revent-api",
            "id": "/ecs/revent-api",
            "kms_key_id": "",
            "log_group_class": "STANDARD",
            "name": "/ecs/revent-api",
            "name_prefix": "",
            "retention_in_days": 7,
            "skip_destroy": false,
            "tags": {},
            "tags_all": {}
          },
          "sensitive_attributes": [],
          "private": "bnVsbA=="
        }
      ]
    },
    {
      "mode": "managed",
      "type": "aws_cloudwatch_log_group",
      "name": "revent_app_log_group",
      "provider": "provider[\"registry.terraform.io/hashicorp/aws\"]",
      "instances": [
        {
          "schema_version": 0,
          "attributes": {
            "arn": "arn:aws:logs:eu-west-1:550948748737:log-group:/ecs/revent-app",
            "id": "/ecs/revent-app",
            "kms_key_id": "",
            "log_group_class": "STANDARD",
            "name": "/ecs/revent-app",
            "name_prefix": "",
            "retention_in_days": 7,
            "skip_destroy": false,
            "tags": {},
            "tags_all": {}
          },
          "sensitive_attributes": [],
          "private": "bnVsbA=="
        }
      ]
    },
    {
      "mode": "managed",
      "type": "aws_cloudwatch_log_group",
      "name": "revent_nginx_log_group",
      "provider": "provider[\"registry.terraform.io/hashicorp/aws\"]",
      "instances": [
        {
          "schema_version": 0,
          "attributes": {
            "arn": "arn:aws:logs:eu-west-1:550948748737:log-group:/ecs/revent-nginx",
            "id": "/ecs/revent-nginx",
            "kms_key_id": "",
            "log_group_class": "STANDARD",
            "name": "/ecs/revent-nginx",
            "name_prefix": "",
            "retention_in_days": 7,
            "skip_destroy": false,
            "tags": {},
            "tags_all": {}
          },
          "sensitive_attributes": [],
          "private": "bnVsbA=="
        }
      ]
    },
    {
      "mode": "managed",
      "type": "aws_cloudwatch_log_stream",
      "name": "revent_nginx_log_stream",
      "provider": "provider[\"registry.terraform.io/hashicorp/aws\"]",
      "instances": [
        {
          "schema_version": 0,
          "attributes": {
            "arn": "arn:aws:logs:eu-west-1:550948748737:log-group:/ecs/revent-nginx:log-stream:revent-nginx-log-stream",
            "id": "revent-nginx-log-stream",
            "log_group_name": "/ecs/revent-nginx",
            "name": "revent-nginx-log-stream"
          },
          "sensitive_attributes": [],
          "private": "bnVsbA==",
          "dependencies": [
            "aws_cloudwatch_log_group.revent_nginx_log_group"
          ]
        }
      ]
    },
    {
      "mode": "managed",
      "type": "aws_db_instance",
      "name": "development",
      "provider": "provider[\"registry.terraform.io/hashicorp/aws\"]",
      "instances": [
        {
          "schema_version": 2,
          "attributes": {
            "address": "development.cp8y0m8wgqbo.eu-west-1.rds.amazonaws.com",
            "allocated_storage": 20,
            "allow_major_version_upgrade": null,
            "apply_immediately": false,
            "arn": "arn:aws:rds:eu-west-1:550948748737:db:development",
            "auto_minor_version_upgrade": true,
            "availability_zone": "eu-west-1b",
            "backup_retention_period": 7,
            "backup_target": "region",
            "backup_window": "00:42-01:12",
            "blue_green_update": [],
            "ca_cert_identifier": "rds-ca-rsa2048-g1",
            "character_set_name": "",
            "copy_tags_to_snapshot": false,
            "custom_iam_instance_profile": "",
            "customer_owned_ip_enabled": false,
            "db_name": "",
            "db_subnet_group_name": "development",
            "dedicated_log_volume": false,
            "delete_automated_backups": true,
            "deletion_protection": false,
            "domain": "",
            "domain_auth_secret_arn": "",
            "domain_dns_ips": [],
            "domain_fqdn": "",
            "domain_iam_role_name": "",
            "domain_ou": "",
            "enabled_cloudwatch_logs_exports": [],
            "endpoint": "development.cp8y0m8wgqbo.eu-west-1.rds.amazonaws.com:5432",
            "engine": "postgres",
            "engine_version": "15.4",
            "engine_version_actual": "15.4",
            "final_snapshot_identifier": null,
            "hosted_zone_id": "Z29XKXDKYMONMX",
            "iam_database_authentication_enabled": false,
            "id": "db-WJYT7IKEJ7H3Y7KPNPOAIXXBPI",
            "identifier": "development",
            "identifier_prefix": "",
            "instance_class": "db.t3.micro",
            "iops": 0,
            "kms_key_id": "",
            "latest_restorable_time": "2024-05-16T11:54:35Z",
            "license_model": "postgresql-license",
            "listener_endpoint": [],
            "maintenance_window": "sat:23:08-sat:23:38",
            "manage_master_user_password": null,
            "master_user_secret": [],
            "master_user_secret_kms_key_id": null,
            "max_allocated_storage": 0,
            "monitoring_interval": 0,
            "monitoring_role_arn": "",
            "multi_az": false,
            "nchar_character_set_name": "",
            "network_type": "IPV4",
            "option_group_name": "default:postgres-15",
            "parameter_group_name": "default.postgres15",
            "password": "HGfDyfYEhjLeDhf1Q7AH",
            "performance_insights_enabled": false,
            "performance_insights_kms_key_id": "",
            "performance_insights_retention_period": 0,
            "port": 5432,
            "publicly_accessible": true,
            "replica_mode": "",
            "replicas": [],
            "replicate_source_db": "",
            "resource_id": "db-WJYT7IKEJ7H3Y7KPNPOAIXXBPI",
            "restore_to_point_in_time": [],
            "s3_import": [],
            "skip_final_snapshot": true,
            "snapshot_identifier": null,
            "status": "available",
            "storage_encrypted": false,
            "storage_throughput": 0,
            "storage_type": "gp2",
            "tags": {},
            "tags_all": {},
            "timeouts": null,
            "timezone": "",
            "username": "development_admin",
            "vpc_security_group_ids": [
              "sg-0a2d5814c77ef7667"
            ]
          },
          "sensitive_attributes": [],
          "private": "eyJlMmJmYjczMC1lY2FhLTExZTYtOGY4OC0zNDM2M2JjN2M0YzAiOnsiY3JlYXRlIjoyNDAwMDAwMDAwMDAwLCJkZWxldGUiOjM2MDAwMDAwMDAwMDAsInVwZGF0ZSI6NDgwMDAwMDAwMDAwMH0sInNjaGVtYV92ZXJzaW9uIjoiMiJ9",
          "dependencies": [
            "aws_db_subnet_group.development",
            "aws_default_subnet.default_subnets",
            "aws_default_vpc.default_vpc",
            "aws_security_group.lb_sg",
            "aws_security_group.rds_sg",
            "aws_security_group.tasks_sg",
            "data.aws_availability_zones.available_zones"
          ]
        }
      ]
    },
    {
      "mode": "managed",
      "type": "aws_db_subnet_group",
      "name": "development",
      "provider": "provider[\"registry.terraform.io/hashicorp/aws\"]",
      "instances": [
        {
          "schema_version": 0,
          "attributes": {
            "arn": "arn:aws:rds:eu-west-1:550948748737:subgrp:development",
            "description": "Managed by Terraform",
            "id": "development",
            "name": "development",
            "name_prefix": "",
            "subnet_ids": [
              "subnet-006453c924d4ad2d0",
              "subnet-0390d4a936abecfab",
              "subnet-069e8d1d0df01e1e6"
            ],
            "supported_network_types": [
              "IPV4"
            ],
            "tags": {},
            "tags_all": {},
            "vpc_id": "vpc-0e07c27ef6e6caff7"
          },
          "sensitive_attributes": [],
          "private": "eyJzY2hlbWFfdmVyc2lvbiI6IjAifQ==",
          "dependencies": [
            "aws_default_subnet.default_subnets",
            "data.aws_availability_zones.available_zones"
          ]
        }
      ]
    },
    {
      "mode": "managed",
      "type": "aws_default_subnet",
      "name": "default_subnets",
      "provider": "provider[\"registry.terraform.io/hashicorp/aws\"]",
      "instances": [
        {
          "index_key": 0,
          "schema_version": 1,
          "attributes": {
            "arn": "arn:aws:ec2:eu-west-1:550948748737:subnet/subnet-069e8d1d0df01e1e6",
            "assign_ipv6_address_on_creation": false,
            "availability_zone": "eu-west-1a",
            "availability_zone_id": "euw1-az3",
            "cidr_block": "172.31.32.0/20",
            "customer_owned_ipv4_pool": "",
            "enable_dns64": false,
            "enable_lni_at_device_index": 0,
            "enable_resource_name_dns_a_record_on_launch": false,
            "enable_resource_name_dns_aaaa_record_on_launch": false,
            "existing_default_subnet": true,
            "force_destroy": false,
            "id": "subnet-069e8d1d0df01e1e6",
            "ipv6_cidr_block": "",
            "ipv6_cidr_block_association_id": "",
            "ipv6_native": false,
            "map_customer_owned_ip_on_launch": false,
            "map_public_ip_on_launch": true,
            "outpost_arn": "",
            "owner_id": "550948748737",
            "private_dns_hostname_type_on_launch": "ip-name",
            "tags": {},
            "tags_all": {},
            "timeouts": null,
            "vpc_id": "vpc-0e07c27ef6e6caff7"
          },
          "sensitive_attributes": [],
          "private": "eyJlMmJmYjczMC1lY2FhLTExZTYtOGY4OC0zNDM2M2JjN2M0YzAiOnsiY3JlYXRlIjo2MDAwMDAwMDAwMDAsImRlbGV0ZSI6MTIwMDAwMDAwMDAwMH0sInNjaGVtYV92ZXJzaW9uIjoiMSJ9",
          "dependencies": [
            "data.aws_availability_zones.available_zones"
          ]
        },
        {
          "index_key": 1,
          "schema_version": 1,
          "attributes": {
            "arn": "arn:aws:ec2:eu-west-1:550948748737:subnet/subnet-006453c924d4ad2d0",
            "assign_ipv6_address_on_creation": false,
            "availability_zone": "eu-west-1b",
            "availability_zone_id": "euw1-az1",
            "cidr_block": "172.31.0.0/20",
            "customer_owned_ipv4_pool": "",
            "enable_dns64": false,
            "enable_lni_at_device_index": 0,
            "enable_resource_name_dns_a_record_on_launch": false,
            "enable_resource_name_dns_aaaa_record_on_launch": false,
            "existing_default_subnet": true,
            "force_destroy": false,
            "id": "subnet-006453c924d4ad2d0",
            "ipv6_cidr_block": "",
            "ipv6_cidr_block_association_id": "",
            "ipv6_native": false,
            "map_customer_owned_ip_on_launch": false,
            "map_public_ip_on_launch": true,
            "outpost_arn": "",
            "owner_id": "550948748737",
            "private_dns_hostname_type_on_launch": "ip-name",
            "tags": {},
            "tags_all": {},
            "timeouts": null,
            "vpc_id": "vpc-0e07c27ef6e6caff7"
          },
          "sensitive_attributes": [],
          "private": "eyJlMmJmYjczMC1lY2FhLTExZTYtOGY4OC0zNDM2M2JjN2M0YzAiOnsiY3JlYXRlIjo2MDAwMDAwMDAwMDAsImRlbGV0ZSI6MTIwMDAwMDAwMDAwMH0sInNjaGVtYV92ZXJzaW9uIjoiMSJ9",
          "dependencies": [
            "data.aws_availability_zones.available_zones"
          ]
        },
        {
          "index_key": 2,
          "schema_version": 1,
          "attributes": {
            "arn": "arn:aws:ec2:eu-west-1:550948748737:subnet/subnet-0390d4a936abecfab",
            "assign_ipv6_address_on_creation": false,
            "availability_zone": "eu-west-1c",
            "availability_zone_id": "euw1-az2",
            "cidr_block": "172.31.16.0/20",
            "customer_owned_ipv4_pool": "",
            "enable_dns64": false,
            "enable_lni_at_device_index": 0,
            "enable_resource_name_dns_a_record_on_launch": false,
            "enable_resource_name_dns_aaaa_record_on_launch": false,
            "existing_default_subnet": true,
            "force_destroy": false,
            "id": "subnet-0390d4a936abecfab",
            "ipv6_cidr_block": "",
            "ipv6_cidr_block_association_id": "",
            "ipv6_native": false,
            "map_customer_owned_ip_on_launch": false,
            "map_public_ip_on_launch": true,
            "outpost_arn": "",
            "owner_id": "550948748737",
            "private_dns_hostname_type_on_launch": "ip-name",
            "tags": {},
            "tags_all": {},
            "timeouts": null,
            "vpc_id": "vpc-0e07c27ef6e6caff7"
          },
          "sensitive_attributes": [],
          "private": "eyJlMmJmYjczMC1lY2FhLTExZTYtOGY4OC0zNDM2M2JjN2M0YzAiOnsiY3JlYXRlIjo2MDAwMDAwMDAwMDAsImRlbGV0ZSI6MTIwMDAwMDAwMDAwMH0sInNjaGVtYV92ZXJzaW9uIjoiMSJ9",
          "dependencies": [
            "data.aws_availability_zones.available_zones"
          ]
        }
      ]
    },
    {
      "mode": "managed",
      "type": "aws_default_vpc",
      "name": "default_vpc",
      "provider": "provider[\"registry.terraform.io/hashicorp/aws\"]",
      "instances": [
        {
          "schema_version": 1,
          "attributes": {
            "arn": "arn:aws:ec2:eu-west-1:550948748737:vpc/vpc-0e07c27ef6e6caff7",
            "assign_generated_ipv6_cidr_block": false,
            "cidr_block": "172.31.0.0/16",
            "default_network_acl_id": "acl-037754ceaf15b2714",
            "default_route_table_id": "rtb-009b67906211140ef",
            "default_security_group_id": "sg-0ef61a57853f470f5",
            "dhcp_options_id": "dopt-06e3974aab6fa75e2",
            "enable_dns_hostnames": true,
            "enable_dns_support": true,
            "enable_network_address_usage_metrics": false,
            "existing_default_vpc": true,
            "force_destroy": false,
            "id": "vpc-0e07c27ef6e6caff7",
            "instance_tenancy": "default",
            "ipv6_association_id": "",
            "ipv6_cidr_block": "",
            "ipv6_cidr_block_network_border_group": "",
            "ipv6_ipam_pool_id": "",
            "ipv6_netmask_length": 0,
            "main_route_table_id": "rtb-009b67906211140ef",
            "owner_id": "550948748737",
            "tags": {},
            "tags_all": {}
          },
          "sensitive_attributes": [],
          "private": "eyJzY2hlbWFfdmVyc2lvbiI6IjEifQ=="
        }
      ]
    },
    {
      "mode": "managed",
      "type": "aws_ecs_cluster",
      "name": "revent_development",
      "provider": "provider[\"registry.terraform.io/hashicorp/aws\"]",
      "instances": [
        {
          "schema_version": 0,
          "attributes": {
            "arn": "arn:aws:ecs:eu-west-1:550948748737:cluster/revent-cluster",
            "configuration": [],
            "id": "arn:aws:ecs:eu-west-1:550948748737:cluster/revent-cluster",
            "name": "revent-cluster",
            "service_connect_defaults": [],
            "setting": [
              {
                "name": "containerInsights",
                "value": "disabled"
              }
            ],
            "tags": {},
            "tags_all": {}
          },
          "sensitive_attributes": [],
          "private": "bnVsbA=="
        }
      ]
    },
    {
      "mode": "managed",
      "type": "aws_ecs_service",
      "name": "revent",
      "provider": "provider[\"registry.terraform.io/hashicorp/aws\"]",
      "instances": [
        {
          "schema_version": 0,
          "attributes": {
            "alarms": [],
            "capacity_provider_strategy": [],
            "cluster": "arn:aws:ecs:eu-west-1:550948748737:cluster/revent-cluster",
            "deployment_circuit_breaker": [
              {
                "enable": false,
                "rollback": false
              }
            ],
            "deployment_controller": [
              {
                "type": "ECS"
              }
            ],
            "deployment_maximum_percent": 200,
            "deployment_minimum_healthy_percent": 100,
            "desired_count": 1,
            "enable_ecs_managed_tags": false,
            "enable_execute_command": true,
            "force_new_deployment": null,
            "health_check_grace_period_seconds": 0,
            "iam_role": "/aws-service-role/ecs.amazonaws.com/AWSServiceRoleForECS",
            "id": "arn:aws:ecs:eu-west-1:550948748737:service/revent-cluster/revent-service",
            "launch_type": "FARGATE",
            "load_balancer": [
              {
                "container_name": "revent-nginx",
                "container_port": 80,
                "elb_name": "",
                "target_group_arn": "arn:aws:elasticloadbalancing:eu-west-1:550948748737:targetgroup/revent-tg/2edaf2b5367a7e7c"
              }
            ],
            "name": "revent-service",
            "network_configuration": [
              {
                "assign_public_ip": true,
                "security_groups": [
                  "sg-0fb4ebd718be3c9ba"
                ],
                "subnets": [
                  "subnet-006453c924d4ad2d0",
                  "subnet-0390d4a936abecfab",
                  "subnet-069e8d1d0df01e1e6"
                ]
              }
            ],
            "ordered_placement_strategy": [],
            "placement_constraints": [],
            "platform_version": "LATEST",
            "propagate_tags": "NONE",
            "scheduling_strategy": "REPLICA",
            "service_connect_configuration": [],
            "service_registries": [],
            "tags": {},
            "tags_all": {},
            "task_definition": "arn:aws:ecs:eu-west-1:550948748737:task-definition/revent-api:77",
            "timeouts": null,
            "triggers": {},
            "wait_for_steady_state": false
          },
          "sensitive_attributes": [],
          "private": "eyJlMmJmYjczMC1lY2FhLTExZTYtOGY4OC0zNDM2M2JjN2M0YzAiOnsiY3JlYXRlIjoxMjAwMDAwMDAwMDAwLCJkZWxldGUiOjEyMDAwMDAwMDAwMDAsInVwZGF0ZSI6MTIwMDAwMDAwMDAwMH19",
          "dependencies": [
            "aws_alb_listener.revent_alb_listener",
            "aws_alb_target_group.revent_tg",
            "aws_db_instance.development",
            "aws_db_subnet_group.development",
            "aws_default_subnet.default_subnets",
            "aws_default_vpc.default_vpc",
            "aws_ecs_cluster.revent_development",
            "aws_ecs_task_definition.revent_api",
            "aws_efs_access_point.revent_app_access_point",
            "aws_efs_file_system.revent_efs",
            "aws_iam_role.ecs_task_execution_role",
            "aws_lb.revent_lb",
            "aws_s3_bucket.revent_env_bucket",
            "aws_s3_bucket.revent_storage_bucket",
            "aws_s3_object.revent_api_env",
            "aws_s3_object.revent_app_env",
            "aws_s3_object.revent_nginx_env",
            "aws_security_group.lb_sg",
            "aws_security_group.rds_sg",
            "aws_security_group.tasks_sg",
            "data.aws_availability_zones.available_zones",
            "data.template_file.revent_api"
          ]
        }
      ]
    },
    {
      "mode": "managed",
      "type": "aws_ecs_task_definition",
      "name": "revent_api",
      "provider": "provider[\"registry.terraform.io/hashicorp/aws\"]",
      "instances": [
        {
          "schema_version": 1,
          "attributes": {
            "arn": "arn:aws:ecs:eu-west-1:550948748737:task-definition/revent-api:77",
            "arn_without_revision": "arn:aws:ecs:eu-west-1:550948748737:task-definition/revent-api",
            "container_definitions": "[{\"command\":[\"uvicorn\",\"config.asgi:application\",\"--host\",\"0.0.0.0\",\"--port\",\"8000\",\"--timeout-keep-alive\",\"300\",\"--timeout-graceful-shutdown\",\"300\"],\"cpu\":10,\"environment\":[{\"name\":\"ALLOWED_HOSTS\",\"value\":\"revent-1986920932.eu-west-1.elb.amazonaws.com\"},{\"name\":\"ALLOWED_REDIRECT_URIS\",\"value\":\"http://revent-1986920932.eu-west-1.elb.amazonaws.com\"},{\"name\":\"AWS_S3_ENDPOINT_URL\",\"value\":\"http://revent-storage.s3.eu-west-1.amazonaws.com\"},{\"name\":\"POSTGRES_HOST\",\"value\":\"development.cp8y0m8wgqbo.eu-west-1.rds.amazonaws.com\"}],\"environmentFiles\":[{\"type\":\"s3\",\"value\":\"arn:aws:s3:::revent-env/.env/api.env\"}],\"essential\":true,\"image\":\"550948748737.dkr.ecr.eu-west-1.amazonaws.com/revent-api:latest\",\"logConfiguration\":{\"logDriver\":\"awslogs\",\"options\":{\"awslogs-group\":\"/ecs/revent-api\",\"awslogs-region\":\"eu-west-1\",\"awslogs-stream-prefix\":\"revent-api-log-stream\"}},\"memory\":512,\"mountPoints\":[{\"containerPath\":\"/efs/staticfiles/\",\"readOnly\":false,\"sourceVolume\":\"efs-volume\"}],\"name\":\"revent-api\",\"portMappings\":[{\"appProtocol\":\"http\",\"containerPort\":8000,\"hostPort\":8000,\"name\":\"revent-api-service\",\"protocol\":\"tcp\"}],\"systemControls\":[],\"volumesFrom\":[]},{\"command\":[\"sh\",\"-c\",\"export HOSTNAME=0.0.0.0 \u0026\u0026 node server.js\"],\"cpu\":10,\"environment\":[{\"name\":\"NEXT_PUBLIC_AWS_S3_BUCKET\",\"value\":\"\\\"revent-media/\\\"\"},{\"name\":\"NEXT_PUBLIC_AWS_S3_ENDPOINT_URL\",\"value\":\"http://revent-storage.s3.eu-west-1.amazonaws.com/revent-media/\"}],\"environmentFiles\":[{\"type\":\"s3\",\"value\":\"arn:aws:s3:::revent-env/.env/app.env\"}],\"essential\":true,\"image\":\"550948748737.dkr.ecr.eu-west-1.amazonaws.com/revent-app:latest\",\"logConfiguration\":{\"logDriver\":\"awslogs\",\"options\":{\"awslogs-group\":\"/ecs/revent-app\",\"awslogs-region\":\"eu-west-1\",\"awslogs-stream-prefix\":\"revent-app-log-stream\"}},\"memory\":512,\"mountPoints\":[],\"name\":\"revent-app\",\"portMappings\":[{\"appProtocol\":\"http\",\"containerPort\":3000,\"hostPort\":3000,\"name\":\"revent-app-service\",\"protocol\":\"tcp\"}],\"systemControls\":[],\"volumesFrom\":[]},{\"cpu\":10,\"environment\":[],\"environmentFiles\":[{\"type\":\"s3\",\"value\":\"arn:aws:s3:::revent-env/.env/nginx.env\"}],\"essential\":true,\"image\":\"550948748737.dkr.ecr.eu-west-1.amazonaws.com/revent-nginx:latest\",\"logConfiguration\":{\"logDriver\":\"awslogs\",\"options\":{\"awslogs-group\":\"/ecs/revent-nginx\",\"awslogs-region\":\"eu-west-1\",\"awslogs-stream-prefix\":\"revent-nginx-log-stream\"}},\"memory\":128,\"mountPoints\":[{\"containerPath\":\"/efs/staticfiles/\",\"readOnly\":false,\"sourceVolume\":\"efs-volume\"}],\"name\":\"revent-nginx\",\"portMappings\":[{\"containerPort\":80,\"hostPort\":80,\"protocol\":\"tcp\"}],\"systemControls\":[],\"volumesFrom\":[]}]",
            "cpu": "256",
            "ephemeral_storage": [],
            "execution_role_arn": "arn:aws:iam::550948748737:role/ecs-task-execution-role",
            "family": "revent-api",
            "id": "revent-api",
            "inference_accelerator": [],
            "ipc_mode": "",
            "memory": "512",
            "network_mode": "awsvpc",
            "pid_mode": "",
            "placement_constraints": [],
            "proxy_configuration": [],
            "requires_compatibilities": [
              "FARGATE"
            ],
            "revision": 77,
            "runtime_platform": [
              {
                "cpu_architecture": "ARM64",
                "operating_system_family": "LINUX"
              }
            ],
            "skip_destroy": false,
            "tags": {},
            "tags_all": {},
            "task_role_arn": "arn:aws:iam::550948748737:role/ecs-task-execution-role",
            "track_latest": false,
            "volume": [
              {
                "docker_volume_configuration": [],
                "efs_volume_configuration": [
                  {
                    "authorization_config": [
                      {
                        "access_point_id": "fsap-0f65663ee0d3d2382",
                        "iam": "ENABLED"
                      }
                    ],
                    "file_system_id": "fs-043efb2b9deaf3ec1",
                    "root_directory": "/",
                    "transit_encryption": "ENABLED",
                    "transit_encryption_port": 2049
                  }
                ],
                "fsx_windows_file_server_volume_configuration": [],
                "host_path": "",
                "name": "efs-volume"
              }
            ]
          },
          "sensitive_attributes": [],
          "private": "eyJzY2hlbWFfdmVyc2lvbiI6IjEifQ==",
          "dependencies": [
            "aws_alb_listener.revent_alb_listener",
            "aws_alb_target_group.revent_tg",
            "aws_db_instance.development",
            "aws_db_subnet_group.development",
            "aws_default_subnet.default_subnets",
            "aws_default_vpc.default_vpc",
            "aws_efs_access_point.revent_app_access_point",
            "aws_efs_file_system.revent_efs",
            "aws_iam_role.ecs_task_execution_role",
            "aws_lb.revent_lb",
            "aws_s3_bucket.revent_env_bucket",
            "aws_s3_bucket.revent_storage_bucket",
            "aws_s3_object.revent_api_env",
            "aws_s3_object.revent_app_env",
            "aws_s3_object.revent_nginx_env",
            "aws_security_group.lb_sg",
            "aws_security_group.rds_sg",
            "aws_security_group.tasks_sg",
            "data.aws_availability_zones.available_zones",
            "data.template_file.revent_api"
          ]
        }
      ]
    },
    {
      "mode": "managed",
      "type": "aws_ecs_task_definition",
      "name": "revent_api_collectstatic",
      "provider": "provider[\"registry.terraform.io/hashicorp/aws\"]",
      "instances": [
        {
          "schema_version": 1,
          "attributes": {
            "arn": "arn:aws:ecs:eu-west-1:550948748737:task-definition/revent-api-collectstatic-task:38",
            "arn_without_revision": "arn:aws:ecs:eu-west-1:550948748737:task-definition/revent-api-collectstatic-task",
            "container_definitions": "[{\"command\":[\"python\",\"manage.py\",\"collectstatic\",\"--no-input\",\"-v\",\"3\"],\"cpu\":0,\"environment\":[],\"essential\":true,\"image\":\"550948748737.dkr.ecr.eu-west-1.amazonaws.com/revent-api:latest\",\"linuxParameters\":{},\"logConfiguration\":{\"logDriver\":\"awslogs\",\"options\":{\"awslogs-group\":\"/ecs/revent-api\",\"awslogs-region\":\"eu-west-1\",\"awslogs-stream-prefix\":\"ecs\"}},\"mountPoints\":[{\"containerPath\":\"/efs/staticfiles/\",\"readOnly\":false,\"sourceVolume\":\"efs-volume\"}],\"name\":\"revent-api-collect-static\",\"portMappings\":[{\"containerPort\":8000,\"hostPort\":8000,\"protocol\":\"tcp\"}],\"systemControls\":[],\"volumesFrom\":[]}]",
            "cpu": "256",
            "ephemeral_storage": [],
            "execution_role_arn": "arn:aws:iam::550948748737:role/ecs-task-execution-role",
            "family": "revent-api-collectstatic-task",
            "id": "revent-api-collectstatic-task",
            "inference_accelerator": [],
            "ipc_mode": "",
            "memory": "512",
            "network_mode": "awsvpc",
            "pid_mode": "",
            "placement_constraints": [],
            "proxy_configuration": [],
            "requires_compatibilities": [
              "FARGATE"
            ],
            "revision": 38,
            "runtime_platform": [
              {
                "cpu_architecture": "ARM64",
                "operating_system_family": "LINUX"
              }
            ],
            "skip_destroy": false,
            "tags": {},
            "tags_all": {},
            "task_role_arn": "arn:aws:iam::550948748737:role/ecs-task-execution-role",
            "track_latest": false,
            "volume": [
              {
                "docker_volume_configuration": [],
                "efs_volume_configuration": [
                  {
                    "authorization_config": [
                      {
                        "access_point_id": "fsap-0f65663ee0d3d2382",
                        "iam": "ENABLED"
                      }
                    ],
                    "file_system_id": "fs-043efb2b9deaf3ec1",
                    "root_directory": "/",
                    "transit_encryption": "ENABLED",
                    "transit_encryption_port": 2049
                  }
                ],
                "fsx_windows_file_server_volume_configuration": [],
                "host_path": "",
                "name": "efs-volume"
              }
            ]
          },
          "sensitive_attributes": [],
          "private": "eyJzY2hlbWFfdmVyc2lvbiI6IjEifQ==",
          "dependencies": [
            "aws_efs_access_point.revent_app_access_point",
            "aws_efs_file_system.revent_efs",
            "aws_iam_role.ecs_task_execution_role",
            "aws_s3_bucket.revent_env_bucket",
            "aws_s3_object.revent_api_env",
            "data.template_file.revent_api_collectstatic"
          ]
        }
      ]
    },
    {
      "mode": "managed",
      "type": "aws_ecs_task_definition",
      "name": "revent_api_create_superuser",
      "provider": "provider[\"registry.terraform.io/hashicorp/aws\"]",
      "instances": [
        {
          "schema_version": 1,
          "attributes": {
            "arn": "arn:aws:ecs:eu-west-1:550948748737:task-definition/revent-api-create-superuser-task:23",
            "arn_without_revision": "arn:aws:ecs:eu-west-1:550948748737:task-definition/revent-api-create-superuser-task",
            "container_definitions": "[{\"command\":[\"python\",\"manage.py\",\"createsuperuser\",\"--noinput\"],\"cpu\":0,\"environment\":[{\"name\":\"DJANGO_SUPERUSER_EMAIL\",\"value\":\"\"},{\"name\":\"DJANGO_SUPERUSER_FIRST_NAME\",\"value\":\"\"},{\"name\":\"DJANGO_SUPERUSER_LAST_NAME\",\"value\":\"\"},{\"name\":\"DJANGO_SUPERUSER_PASSWORD\",\"value\":\"\"},{\"name\":\"POSTGRES_HOST\",\"value\":\"development.cp8y0m8wgqbo.eu-west-1.rds.amazonaws.com\"}],\"essential\":true,\"image\":\"550948748737.dkr.ecr.eu-west-1.amazonaws.com/revent-api:latest\",\"logConfiguration\":{\"logDriver\":\"awslogs\",\"options\":{\"awslogs-group\":\"/ecs/revent-api\",\"awslogs-region\":\"eu-west-1\",\"awslogs-stream-prefix\":\"ecs\"}},\"mountPoints\":[],\"name\":\"revent-api-create-superuser\",\"portMappings\":[{\"containerPort\":8000,\"hostPort\":8000,\"protocol\":\"tcp\"}],\"systemControls\":[],\"volumesFrom\":[]}]",
            "cpu": "256",
            "ephemeral_storage": [],
            "execution_role_arn": "arn:aws:iam::550948748737:role/ecs-task-execution-role",
            "family": "revent-api-create-superuser-task",
            "id": "revent-api-create-superuser-task",
            "inference_accelerator": [],
            "ipc_mode": "",
            "memory": "512",
            "network_mode": "awsvpc",
            "pid_mode": "",
            "placement_constraints": [],
            "proxy_configuration": [],
            "requires_compatibilities": [
              "FARGATE"
            ],
            "revision": 23,
            "runtime_platform": [
              {
                "cpu_architecture": "ARM64",
                "operating_system_family": "LINUX"
              }
            ],
            "skip_destroy": false,
            "tags": {},
            "tags_all": {},
            "task_role_arn": "arn:aws:iam::550948748737:role/ecs-task-execution-role",
            "track_latest": false,
            "volume": []
          },
          "sensitive_attributes": [],
          "private": "eyJzY2hlbWFfdmVyc2lvbiI6IjEifQ==",
          "dependencies": [
            "aws_db_instance.development",
            "aws_db_subnet_group.development",
            "aws_default_subnet.default_subnets",
            "aws_default_vpc.default_vpc",
            "aws_iam_role.ecs_task_execution_role",
            "aws_s3_bucket.revent_env_bucket",
            "aws_s3_object.revent_api_env",
            "aws_security_group.lb_sg",
            "aws_security_group.rds_sg",
            "aws_security_group.tasks_sg",
            "data.aws_availability_zones.available_zones",
            "data.template_file.revent_api_create_superuser"
          ]
        }
      ]
    },
    {
      "mode": "managed",
      "type": "aws_ecs_task_definition",
      "name": "revent_api_migrate",
      "provider": "provider[\"registry.terraform.io/hashicorp/aws\"]",
      "instances": [
        {
          "schema_version": 1,
          "attributes": {
            "arn": "arn:aws:ecs:eu-west-1:550948748737:task-definition/revent-api-migrate-task:39",
            "arn_without_revision": "arn:aws:ecs:eu-west-1:550948748737:task-definition/revent-api-migrate-task",
            "container_definitions": "[{\"command\":[\"python\",\"manage.py\",\"migrate\"],\"cpu\":0,\"environment\":[{\"name\":\"POSTGRES_HOST\",\"value\":\"development.cp8y0m8wgqbo.eu-west-1.rds.amazonaws.com\"}],\"essential\":true,\"image\":\"550948748737.dkr.ecr.eu-west-1.amazonaws.com/revent-api:latest\",\"logConfiguration\":{\"logDriver\":\"awslogs\",\"options\":{\"awslogs-group\":\"/ecs/revent-api\",\"awslogs-region\":\"eu-west-1\",\"awslogs-stream-prefix\":\"ecs\"}},\"mountPoints\":[],\"name\":\"revent-api-migrate\",\"portMappings\":[{\"containerPort\":8000,\"hostPort\":8000,\"protocol\":\"tcp\"}],\"systemControls\":[],\"volumesFrom\":[]}]",
            "cpu": "256",
            "ephemeral_storage": [],
            "execution_role_arn": "arn:aws:iam::550948748737:role/ecs-task-execution-role",
            "family": "revent-api-migrate-task",
            "id": "revent-api-migrate-task",
            "inference_accelerator": [],
            "ipc_mode": "",
            "memory": "512",
            "network_mode": "awsvpc",
            "pid_mode": "",
            "placement_constraints": [],
            "proxy_configuration": [],
            "requires_compatibilities": [
              "FARGATE"
            ],
            "revision": 39,
            "runtime_platform": [
              {
                "cpu_architecture": "ARM64",
                "operating_system_family": "LINUX"
              }
            ],
            "skip_destroy": false,
            "tags": {},
            "tags_all": {},
            "task_role_arn": "arn:aws:iam::550948748737:role/ecs-task-execution-role",
            "track_latest": false,
            "volume": []
          },
          "sensitive_attributes": [],
          "private": "eyJzY2hlbWFfdmVyc2lvbiI6IjEifQ==",
          "dependencies": [
            "aws_db_instance.development",
            "aws_db_subnet_group.development",
            "aws_default_subnet.default_subnets",
            "aws_default_vpc.default_vpc",
            "aws_iam_role.ecs_task_execution_role",
            "aws_s3_bucket.revent_env_bucket",
            "aws_s3_object.revent_api_env",
            "aws_security_group.lb_sg",
            "aws_security_group.rds_sg",
            "aws_security_group.tasks_sg",
            "data.aws_availability_zones.available_zones",
            "data.template_file.revent_api_migrate"
          ]
        }
      ]
    },
    {
      "mode": "managed",
      "type": "aws_efs_access_point",
      "name": "revent_app_access_point",
      "provider": "provider[\"registry.terraform.io/hashicorp/aws\"]",
      "instances": [
        {
          "schema_version": 0,
          "attributes": {
            "arn": "arn:aws:elasticfilesystem:eu-west-1:550948748737:access-point/fsap-0f65663ee0d3d2382",
            "file_system_arn": "arn:aws:elasticfilesystem:eu-west-1:550948748737:file-system/fs-043efb2b9deaf3ec1",
            "file_system_id": "fs-043efb2b9deaf3ec1",
            "id": "fsap-0f65663ee0d3d2382",
            "owner_id": "550948748737",
            "posix_user": [
              {
                "gid": 1000,
                "secondary_gids": [],
                "uid": 1000
              }
            ],
            "root_directory": [
              {
                "creation_info": [
                  {
                    "owner_gid": 1000,
                    "owner_uid": 1000,
                    "permissions": "755"
                  }
                ],
                "path": "/efs"
              }
            ],
            "tags": {},
            "tags_all": {}
          },
          "sensitive_attributes": [],
          "private": "bnVsbA==",
          "dependencies": [
            "aws_efs_file_system.revent_efs"
          ]
        }
      ]
    },
    {
      "mode": "managed",
      "type": "aws_efs_file_system",
      "name": "revent_efs",
      "provider": "provider[\"registry.terraform.io/hashicorp/aws\"]",
      "instances": [
        {
          "schema_version": 0,
          "attributes": {
            "arn": "arn:aws:elasticfilesystem:eu-west-1:550948748737:file-system/fs-043efb2b9deaf3ec1",
            "availability_zone_id": "",
            "availability_zone_name": "",
            "creation_token": "terraform-20240306100319980600000001",
            "dns_name": "fs-043efb2b9deaf3ec1.efs.eu-west-1.amazonaws.com",
            "encrypted": false,
            "id": "fs-043efb2b9deaf3ec1",
            "kms_key_id": "",
            "lifecycle_policy": [
              {
                "transition_to_archive": "",
                "transition_to_ia": "AFTER_30_DAYS",
                "transition_to_primary_storage_class": ""
              }
            ],
            "name": "",
            "number_of_mount_targets": 3,
            "owner_id": "550948748737",
            "performance_mode": "generalPurpose",
            "protection": [
              {
                "replication_overwrite": "ENABLED"
              }
            ],
            "provisioned_throughput_in_mibps": 0,
            "size_in_bytes": [
              {
                "value": 19185664,
                "value_in_ia": 17899520,
                "value_in_standard": 1286144
              }
            ],
            "tags": {},
            "tags_all": {},
            "throughput_mode": "bursting"
          },
          "sensitive_attributes": [],
          "private": "bnVsbA=="
        }
      ]
    },
    {
      "mode": "managed",
      "type": "aws_efs_mount_target",
      "name": "revent_efs_mount",
      "provider": "provider[\"registry.terraform.io/hashicorp/aws\"]",
      "instances": [
        {
          "index_key": 0,
          "schema_version": 0,
          "attributes": {
            "availability_zone_id": "euw1-az3",
            "availability_zone_name": "eu-west-1a",
            "dns_name": "fs-043efb2b9deaf3ec1.efs.eu-west-1.amazonaws.com",
            "file_system_arn": "arn:aws:elasticfilesystem:eu-west-1:550948748737:file-system/fs-043efb2b9deaf3ec1",
            "file_system_id": "fs-043efb2b9deaf3ec1",
            "id": "fsmt-0bf18076d8f3b5e68",
            "ip_address": "172.31.46.238",
            "mount_target_dns_name": "eu-west-1a.fs-043efb2b9deaf3ec1.efs.eu-west-1.amazonaws.com",
            "network_interface_id": "eni-02c4d6e2b8535a7d5",
            "owner_id": "550948748737",
            "security_groups": [
              "sg-07a8492b561e2eb13"
            ],
            "subnet_id": "subnet-069e8d1d0df01e1e6",
            "timeouts": null
          },
          "sensitive_attributes": [],
          "private": "eyJlMmJmYjczMC1lY2FhLTExZTYtOGY4OC0zNDM2M2JjN2M0YzAiOnsiY3JlYXRlIjoxODAwMDAwMDAwMDAwLCJkZWxldGUiOjYwMDAwMDAwMDAwMH19",
          "dependencies": [
            "aws_default_subnet.default_subnets",
            "aws_default_vpc.default_vpc",
            "aws_efs_file_system.revent_efs",
            "aws_security_group.efs_sg",
            "aws_security_group.lb_sg",
            "aws_security_group.tasks_sg",
            "data.aws_availability_zones.available_zones"
          ]
        },
        {
          "index_key": 1,
          "schema_version": 0,
          "attributes": {
            "availability_zone_id": "euw1-az1",
            "availability_zone_name": "eu-west-1b",
            "dns_name": "fs-043efb2b9deaf3ec1.efs.eu-west-1.amazonaws.com",
            "file_system_arn": "arn:aws:elasticfilesystem:eu-west-1:550948748737:file-system/fs-043efb2b9deaf3ec1",
            "file_system_id": "fs-043efb2b9deaf3ec1",
            "id": "fsmt-03ac9e2127d43294a",
            "ip_address": "172.31.2.80",
            "mount_target_dns_name": "eu-west-1b.fs-043efb2b9deaf3ec1.efs.eu-west-1.amazonaws.com",
            "network_interface_id": "eni-05565272898578dc2",
            "owner_id": "550948748737",
            "security_groups": [
              "sg-07a8492b561e2eb13"
            ],
            "subnet_id": "subnet-006453c924d4ad2d0",
            "timeouts": null
          },
          "sensitive_attributes": [],
          "private": "eyJlMmJmYjczMC1lY2FhLTExZTYtOGY4OC0zNDM2M2JjN2M0YzAiOnsiY3JlYXRlIjoxODAwMDAwMDAwMDAwLCJkZWxldGUiOjYwMDAwMDAwMDAwMH19",
          "dependencies": [
            "aws_default_subnet.default_subnets",
            "aws_default_vpc.default_vpc",
            "aws_efs_file_system.revent_efs",
            "aws_security_group.efs_sg",
            "aws_security_group.lb_sg",
            "aws_security_group.tasks_sg",
            "data.aws_availability_zones.available_zones"
          ]
        },
        {
          "index_key": 2,
          "schema_version": 0,
          "attributes": {
            "availability_zone_id": "euw1-az2",
            "availability_zone_name": "eu-west-1c",
            "dns_name": "fs-043efb2b9deaf3ec1.efs.eu-west-1.amazonaws.com",
            "file_system_arn": "arn:aws:elasticfilesystem:eu-west-1:550948748737:file-system/fs-043efb2b9deaf3ec1",
            "file_system_id": "fs-043efb2b9deaf3ec1",
            "id": "fsmt-060e7de871eea92ba",
            "ip_address": "172.31.27.158",
            "mount_target_dns_name": "eu-west-1c.fs-043efb2b9deaf3ec1.efs.eu-west-1.amazonaws.com",
            "network_interface_id": "eni-0f5ba152272ec13b5",
            "owner_id": "550948748737",
            "security_groups": [
              "sg-07a8492b561e2eb13"
            ],
            "subnet_id": "subnet-0390d4a936abecfab",
            "timeouts": null
          },
          "sensitive_attributes": [],
          "private": "eyJlMmJmYjczMC1lY2FhLTExZTYtOGY4OC0zNDM2M2JjN2M0YzAiOnsiY3JlYXRlIjoxODAwMDAwMDAwMDAwLCJkZWxldGUiOjYwMDAwMDAwMDAwMH19",
          "dependencies": [
            "aws_default_subnet.default_subnets",
            "aws_default_vpc.default_vpc",
            "aws_efs_file_system.revent_efs",
            "aws_security_group.efs_sg",
            "aws_security_group.lb_sg",
            "aws_security_group.tasks_sg",
            "data.aws_availability_zones.available_zones"
          ]
        }
      ]
    },
    {
      "mode": "managed",
      "type": "aws_iam_role",
      "name": "ecs_service_role",
      "provider": "provider[\"registry.terraform.io/hashicorp/aws\"]",
      "instances": [
        {
          "schema_version": 0,
          "attributes": {
            "arn": "arn:aws:iam::550948748737:role/ecs-service-role",
            "assume_role_policy": "{\"Statement\":[{\"Action\":\"sts:AssumeRole\",\"Effect\":\"Allow\",\"Principal\":{\"Service\":[\"ecs-tasks.amazonaws.com\"]}}],\"Version\":\"2008-10-17\"}",
            "create_date": "2024-05-15T18:22:29Z",
            "description": "",
            "force_detach_policies": false,
            "id": "ecs-service-role",
            "inline_policy": [
              {
                "name": "ecs-service-role-policy",
                "policy": "{\"Version\":\"2012-10-17\",\"Statement\":[{\"Action\":[\"elasticloadbalancing:Describe*\",\"elasticloadbalancing:DeregisterInstancesFromLoadBalancer\",\"elasticloadbalancing:RegisterInstancesWithLoadBalancer\",\"ec2:Describe*\",\"ec2:AuthorizeSecurityGroupIngress\",\"elasticloadbalancing:RegisterTargets\",\"elasticloadbalancing:DeregisterTargets\",\"elasticfilesystem:ClientMount\",\"elasticfilesystem:ClientWrite\",\"elasticfilesystem:ClientRootAccess\",\"elasticfilesystem:DescribeFileSystems\"],\"Effect\":\"Allow\",\"Resource\":[\"*\"]}]}"
              }
            ],
            "managed_policy_arns": [],
            "max_session_duration": 3600,
            "name": "ecs-service-role",
            "name_prefix": "",
            "path": "/",
            "permissions_boundary": "",
            "tags": {},
            "tags_all": {},
            "unique_id": "AROAYARY2XXAST6QOYX3H"
          },
          "sensitive_attributes": [],
          "private": "bnVsbA=="
        }
      ]
    },
    {
      "mode": "managed",
      "type": "aws_iam_role",
      "name": "ecs_task_execution_role",
      "provider": "provider[\"registry.terraform.io/hashicorp/aws\"]",
      "instances": [
        {
          "schema_version": 0,
          "attributes": {
            "arn": "arn:aws:iam::550948748737:role/ecs-task-execution-role",
            "assume_role_policy": "{\"Statement\":[{\"Action\":\"sts:AssumeRole\",\"Effect\":\"Allow\",\"Principal\":{\"Service\":[\"ecs-tasks.amazonaws.com\"]}}],\"Version\":\"2008-10-17\"}",
            "create_date": "2024-05-15T18:36:17Z",
            "description": "",
            "force_detach_policies": false,
            "id": "ecs-task-execution-role",
            "inline_policy": [
              {
                "name": "ecs-task-execution-role-policy",
                "policy": "{\"Version\":\"2012-10-17\",\"Statement\":[{\"Action\":[\"ecs:StartTask\",\"ecs:StopTask\",\"ecs:DescribeTasks\",\"ecr:GetAuthorizationToken\",\"ecr:BatchCheckLayerAvailability\",\"ecr:GetDownloadUrlForLayer\",\"ecr:BatchGetImage\",\"logs:CreateLogStream\",\"logs:PutLogEvents\",\"elasticfilesystem:ClientMount\",\"elasticfilesystem:ClientWrite\",\"elasticfilesystem:ClientRootAccess\",\"elasticfilesystem:DescribeFileSystems\",\"ssmmessages:CreateControlChannel\",\"ssmmessages:CreateDataChannel\",\"ssmmessages:OpenControlChannel\",\"ssmmessages:OpenDataChannel\",\"s3:GetObject\"],\"Effect\":\"Allow\",\"Resource\":\"*\"}]}"
              }
            ],
            "managed_policy_arns": [],
            "max_session_duration": 3600,
            "name": "ecs-task-execution-role",
            "name_prefix": "",
            "path": "/",
            "permissions_boundary": "",
            "tags": {},
            "tags_all": {},
            "unique_id": "AROAYARY2XXAR6I5QSYJG"
          },
          "sensitive_attributes": [],
          "private": "bnVsbA=="
        }
      ]
    },
    {
      "mode": "managed",
      "type": "aws_iam_role_policy",
      "name": "ecs_service_role_policy",
      "provider": "provider[\"registry.terraform.io/hashicorp/aws\"]",
      "instances": [
        {
          "schema_version": 0,
          "attributes": {
            "id": "ecs-service-role:ecs-service-role-policy",
            "name": "ecs-service-role-policy",
            "name_prefix": "",
            "policy": "{\"Version\":\"2012-10-17\",\"Statement\":[{\"Action\":[\"elasticloadbalancing:Describe*\",\"elasticloadbalancing:DeregisterInstancesFromLoadBalancer\",\"elasticloadbalancing:RegisterInstancesWithLoadBalancer\",\"ec2:Describe*\",\"ec2:AuthorizeSecurityGroupIngress\",\"elasticloadbalancing:RegisterTargets\",\"elasticloadbalancing:DeregisterTargets\",\"elasticfilesystem:ClientMount\",\"elasticfilesystem:ClientWrite\",\"elasticfilesystem:ClientRootAccess\",\"elasticfilesystem:DescribeFileSystems\"],\"Effect\":\"Allow\",\"Resource\":[\"*\"]}]}",
            "role": "ecs-service-role"
          },
          "sensitive_attributes": [],
          "private": "bnVsbA==",
          "dependencies": [
            "aws_iam_role.ecs_service_role"
          ]
        }
      ]
    },
    {
      "mode": "managed",
      "type": "aws_iam_role_policy",
      "name": "ecs_task_execution_role_policy",
      "provider": "provider[\"registry.terraform.io/hashicorp/aws\"]",
      "instances": [
        {
          "schema_version": 0,
          "attributes": {
            "id": "ecs-task-execution-role:ecs-task-execution-role-policy",
            "name": "ecs-task-execution-role-policy",
            "name_prefix": "",
            "policy": "{\"Version\":\"2012-10-17\",\"Statement\":[{\"Action\":[\"ecs:StartTask\",\"ecs:StopTask\",\"ecs:DescribeTasks\",\"ecr:GetAuthorizationToken\",\"ecr:BatchCheckLayerAvailability\",\"ecr:GetDownloadUrlForLayer\",\"ecr:BatchGetImage\",\"logs:CreateLogStream\",\"logs:PutLogEvents\",\"elasticfilesystem:ClientMount\",\"elasticfilesystem:ClientWrite\",\"elasticfilesystem:ClientRootAccess\",\"elasticfilesystem:DescribeFileSystems\",\"ssmmessages:CreateControlChannel\",\"ssmmessages:CreateDataChannel\",\"ssmmessages:OpenControlChannel\",\"ssmmessages:OpenDataChannel\",\"s3:GetObject\"],\"Effect\":\"Allow\",\"Resource\":\"*\"}]}",
            "role": "ecs-task-execution-role"
          },
          "sensitive_attributes": [],
          "private": "bnVsbA==",
          "dependencies": [
            "aws_iam_role.ecs_task_execution_role"
          ]
        }
      ]
    },
    {
      "mode": "managed",
      "type": "aws_lb",
      "name": "revent_lb",
      "provider": "provider[\"registry.terraform.io/hashicorp/aws\"]",
      "instances": [
        {
          "schema_version": 0,
          "attributes": {
            "access_logs": [
              {
                "bucket": "",
                "enabled": false,
                "prefix": ""
              }
            ],
            "arn": "arn:aws:elasticloadbalancing:eu-west-1:550948748737:loadbalancer/app/revent/f9143b3615dadd45",
            "arn_suffix": "app/revent/f9143b3615dadd45",
            "client_keep_alive": 3600,
            "connection_logs": [
              {
                "bucket": "",
                "enabled": false,
                "prefix": ""
              }
            ],
            "customer_owned_ipv4_pool": "",
            "desync_mitigation_mode": "defensive",
            "dns_name": "revent-1986920932.eu-west-1.elb.amazonaws.com",
            "dns_record_client_routing_policy": null,
            "drop_invalid_header_fields": false,
            "enable_cross_zone_load_balancing": true,
            "enable_deletion_protection": false,
            "enable_http2": true,
            "enable_tls_version_and_cipher_suite_headers": false,
            "enable_waf_fail_open": false,
            "enable_xff_client_port": false,
            "enforce_security_group_inbound_rules_on_private_link_traffic": "",
            "id": "arn:aws:elasticloadbalancing:eu-west-1:550948748737:loadbalancer/app/revent/f9143b3615dadd45",
            "idle_timeout": 60,
            "internal": false,
            "ip_address_type": "ipv4",
            "load_balancer_type": "application",
            "name": "revent",
            "name_prefix": "",
            "preserve_host_header": false,
            "security_groups": [
              "sg-0d20d668b48795b23"
            ],
            "subnet_mapping": [
              {
                "allocation_id": "",
                "ipv6_address": "",
                "outpost_id": "",
                "private_ipv4_address": "",
                "subnet_id": "subnet-006453c924d4ad2d0"
              },
              {
                "allocation_id": "",
                "ipv6_address": "",
                "outpost_id": "",
                "private_ipv4_address": "",
                "subnet_id": "subnet-0390d4a936abecfab"
              },
              {
                "allocation_id": "",
                "ipv6_address": "",
                "outpost_id": "",
                "private_ipv4_address": "",
                "subnet_id": "subnet-069e8d1d0df01e1e6"
              }
            ],
            "subnets": [
              "subnet-006453c924d4ad2d0",
              "subnet-0390d4a936abecfab",
              "subnet-069e8d1d0df01e1e6"
            ],
            "tags": {},
            "tags_all": {},
            "timeouts": null,
            "vpc_id": "vpc-0e07c27ef6e6caff7",
            "xff_header_processing_mode": "append",
            "zone_id": "Z32O12XQLNTSW2"
          },
          "sensitive_attributes": [],
          "private": "eyJlMmJmYjczMC1lY2FhLTExZTYtOGY4OC0zNDM2M2JjN2M0YzAiOnsiY3JlYXRlIjo2MDAwMDAwMDAwMDAsImRlbGV0ZSI6NjAwMDAwMDAwMDAwLCJ1cGRhdGUiOjYwMDAwMDAwMDAwMH19",
          "dependencies": [
            "aws_default_subnet.default_subnets",
            "aws_default_vpc.default_vpc",
            "aws_security_group.lb_sg",
            "data.aws_availability_zones.available_zones"
          ]
        }
      ]
    },
    {
      "mode": "managed",
      "type": "aws_s3_bucket",
      "name": "revent_env_bucket",
      "provider": "provider[\"registry.terraform.io/hashicorp/aws\"]",
      "instances": [
        {
          "schema_version": 0,
          "attributes": {
            "acceleration_status": "",
            "acl": null,
            "arn": "arn:aws:s3:::revent-env",
            "bucket": "revent-env",
            "bucket_domain_name": "revent-env.s3.amazonaws.com",
            "bucket_prefix": "",
            "bucket_regional_domain_name": "revent-env.s3.eu-west-1.amazonaws.com",
            "cors_rule": [],
            "force_destroy": false,
            "grant": [
              {
                "id": "c94bbe0e2ca595db0b2282841375172b8e295204689aca7557a7f09d45a20f84",
                "permissions": [
                  "FULL_CONTROL"
                ],
                "type": "CanonicalUser",
                "uri": ""
              }
            ],
            "hosted_zone_id": "Z1BKCTXD74EZPE",
            "id": "revent-env",
            "lifecycle_rule": [],
            "logging": [],
            "object_lock_configuration": [],
            "object_lock_enabled": false,
            "policy": "",
            "region": "eu-west-1",
            "replication_configuration": [],
            "request_payer": "BucketOwner",
            "server_side_encryption_configuration": [
              {
                "rule": [
                  {
                    "apply_server_side_encryption_by_default": [
                      {
                        "kms_master_key_id": "",
                        "sse_algorithm": "AES256"
                      }
                    ],
                    "bucket_key_enabled": false
                  }
                ]
              }
            ],
            "tags": {},
            "tags_all": {},
            "timeouts": null,
            "versioning": [
              {
                "enabled": false,
                "mfa_delete": false
              }
            ],
            "website": [],
            "website_domain": null,
            "website_endpoint": null
          },
          "sensitive_attributes": [],
          "private": "eyJlMmJmYjczMC1lY2FhLTExZTYtOGY4OC0zNDM2M2JjN2M0YzAiOnsiY3JlYXRlIjoxMjAwMDAwMDAwMDAwLCJkZWxldGUiOjM2MDAwMDAwMDAwMDAsInJlYWQiOjEyMDAwMDAwMDAwMDAsInVwZGF0ZSI6MTIwMDAwMDAwMDAwMH19"
        }
      ]
    },
    {
      "mode": "managed",
      "type": "aws_s3_bucket",
      "name": "revent_storage_bucket",
      "provider": "provider[\"registry.terraform.io/hashicorp/aws\"]",
      "instances": [
        {
          "schema_version": 0,
          "attributes": {
            "acceleration_status": "",
            "acl": null,
            "arn": "arn:aws:s3:::revent-storage",
            "bucket": "revent-storage",
            "bucket_domain_name": "revent-storage.s3.amazonaws.com",
            "bucket_prefix": "",
            "bucket_regional_domain_name": "revent-storage.s3.eu-west-1.amazonaws.com",
            "cors_rule": [],
            "force_destroy": null,
            "grant": [
              {
                "id": "",
                "permissions": [
                  "READ"
                ],
                "type": "Group",
                "uri": "http://acs.amazonaws.com/groups/global/AllUsers"
              },
              {
                "id": "c94bbe0e2ca595db0b2282841375172b8e295204689aca7557a7f09d45a20f84",
                "permissions": [
                  "FULL_CONTROL"
                ],
                "type": "CanonicalUser",
                "uri": ""
              }
            ],
            "hosted_zone_id": "Z1BKCTXD74EZPE",
            "id": "revent-storage",
            "lifecycle_rule": [],
            "logging": [],
            "object_lock_configuration": [],
            "object_lock_enabled": false,
            "policy": "{\"Id\":\"revent-storage-bucket\",\"Statement\":[{\"Action\":\"s3:GetObject\",\"Effect\":\"Allow\",\"Principal\":\"*\",\"Resource\":\"arn:aws:s3:::revent-storage/*\",\"Sid\":\"S3IconsBucketPublicAccess\"}],\"Version\":\"2012-10-17\"}",
            "region": "eu-west-1",
            "replication_configuration": [],
            "request_payer": "BucketOwner",
            "server_side_encryption_configuration": [
              {
                "rule": [
                  {
                    "apply_server_side_encryption_by_default": [
                      {
                        "kms_master_key_id": "",
                        "sse_algorithm": "AES256"
                      }
                    ],
                    "bucket_key_enabled": false
                  }
                ]
              }
            ],
            "tags": {},
            "tags_all": {},
            "timeouts": null,
            "versioning": [
              {
                "enabled": false,
                "mfa_delete": false
              }
            ],
            "website": [],
            "website_domain": null,
            "website_endpoint": null
          },
          "sensitive_attributes": [],
          "private": "eyJlMmJmYjczMC1lY2FhLTExZTYtOGY4OC0zNDM2M2JjN2M0YzAiOnsiY3JlYXRlIjoxMjAwMDAwMDAwMDAwLCJkZWxldGUiOjM2MDAwMDAwMDAwMDAsInJlYWQiOjEyMDAwMDAwMDAwMDAsInVwZGF0ZSI6MTIwMDAwMDAwMDAwMH0sInNjaGVtYV92ZXJzaW9uIjoiMCJ9"
        }
      ]
    },
    {
      "mode": "managed",
      "type": "aws_s3_bucket_acl",
      "name": "revent_storage_bucket",
      "provider": "provider[\"registry.terraform.io/hashicorp/aws\"]",
      "instances": [
        {
          "schema_version": 0,
          "attributes": {
            "access_control_policy": [
              {
                "grant": [
                  {
                    "grantee": [
                      {
                        "display_name": "",
                        "email_address": "",
                        "id": "",
                        "type": "Group",
                        "uri": "http://acs.amazonaws.com/groups/global/AllUsers"
                      }
                    ],
                    "permission": "READ"
                  },
                  {
                    "grantee": [
                      {
                        "display_name": "c.vasconcelos",
                        "email_address": "",
                        "id": "c94bbe0e2ca595db0b2282841375172b8e295204689aca7557a7f09d45a20f84",
                        "type": "CanonicalUser",
                        "uri": ""
                      }
                    ],
                    "permission": "FULL_CONTROL"
                  }
                ],
                "owner": [
                  {
                    "display_name": "c.vasconcelos",
                    "id": "c94bbe0e2ca595db0b2282841375172b8e295204689aca7557a7f09d45a20f84"
                  }
                ]
              }
            ],
            "acl": "public-read",
            "bucket": "revent-storage",
            "expected_bucket_owner": "",
            "id": "revent-storage,public-read"
          },
          "sensitive_attributes": [],
          "private": "bnVsbA==",
          "dependencies": [
            "aws_s3_bucket.revent_storage_bucket",
            "aws_s3_bucket_ownership_controls.revent_storage_bucket",
            "aws_s3_bucket_public_access_block.revent_storage_bucket"
          ]
        }
      ]
    },
    {
      "mode": "managed",
      "type": "aws_s3_bucket_ownership_controls",
      "name": "revent_storage_bucket",
      "provider": "provider[\"registry.terraform.io/hashicorp/aws\"]",
      "instances": [
        {
          "schema_version": 0,
          "attributes": {
            "bucket": "revent-storage",
            "id": "revent-storage",
            "rule": [
              {
                "object_ownership": "BucketOwnerPreferred"
              }
            ]
          },
          "sensitive_attributes": [],
          "private": "bnVsbA==",
          "dependencies": [
            "aws_s3_bucket.revent_storage_bucket"
          ]
        }
      ]
    },
    {
      "mode": "managed",
      "type": "aws_s3_bucket_policy",
      "name": "revent_storage_bucket",
      "provider": "provider[\"registry.terraform.io/hashicorp/aws\"]",
      "instances": [
        {
          "schema_version": 0,
          "attributes": {
            "bucket": "revent-storage",
            "id": "revent-storage",
            "policy": "{\"Id\":\"revent-storage-bucket\",\"Statement\":[{\"Action\":\"s3:GetObject\",\"Effect\":\"Allow\",\"Principal\":\"*\",\"Resource\":\"arn:aws:s3:::revent-storage/*\",\"Sid\":\"S3IconsBucketPublicAccess\"}],\"Version\":\"2012-10-17\"}"
          },
          "sensitive_attributes": [],
          "private": "bnVsbA==",
          "dependencies": [
            "aws_s3_bucket.revent_storage_bucket",
            "data.aws_iam_policy_document.revent_storage_bucket"
          ]
        }
      ]
    },
    {
      "mode": "managed",
      "type": "aws_s3_bucket_public_access_block",
      "name": "revent_storage_bucket",
      "provider": "provider[\"registry.terraform.io/hashicorp/aws\"]",
      "instances": [
        {
          "schema_version": 0,
          "attributes": {
            "block_public_acls": false,
            "block_public_policy": false,
            "bucket": "revent-storage",
            "id": "revent-storage",
            "ignore_public_acls": false,
            "restrict_public_buckets": false
          },
          "sensitive_attributes": [],
          "private": "bnVsbA==",
          "dependencies": [
            "aws_s3_bucket.revent_storage_bucket"
          ]
        }
      ]
    },
    {
      "mode": "managed",
      "type": "aws_s3_object",
      "name": "revent_api_env",
      "provider": "provider[\"registry.terraform.io/hashicorp/aws\"]",
      "instances": [
        {
          "schema_version": 0,
          "attributes": {
            "acl": null,
            "arn": "arn:aws:s3:::revent-env/.env/api.env",
            "bucket": "revent-env",
            "bucket_key_enabled": false,
            "cache_control": "",
            "checksum_algorithm": null,
            "checksum_crc32": "",
            "checksum_crc32c": "",
            "checksum_sha1": "",
            "checksum_sha256": "",
            "content": null,
            "content_base64": null,
            "content_disposition": "",
            "content_encoding": "",
            "content_language": "",
            "content_type": "binary/octet-stream",
            "etag": "56902c66846d763e62e246accc510202",
            "force_destroy": false,
            "id": ".env/api.env",
            "key": ".env/api.env",
            "kms_key_id": null,
            "metadata": {},
            "object_lock_legal_hold_status": "",
            "object_lock_mode": "",
            "object_lock_retain_until_date": "",
            "override_provider": [],
            "server_side_encryption": "AES256",
            "source": "../.env/terraform/dev/api.env",
            "source_hash": null,
            "storage_class": "STANDARD",
            "tags": {},
            "tags_all": {},
            "version_id": "",
            "website_redirect": ""
          },
          "sensitive_attributes": [],
          "private": "bnVsbA==",
          "dependencies": [
            "aws_s3_bucket.revent_env_bucket"
          ]
        }
      ]
    },
    {
      "mode": "managed",
      "type": "aws_s3_object",
      "name": "revent_app_env",
      "provider": "provider[\"registry.terraform.io/hashicorp/aws\"]",
      "instances": [
        {
          "schema_version": 0,
          "attributes": {
            "acl": null,
            "arn": "arn:aws:s3:::revent-env/.env/app.env",
            "bucket": "revent-env",
            "bucket_key_enabled": false,
            "cache_control": "",
            "checksum_algorithm": null,
            "checksum_crc32": "",
            "checksum_crc32c": "",
            "checksum_sha1": "",
            "checksum_sha256": "",
            "content": null,
            "content_base64": null,
            "content_disposition": "",
            "content_encoding": "",
            "content_language": "",
            "content_type": "binary/octet-stream",
            "etag": "c828a2b8994bfef4312c8eb8bd328067",
            "force_destroy": false,
            "id": ".env/app.env",
            "key": ".env/app.env",
            "kms_key_id": null,
            "metadata": {},
            "object_lock_legal_hold_status": "",
            "object_lock_mode": "",
            "object_lock_retain_until_date": "",
            "override_provider": [],
            "server_side_encryption": "AES256",
            "source": "../.env/terraform/dev/app.env",
            "source_hash": null,
            "storage_class": "STANDARD",
            "tags": {},
            "tags_all": {},
            "version_id": "",
            "website_redirect": ""
          },
          "sensitive_attributes": [],
          "private": "bnVsbA==",
          "dependencies": [
            "aws_s3_bucket.revent_env_bucket"
          ]
        }
      ]
    },
    {
      "mode": "managed",
      "type": "aws_s3_object",
      "name": "revent_nginx_env",
      "provider": "provider[\"registry.terraform.io/hashicorp/aws\"]",
      "instances": [
        {
          "schema_version": 0,
          "attributes": {
            "acl": null,
            "arn": "arn:aws:s3:::revent-env/.env/nginx.env",
            "bucket": "revent-env",
            "bucket_key_enabled": false,
            "cache_control": "",
            "checksum_algorithm": null,
            "checksum_crc32": "",
            "checksum_crc32c": "",
            "checksum_sha1": "",
            "checksum_sha256": "",
            "content": null,
            "content_base64": null,
            "content_disposition": "",
            "content_encoding": "",
            "content_language": "",
            "content_type": "application/octet-stream",
            "etag": "cdd13fba9245a6ae7ef8df6f07602696",
            "force_destroy": false,
            "id": ".env/nginx.env",
            "key": ".env/nginx.env",
            "kms_key_id": null,
            "metadata": {},
            "object_lock_legal_hold_status": "",
            "object_lock_mode": "",
            "object_lock_retain_until_date": "",
            "override_provider": [],
            "server_side_encryption": "AES256",
            "source": "../.env/terraform/dev/nginx.env",
            "source_hash": null,
            "storage_class": "STANDARD",
            "tags": {},
            "tags_all": {},
            "version_id": "",
            "website_redirect": ""
          },
          "sensitive_attributes": [],
          "private": "bnVsbA==",
          "dependencies": [
            "aws_s3_bucket.revent_env_bucket"
          ]
        }
      ]
    },
    {
      "mode": "managed",
      "type": "aws_security_group",
      "name": "efs_sg",
      "provider": "provider[\"registry.terraform.io/hashicorp/aws\"]",
      "instances": [
        {
          "schema_version": 1,
          "attributes": {
            "arn": "arn:aws:ec2:eu-west-1:550948748737:security-group/sg-07a8492b561e2eb13",
            "description": "Allow ECS to EFS communication",
            "egress": [],
            "id": "sg-07a8492b561e2eb13",
            "ingress": [
              {
                "cidr_blocks": [],
                "description": "",
                "from_port": 2049,
                "ipv6_cidr_blocks": [],
                "prefix_list_ids": [],
                "protocol": "tcp",
                "security_groups": [
                  "sg-0fb4ebd718be3c9ba"
                ],
                "self": false,
                "to_port": 2049
              }
            ],
            "name": "EFS Security Group",
            "name_prefix": "",
            "owner_id": "550948748737",
            "revoke_rules_on_delete": null,
            "tags": {},
            "tags_all": {},
            "timeouts": null,
            "vpc_id": "vpc-0e07c27ef6e6caff7"
          },
          "sensitive_attributes": [],
          "private": "eyJlMmJmYjczMC1lY2FhLTExZTYtOGY4OC0zNDM2M2JjN2M0YzAiOnsiY3JlYXRlIjo2MDAwMDAwMDAwMDAsImRlbGV0ZSI6OTAwMDAwMDAwMDAwfSwic2NoZW1hX3ZlcnNpb24iOiIxIn0=",
          "dependencies": [
            "aws_default_vpc.default_vpc",
            "aws_security_group.lb_sg",
            "aws_security_group.tasks_sg"
          ]
        }
      ]
    },
    {
      "mode": "managed",
      "type": "aws_security_group",
      "name": "lb_sg",
      "provider": "provider[\"registry.terraform.io/hashicorp/aws\"]",
      "instances": [
        {
          "schema_version": 1,
          "attributes": {
            "arn": "arn:aws:ec2:eu-west-1:550948748737:security-group/sg-0d20d668b48795b23",
            "description": "Security group for external load balancer serving Nginx",
            "egress": [
              {
                "cidr_blocks": [
                  "0.0.0.0/0"
                ],
                "description": "",
                "from_port": 0,
                "ipv6_cidr_blocks": [],
                "prefix_list_ids": [],
                "protocol": "-1",
                "security_groups": [],
                "self": false,
                "to_port": 0
              }
            ],
            "id": "sg-0d20d668b48795b23",
            "ingress": [
              {
                "cidr_blocks": [
                  "0.0.0.0/0"
                ],
                "description": "",
                "from_port": 443,
                "ipv6_cidr_blocks": [],
                "prefix_list_ids": [],
                "protocol": "tcp",
                "security_groups": [],
                "self": false,
                "to_port": 443
              },
              {
                "cidr_blocks": [
                  "0.0.0.0/0"
                ],
                "description": "",
                "from_port": 80,
                "ipv6_cidr_blocks": [],
                "prefix_list_ids": [],
                "protocol": "tcp",
                "security_groups": [],
                "self": false,
                "to_port": 80
              }
            ],
            "name": "load_balancer_security_group",
            "name_prefix": "",
            "owner_id": "550948748737",
            "revoke_rules_on_delete": null,
            "tags": {},
            "tags_all": {},
            "timeouts": null,
            "vpc_id": "vpc-0e07c27ef6e6caff7"
          },
          "sensitive_attributes": [],
          "private": "eyJlMmJmYjczMC1lY2FhLTExZTYtOGY4OC0zNDM2M2JjN2M0YzAiOnsiY3JlYXRlIjo2MDAwMDAwMDAwMDAsImRlbGV0ZSI6OTAwMDAwMDAwMDAwfSwic2NoZW1hX3ZlcnNpb24iOiIxIn0=",
          "dependencies": [
            "aws_default_vpc.default_vpc"
          ]
        }
      ]
    },
    {
      "mode": "managed",
      "type": "aws_security_group",
      "name": "rds_sg",
      "provider": "provider[\"registry.terraform.io/hashicorp/aws\"]",
      "instances": [
        {
          "schema_version": 1,
          "attributes": {
            "arn": "arn:aws:ec2:eu-west-1:550948748737:security-group/sg-0a2d5814c77ef7667",
            "description": "Allows inbound access from Fargate only",
            "egress": [
              {
                "cidr_blocks": [
                  "0.0.0.0/0"
                ],
                "description": "",
                "from_port": 0,
                "ipv6_cidr_blocks": [],
                "prefix_list_ids": [],
                "protocol": "-1",
                "security_groups": [],
                "self": false,
                "to_port": 0
              }
            ],
            "id": "sg-0a2d5814c77ef7667",
            "ingress": [
              {
                "cidr_blocks": [],
                "description": null,
                "from_port": 5432,
                "ipv6_cidr_blocks": [],
                "prefix_list_ids": [],
                "protocol": "tcp",
                "security_groups": [
                  "sg-0fb4ebd718be3c9ba"
                ],
                "self": false,
                "to_port": 5432
              }
            ],
            "name": "rds-security-group",
            "name_prefix": "",
            "owner_id": "550948748737",
            "revoke_rules_on_delete": false,
            "tags": {},
            "tags_all": {},
            "timeouts": null,
            "vpc_id": "vpc-0e07c27ef6e6caff7"
          },
          "sensitive_attributes": [],
          "private": "eyJlMmJmYjczMC1lY2FhLTExZTYtOGY4OC0zNDM2M2JjN2M0YzAiOnsiY3JlYXRlIjo2MDAwMDAwMDAwMDAsImRlbGV0ZSI6OTAwMDAwMDAwMDAwfSwic2NoZW1hX3ZlcnNpb24iOiIxIn0=",
          "dependencies": [
            "aws_default_vpc.default_vpc",
            "aws_security_group.lb_sg",
            "aws_security_group.tasks_sg"
          ]
        }
      ]
    },
    {
      "mode": "managed",
      "type": "aws_security_group",
      "name": "tasks_sg",
      "provider": "provider[\"registry.terraform.io/hashicorp/aws\"]",
      "instances": [
        {
          "schema_version": 1,
          "attributes": {
            "arn": "arn:aws:ec2:eu-west-1:550948748737:security-group/sg-0fb4ebd718be3c9ba",
            "description": "Allows inbound access from the ALB and allows communication among tasks within the security group",
            "egress": [
              {
                "cidr_blocks": [
                  "0.0.0.0/0"
                ],
                "description": "",
                "from_port": 0,
                "ipv6_cidr_blocks": [],
                "prefix_list_ids": [],
                "protocol": "-1",
                "security_groups": [],
                "self": false,
                "to_port": 0
              }
            ],
            "id": "sg-0fb4ebd718be3c9ba",
            "ingress": [
              {
                "cidr_blocks": [],
                "description": "",
                "from_port": 0,
                "ipv6_cidr_blocks": [],
                "prefix_list_ids": [],
                "protocol": "-1",
                "security_groups": [
                  "sg-0d20d668b48795b23"
                ],
                "self": false,
                "to_port": 0
              }
            ],
            "name": "tasks_security_group",
            "name_prefix": "",
            "owner_id": "550948748737",
            "revoke_rules_on_delete": null,
            "tags": {},
            "tags_all": {},
            "timeouts": null,
            "vpc_id": "vpc-0e07c27ef6e6caff7"
          },
          "sensitive_attributes": [],
          "private": "eyJlMmJmYjczMC1lY2FhLTExZTYtOGY4OC0zNDM2M2JjN2M0YzAiOnsiY3JlYXRlIjo2MDAwMDAwMDAwMDAsImRlbGV0ZSI6OTAwMDAwMDAwMDAwfSwic2NoZW1hX3ZlcnNpb24iOiIxIn0=",
          "dependencies": [
            "aws_default_vpc.default_vpc",
            "aws_security_group.lb_sg"
          ]
        }
      ]
    }
  ],
  "check_results": null
}
